// !$*UTF8*$!
{
	archiveVersion = 1;
	classes = {
	};
	objectVersion = 77;
	objects = {

/* Begin PBXBuildFile section */
		0324CF773F07C9C0678BDD0F /* EditToolTests.swift in Sources */ = {isa = PBXBuildFile; fileRef = C4D139C7D2BE379973866295 /* EditToolTests.swift */; };
		03CFEA300B65C7E61347DA09 /* DropdownPanelController.swift in Sources */ = {isa = PBXBuildFile; fileRef = 1850BDC2200F82D29A6FD001 /* DropdownPanelController.swift */; };
		0548450979CE251A26AC735C /* ClaudeModelsTests.swift in Sources */ = {isa = PBXBuildFile; fileRef = 9971134D5A8CC271EC9E1952 /* ClaudeModelsTests.swift */; };
		099956513258275C888D9C17 /* PromptPanelController.swift in Sources */ = {isa = PBXBuildFile; fileRef = 6D449322E10E6BB23C918E50 /* PromptPanelController.swift */; };
		0D0119FAD42DE581E87D65C7 /* AgentLoop.swift in Sources */ = {isa = PBXBuildFile; fileRef = 7F3B330A8C52FA34054BDE60 /* AgentLoop.swift */; };
		1BA865B932634AFFA07CDE4D /* SkeletonView.swift in Sources */ = {isa = PBXBuildFile; fileRef = D7FFDA50AC375F95476A13C6 /* SkeletonView.swift */; };
		1CFD4BDECF64380DC75A95A1 /* WriteToolTests.swift in Sources */ = {isa = PBXBuildFile; fileRef = A099A5B1D719BDC70D9EB8FA /* WriteToolTests.swift */; };
		20010341711C692BD019245D /* ToolIndicatorView.swift in Sources */ = {isa = PBXBuildFile; fileRef = C11F7A234369898B60D88F2E /* ToolIndicatorView.swift */; };
		2A9492B440B332C9BA04AF09 /* KokoroManager.swift in Sources */ = {isa = PBXBuildFile; fileRef = 3AFDAAE592DC9D8AF0B29B87 /* KokoroManager.swift */; };
		2F06E2C38FAD2168AAD031E7 /* WebFetchToolTests.swift in Sources */ = {isa = PBXBuildFile; fileRef = F8668277287B1812CF738184 /* WebFetchToolTests.swift */; };
		3663F97EF2E69F69683216DD /* GrepToolTests.swift in Sources */ = {isa = PBXBuildFile; fileRef = 3FB29B0F1E450E5E8A53E226 /* GrepToolTests.swift */; };
		36AE6F0084BDBABB7C84C713 /* Highlightr in Frameworks */ = {isa = PBXBuildFile; productRef = 6CC46E0EB5B907637FEDD4E2 /* Highlightr */; };
		398C599C51D54FDA7B15A8E8 /* FindTool.swift in Sources */ = {isa = PBXBuildFile; fileRef = E3B57A17D8297CE0C2848871 /* FindTool.swift */; };
		4291668781FF244B5A7EE081 /* GrepTool.swift in Sources */ = {isa = PBXBuildFile; fileRef = CB467A37B99F8825954718A9 /* GrepTool.swift */; };
		430108368AEE49E3F0F90741 /* ResponseTextView.swift in Sources */ = {isa = PBXBuildFile; fileRef = 95C1ED0AF6B8F14C84DABB06 /* ResponseTextView.swift */; };
		45F7F1A523FE5E69A58B038E /* FindToolTests.swift in Sources */ = {isa = PBXBuildFile; fileRef = 79334AAFB8659DA675AEED17 /* FindToolTests.swift */; };
		465F5E926E025E3475C5FB31 /* ReadToolTests.swift in Sources */ = {isa = PBXBuildFile; fileRef = 12B82049C6C05BCC221E3CB7 /* ReadToolTests.swift */; };
		494636F1B1027F365D1A3B43 /* ScheduleParser.swift in Sources */ = {isa = PBXBuildFile; fileRef = F7E3ED3F618D51F16DF34947 /* ScheduleParser.swift */; };
		4A828D5A83EBAAAB377315FB /* VoiceSettingsView.swift in Sources */ = {isa = PBXBuildFile; fileRef = 514A7D03CAF825914B6DD7B1 /* VoiceSettingsView.swift */; };
		58A6EC99AA0D4939ED8985C9 /* avatar_pack.riv in Resources */ = {isa = PBXBuildFile; fileRef = 46B666BC978765216D62FF84 /* avatar_pack.riv */; };
		5BFE8EA7252582A6DE513D3D /* WebFetchTool.swift in Sources */ = {isa = PBXBuildFile; fileRef = 4AAE3B60D199496B2AD15707 /* WebFetchTool.swift */; };
		5E1228AF1C9F5A6C7B512653 /* AgentTool.swift in Sources */ = {isa = PBXBuildFile; fileRef = 240A2BC5BE91EC59111BB7FC /* AgentTool.swift */; };
		5E2B2B6DC1FE4CED64296EEE /* BashToolTests.swift in Sources */ = {isa = PBXBuildFile; fileRef = 3EB817C959C551CC56FD772F /* BashToolTests.swift */; };
		5F8B95214A534F1E7AB85E3C /* SpeechService.swift in Sources */ = {isa = PBXBuildFile; fileRef = 7A32F1C2C32586F62BFFBA52 /* SpeechService.swift */; };
		6B4AE21C4C60C7A3879FFAC1 /* WriteTool.swift in Sources */ = {isa = PBXBuildFile; fileRef = 1C23F76A77C1AEDFCD0BC3D3 /* WriteTool.swift */; };
		6C44A6DCF36B6EFEABBA96F3 /* NotchNotificationPresenter.swift in Sources */ = {isa = PBXBuildFile; fileRef = E403F3F88707440903AFEC16 /* NotchNotificationPresenter.swift */; };
		6E304973699DF7CAB9D7744A /* GlassButton.swift in Sources */ = {isa = PBXBuildFile; fileRef = 85A1ADE518F5788DF19D46F2 /* GlassButton.swift */; };
		705BF951EDBA3B84995D11FD /* RiveRuntime in Frameworks */ = {isa = PBXBuildFile; productRef = 79428049BDEB372B1D6B128C /* RiveRuntime */; };
		7A6992BC438DDC623751B16B /* CreateRoutineTool.swift in Sources */ = {isa = PBXBuildFile; fileRef = 57353C6F64FC4E0E86EFD1B5 /* CreateRoutineTool.swift */; };
		82E2D035D7EFA0B8535A6E41 /* TamagotchaiApp.swift in Sources */ = {isa = PBXBuildFile; fileRef = 36B2FBCA59725E0DD164913B /* TamagotchaiApp.swift */; };
		8729975310E65C0400B1320C /* LoginView.swift in Sources */ = {isa = PBXBuildFile; fileRef = B8480E13D5EBD03B8C4DEF80 /* LoginView.swift */; };
		8E97C2C79DF917846C49C27C /* VoiceService.swift in Sources */ = {isa = PBXBuildFile; fileRef = 7B8C7C8F12BBDF05D0B70365 /* VoiceService.swift */; };
		901334BE0CF6E826E9BB12FB /* CreateReminderTool.swift in Sources */ = {isa = PBXBuildFile; fileRef = 7D5939D90AA79794265711D7 /* CreateReminderTool.swift */; };
		9083FBEDFC3FECC68503375C /* ContentView.swift in Sources */ = {isa = PBXBuildFile; fileRef = 8FE7C40F97BE3426E3660AB3 /* ContentView.swift */; };
		92232CF2F234B831875BD6C1 /* Assets.xcassets in Resources */ = {isa = PBXBuildFile; fileRef = A4DB345D78D7E1CC279B8F49 /* Assets.xcassets */; };
		924A63F67CB201E2EA0E2034 /* KokoroSwift in Frameworks */ = {isa = PBXBuildFile; productRef = F609933D31FA2FEA98F98AA6 /* KokoroSwift */; };
		9901C15CD95D5870199CCBE7 /* ScheduleStore.swift in Sources */ = {isa = PBXBuildFile; fileRef = D73C96EF3465C96FC3D56A82 /* ScheduleStore.swift */; };
		A0CFCF6317015068BA72D0D4 /* PermissionsView.swift in Sources */ = {isa = PBXBuildFile; fileRef = B72494B058B18E81914F9612 /* PermissionsView.swift */; };
		A105647F2FA2573F43DBD388 /* PanelHelperViews.swift in Sources */ = {isa = PBXBuildFile; fileRef = A2296DDD794CFDF886EDE508 /* PanelHelperViews.swift */; };
		A884E9097990770149B7D13F /* StreamParser.swift in Sources */ = {isa = PBXBuildFile; fileRef = DDBE40585CD80FD3B2F4C702 /* StreamParser.swift */; };
		A98305F6A26FB76A56F2E811 /* DeleteScheduleTool.swift in Sources */ = {isa = PBXBuildFile; fileRef = 85A77BA6215B29CCDAF7A013 /* DeleteScheduleTool.swift */; };
		AF3290B40BB654621C1CCDBD /* OAuthCredentialsTests.swift in Sources */ = {isa = PBXBuildFile; fileRef = 194336D686B4FAE0AEA94156 /* OAuthCredentialsTests.swift */; };
		AF8519C7A25F8C02BCB1A68E /* ClaudeService.swift in Sources */ = {isa = PBXBuildFile; fileRef = 57F4BC561B4564DD9CA624CF /* ClaudeService.swift */; };
		AFB8A474EC6602B09505E1F1 /* MascotView.swift in Sources */ = {isa = PBXBuildFile; fileRef = 52B74160BBE6B75D3AA754C2 /* MascotView.swift */; };
		B1995D6F4543DEFEF5576AB0 /* MLXUtilsLibrary in Frameworks */ = {isa = PBXBuildFile; productRef = 8AF07308F2217335407FE1F0 /* MLXUtilsLibrary */; };
		B1DFD1F470B86725D686F754 /* MLX in Frameworks */ = {isa = PBXBuildFile; productRef = D07D13FBDF32CCD0EFEC813F /* MLX */; };
		B46B0E4F8F6EACB819134DEA /* LsTool.swift in Sources */ = {isa = PBXBuildFile; fileRef = DC6FEB4F6520174E8D9A991F /* LsTool.swift */; };
		B4DDABF96AB6246F02380857 /* ToolRegistryTests.swift in Sources */ = {isa = PBXBuildFile; fileRef = BC77E55006FD9A55C6508DBA /* ToolRegistryTests.swift */; };
		BD02EB2A0950C8C2F57A56E9 /* ClaudeOAuth.swift in Sources */ = {isa = PBXBuildFile; fileRef = 54066C4888E025A62763B481 /* ClaudeOAuth.swift */; };
		BF625A9182A6B37D87392EF3 /* LoginWindowController.swift in Sources */ = {isa = PBXBuildFile; fileRef = 180872F509A230A812485204 /* LoginWindowController.swift */; };
		C047E42DD4B026F582DFFDF6 /* ReadTool.swift in Sources */ = {isa = PBXBuildFile; fileRef = 9BCE6A076A69299A2B92B673 /* ReadTool.swift */; };
		C10EA6F9E96084609564E571 /* MascotState.swift in Sources */ = {isa = PBXBuildFile; fileRef = A3CD99D66F6E1E5354B61F26 /* MascotState.swift */; };
		C1555808F940CFCD9000C257 /* PermissionsWindowController.swift in Sources */ = {isa = PBXBuildFile; fileRef = 67E3EDA27B48F99948A62D34 /* PermissionsWindowController.swift */; };
		C2623B3ECE718DE32321F874 /* StreamParserTests.swift in Sources */ = {isa = PBXBuildFile; fileRef = 39BF415CCE6B24532C86B53B /* StreamParserTests.swift */; };
		C346142DDA2530F7A15FDCBC /* AudioWaveformView.swift in Sources */ = {isa = PBXBuildFile; fileRef = E6EF719041DBAA5054B3CF14 /* AudioWaveformView.swift */; };
		CD7DD157F5B33996F7FA5D8E /* FileSystemToolHelpersTests.swift in Sources */ = {isa = PBXBuildFile; fileRef = 7878CFDA4C915D3023570D92 /* FileSystemToolHelpersTests.swift */; };
		CDA6A7CF8189B49B21D7A64F /* VoiceSettingsController.swift in Sources */ = {isa = PBXBuildFile; fileRef = AF637C730E241838C7548D72 /* VoiceSettingsController.swift */; };
		D05DC3925D0CE7AE3CD912DC /* ClaudeModels.swift in Sources */ = {isa = PBXBuildFile; fileRef = 963D29896D050E424A1F4A9A /* ClaudeModels.swift */; };
		D65EDBCEDA29BA38056224D7 /* ListSchedulesTool.swift in Sources */ = {isa = PBXBuildFile; fileRef = B03764AC97B0A74D6FAFAE57 /* ListSchedulesTool.swift */; };
		DB6B707EC2B933CEB8DDD5B0 /* DismissTool.swift in Sources */ = {isa = PBXBuildFile; fileRef = A42F0D8A51D3C989243B5DAF /* DismissTool.swift */; };
		DDC23F57DB0A9623506D08E3 /* FloatingPanel.swift in Sources */ = {isa = PBXBuildFile; fileRef = D24EF6276BE226C9B7F8E56F /* FloatingPanel.swift */; };
		DDF98E5261E14B234ABB8722 /* notification.mp3 in Resources */ = {isa = PBXBuildFile; fileRef = 11578A4FDB7FF0EFD6F2D63B /* notification.mp3 */; };
		E0368A9A22612832A2ECD645 /* EditTool.swift in Sources */ = {isa = PBXBuildFile; fileRef = B9F1811FA8B877563B30475E /* EditTool.swift */; };
		E3A8828582665AE5DD36D50F /* LsToolTests.swift in Sources */ = {isa = PBXBuildFile; fileRef = ADA90322492F1A2679940340 /* LsToolTests.swift */; };
		E53464559DF16636B3AA3F97 /* MarkdownRenderer.swift in Sources */ = {isa = PBXBuildFile; fileRef = 1DBF6D948FB1FEC79444D571 /* MarkdownRenderer.swift */; };
		E566577EF74445A44CDEC685 /* BashTool.swift in Sources */ = {isa = PBXBuildFile; fileRef = 72A72ADD77BE83A08A891E51 /* BashTool.swift */; };
		EDEFE417BF656F06FE8A6AE8 /* ClaudeCredentials.swift in Sources */ = {isa = PBXBuildFile; fileRef = 025B3C45281DE97D0FCB7955 /* ClaudeCredentials.swift */; };
		F9B668289D091B6C74895B33 /* PermissionsChecker.swift in Sources */ = {isa = PBXBuildFile; fileRef = DCBFED08A06017A955C121A8 /* PermissionsChecker.swift */; };
/* End PBXBuildFile section */

/* Begin PBXContainerItemProxy section */
		F138DFCA27769D7B68D518F8 /* PBXContainerItemProxy */ = {
			isa = PBXContainerItemProxy;
			containerPortal = E183895BFF8CFB6B431FF21D /* Project object */;
			proxyType = 1;
			remoteGlobalIDString = DF6AA4A6F722301B72F0456B;
			remoteInfo = Tamagotchai;
		};
/* End PBXContainerItemProxy section */

/* Begin PBXFileReference section */
		025B3C45281DE97D0FCB7955 /* ClaudeCredentials.swift */ = {isa = PBXFileReference; lastKnownFileType = sourcecode.swift; path = ClaudeCredentials.swift; sourceTree = "<group>"; };
		11578A4FDB7FF0EFD6F2D63B /* notification.mp3 */ = {isa = PBXFileReference; lastKnownFileType = audio.mp3; path = notification.mp3; sourceTree = "<group>"; };
		12B82049C6C05BCC221E3CB7 /* ReadToolTests.swift */ = {isa = PBXFileReference; lastKnownFileType = sourcecode.swift; path = ReadToolTests.swift; sourceTree = "<group>"; };
		180872F509A230A812485204 /* LoginWindowController.swift */ = {isa = PBXFileReference; lastKnownFileType = sourcecode.swift; path = LoginWindowController.swift; sourceTree = "<group>"; };
		1850BDC2200F82D29A6FD001 /* DropdownPanelController.swift */ = {isa = PBXFileReference; lastKnownFileType = sourcecode.swift; path = DropdownPanelController.swift; sourceTree = "<group>"; };
		194336D686B4FAE0AEA94156 /* OAuthCredentialsTests.swift */ = {isa = PBXFileReference; lastKnownFileType = sourcecode.swift; path = OAuthCredentialsTests.swift; sourceTree = "<group>"; };
		1C23F76A77C1AEDFCD0BC3D3 /* WriteTool.swift */ = {isa = PBXFileReference; lastKnownFileType = sourcecode.swift; path = WriteTool.swift; sourceTree = "<group>"; };
		1DBF6D948FB1FEC79444D571 /* MarkdownRenderer.swift */ = {isa = PBXFileReference; lastKnownFileType = sourcecode.swift; path = MarkdownRenderer.swift; sourceTree = "<group>"; };
		240A2BC5BE91EC59111BB7FC /* AgentTool.swift */ = {isa = PBXFileReference; lastKnownFileType = sourcecode.swift; path = AgentTool.swift; sourceTree = "<group>"; };
		36B2FBCA59725E0DD164913B /* TamagotchaiApp.swift */ = {isa = PBXFileReference; lastKnownFileType = sourcecode.swift; path = TamagotchaiApp.swift; sourceTree = "<group>"; };
		39BF415CCE6B24532C86B53B /* StreamParserTests.swift */ = {isa = PBXFileReference; lastKnownFileType = sourcecode.swift; path = StreamParserTests.swift; sourceTree = "<group>"; };
		3AFDAAE592DC9D8AF0B29B87 /* KokoroManager.swift */ = {isa = PBXFileReference; lastKnownFileType = sourcecode.swift; path = KokoroManager.swift; sourceTree = "<group>"; };
		3EB817C959C551CC56FD772F /* BashToolTests.swift */ = {isa = PBXFileReference; lastKnownFileType = sourcecode.swift; path = BashToolTests.swift; sourceTree = "<group>"; };
		3FB29B0F1E450E5E8A53E226 /* GrepToolTests.swift */ = {isa = PBXFileReference; lastKnownFileType = sourcecode.swift; path = GrepToolTests.swift; sourceTree = "<group>"; };
		46B666BC978765216D62FF84 /* avatar_pack.riv */ = {isa = PBXFileReference; path = avatar_pack.riv; sourceTree = "<group>"; };
		4AAE3B60D199496B2AD15707 /* WebFetchTool.swift */ = {isa = PBXFileReference; lastKnownFileType = sourcecode.swift; path = WebFetchTool.swift; sourceTree = "<group>"; };
		514A7D03CAF825914B6DD7B1 /* VoiceSettingsView.swift */ = {isa = PBXFileReference; lastKnownFileType = sourcecode.swift; path = VoiceSettingsView.swift; sourceTree = "<group>"; };
		52B74160BBE6B75D3AA754C2 /* MascotView.swift */ = {isa = PBXFileReference; lastKnownFileType = sourcecode.swift; path = MascotView.swift; sourceTree = "<group>"; };
		54066C4888E025A62763B481 /* ClaudeOAuth.swift */ = {isa = PBXFileReference; lastKnownFileType = sourcecode.swift; path = ClaudeOAuth.swift; sourceTree = "<group>"; };
		57353C6F64FC4E0E86EFD1B5 /* CreateRoutineTool.swift */ = {isa = PBXFileReference; lastKnownFileType = sourcecode.swift; path = CreateRoutineTool.swift; sourceTree = "<group>"; };
		57F4BC561B4564DD9CA624CF /* ClaudeService.swift */ = {isa = PBXFileReference; lastKnownFileType = sourcecode.swift; path = ClaudeService.swift; sourceTree = "<group>"; };
		67E3EDA27B48F99948A62D34 /* PermissionsWindowController.swift */ = {isa = PBXFileReference; lastKnownFileType = sourcecode.swift; path = PermissionsWindowController.swift; sourceTree = "<group>"; };
		6D449322E10E6BB23C918E50 /* PromptPanelController.swift */ = {isa = PBXFileReference; lastKnownFileType = sourcecode.swift; path = PromptPanelController.swift; sourceTree = "<group>"; };
		72A72ADD77BE83A08A891E51 /* BashTool.swift */ = {isa = PBXFileReference; lastKnownFileType = sourcecode.swift; path = BashTool.swift; sourceTree = "<group>"; };
		76F26E815173BCF54B26DCB9 /* Tamagotchai.app */ = {isa = PBXFileReference; explicitFileType = wrapper.application; includeInIndex = 0; path = Tamagotchai.app; sourceTree = BUILT_PRODUCTS_DIR; };
		7878CFDA4C915D3023570D92 /* FileSystemToolHelpersTests.swift */ = {isa = PBXFileReference; lastKnownFileType = sourcecode.swift; path = FileSystemToolHelpersTests.swift; sourceTree = "<group>"; };
		79334AAFB8659DA675AEED17 /* FindToolTests.swift */ = {isa = PBXFileReference; lastKnownFileType = sourcecode.swift; path = FindToolTests.swift; sourceTree = "<group>"; };
		7A32F1C2C32586F62BFFBA52 /* SpeechService.swift */ = {isa = PBXFileReference; lastKnownFileType = sourcecode.swift; path = SpeechService.swift; sourceTree = "<group>"; };
		7B8C7C8F12BBDF05D0B70365 /* VoiceService.swift */ = {isa = PBXFileReference; lastKnownFileType = sourcecode.swift; path = VoiceService.swift; sourceTree = "<group>"; };
		7D5939D90AA79794265711D7 /* CreateReminderTool.swift */ = {isa = PBXFileReference; lastKnownFileType = sourcecode.swift; path = CreateReminderTool.swift; sourceTree = "<group>"; };
		7F3B330A8C52FA34054BDE60 /* AgentLoop.swift */ = {isa = PBXFileReference; lastKnownFileType = sourcecode.swift; path = AgentLoop.swift; sourceTree = "<group>"; };
		85A1ADE518F5788DF19D46F2 /* GlassButton.swift */ = {isa = PBXFileReference; lastKnownFileType = sourcecode.swift; path = GlassButton.swift; sourceTree = "<group>"; };
		85A77BA6215B29CCDAF7A013 /* DeleteScheduleTool.swift */ = {isa = PBXFileReference; lastKnownFileType = sourcecode.swift; path = DeleteScheduleTool.swift; sourceTree = "<group>"; };
		8FE7C40F97BE3426E3660AB3 /* ContentView.swift */ = {isa = PBXFileReference; lastKnownFileType = sourcecode.swift; path = ContentView.swift; sourceTree = "<group>"; };
		95C1ED0AF6B8F14C84DABB06 /* ResponseTextView.swift */ = {isa = PBXFileReference; lastKnownFileType = sourcecode.swift; path = ResponseTextView.swift; sourceTree = "<group>"; };
		963D29896D050E424A1F4A9A /* ClaudeModels.swift */ = {isa = PBXFileReference; lastKnownFileType = sourcecode.swift; path = ClaudeModels.swift; sourceTree = "<group>"; };
		9971134D5A8CC271EC9E1952 /* ClaudeModelsTests.swift */ = {isa = PBXFileReference; lastKnownFileType = sourcecode.swift; path = ClaudeModelsTests.swift; sourceTree = "<group>"; };
		9BCE6A076A69299A2B92B673 /* ReadTool.swift */ = {isa = PBXFileReference; lastKnownFileType = sourcecode.swift; path = ReadTool.swift; sourceTree = "<group>"; };
		A099A5B1D719BDC70D9EB8FA /* WriteToolTests.swift */ = {isa = PBXFileReference; lastKnownFileType = sourcecode.swift; path = WriteToolTests.swift; sourceTree = "<group>"; };
		A2296DDD794CFDF886EDE508 /* PanelHelperViews.swift */ = {isa = PBXFileReference; lastKnownFileType = sourcecode.swift; path = PanelHelperViews.swift; sourceTree = "<group>"; };
		A3CD99D66F6E1E5354B61F26 /* MascotState.swift */ = {isa = PBXFileReference; lastKnownFileType = sourcecode.swift; path = MascotState.swift; sourceTree = "<group>"; };
		A42F0D8A51D3C989243B5DAF /* DismissTool.swift */ = {isa = PBXFileReference; lastKnownFileType = sourcecode.swift; path = DismissTool.swift; sourceTree = "<group>"; };
		A4DB345D78D7E1CC279B8F49 /* Assets.xcassets */ = {isa = PBXFileReference; lastKnownFileType = folder.assetcatalog; path = Assets.xcassets; sourceTree = "<group>"; };
		ADA90322492F1A2679940340 /* LsToolTests.swift */ = {isa = PBXFileReference; lastKnownFileType = sourcecode.swift; path = LsToolTests.swift; sourceTree = "<group>"; };
		AF637C730E241838C7548D72 /* VoiceSettingsController.swift */ = {isa = PBXFileReference; lastKnownFileType = sourcecode.swift; path = VoiceSettingsController.swift; sourceTree = "<group>"; };
		B03764AC97B0A74D6FAFAE57 /* ListSchedulesTool.swift */ = {isa = PBXFileReference; lastKnownFileType = sourcecode.swift; path = ListSchedulesTool.swift; sourceTree = "<group>"; };
		B72494B058B18E81914F9612 /* PermissionsView.swift */ = {isa = PBXFileReference; lastKnownFileType = sourcecode.swift; path = PermissionsView.swift; sourceTree = "<group>"; };
		B8480E13D5EBD03B8C4DEF80 /* LoginView.swift */ = {isa = PBXFileReference; lastKnownFileType = sourcecode.swift; path = LoginView.swift; sourceTree = "<group>"; };
		B9F1811FA8B877563B30475E /* EditTool.swift */ = {isa = PBXFileReference; lastKnownFileType = sourcecode.swift; path = EditTool.swift; sourceTree = "<group>"; };
		BC77E55006FD9A55C6508DBA /* ToolRegistryTests.swift */ = {isa = PBXFileReference; lastKnownFileType = sourcecode.swift; path = ToolRegistryTests.swift; sourceTree = "<group>"; };
		C11F7A234369898B60D88F2E /* ToolIndicatorView.swift */ = {isa = PBXFileReference; lastKnownFileType = sourcecode.swift; path = ToolIndicatorView.swift; sourceTree = "<group>"; };
		C4D139C7D2BE379973866295 /* EditToolTests.swift */ = {isa = PBXFileReference; lastKnownFileType = sourcecode.swift; path = EditToolTests.swift; sourceTree = "<group>"; };
		CB467A37B99F8825954718A9 /* GrepTool.swift */ = {isa = PBXFileReference; lastKnownFileType = sourcecode.swift; path = GrepTool.swift; sourceTree = "<group>"; };
		D24EF6276BE226C9B7F8E56F /* FloatingPanel.swift */ = {isa = PBXFileReference; lastKnownFileType = sourcecode.swift; path = FloatingPanel.swift; sourceTree = "<group>"; };
		D73C96EF3465C96FC3D56A82 /* ScheduleStore.swift */ = {isa = PBXFileReference; lastKnownFileType = sourcecode.swift; path = ScheduleStore.swift; sourceTree = "<group>"; };
		D7FFDA50AC375F95476A13C6 /* SkeletonView.swift */ = {isa = PBXFileReference; lastKnownFileType = sourcecode.swift; path = SkeletonView.swift; sourceTree = "<group>"; };
		DC6FEB4F6520174E8D9A991F /* LsTool.swift */ = {isa = PBXFileReference; lastKnownFileType = sourcecode.swift; path = LsTool.swift; sourceTree = "<group>"; };
		DCBFED08A06017A955C121A8 /* PermissionsChecker.swift */ = {isa = PBXFileReference; lastKnownFileType = sourcecode.swift; path = PermissionsChecker.swift; sourceTree = "<group>"; };
		DDBE40585CD80FD3B2F4C702 /* StreamParser.swift */ = {isa = PBXFileReference; lastKnownFileType = sourcecode.swift; path = StreamParser.swift; sourceTree = "<group>"; };
		E3B57A17D8297CE0C2848871 /* FindTool.swift */ = {isa = PBXFileReference; lastKnownFileType = sourcecode.swift; path = FindTool.swift; sourceTree = "<group>"; };
		E403F3F88707440903AFEC16 /* NotchNotificationPresenter.swift */ = {isa = PBXFileReference; lastKnownFileType = sourcecode.swift; path = NotchNotificationPresenter.swift; sourceTree = "<group>"; };
		E6EF719041DBAA5054B3CF14 /* AudioWaveformView.swift */ = {isa = PBXFileReference; lastKnownFileType = sourcecode.swift; path = AudioWaveformView.swift; sourceTree = "<group>"; };
		F7E3ED3F618D51F16DF34947 /* ScheduleParser.swift */ = {isa = PBXFileReference; lastKnownFileType = sourcecode.swift; path = ScheduleParser.swift; sourceTree = "<group>"; };
		F8668277287B1812CF738184 /* WebFetchToolTests.swift */ = {isa = PBXFileReference; lastKnownFileType = sourcecode.swift; path = WebFetchToolTests.swift; sourceTree = "<group>"; };
		FFD709153C32070C3FF4661A /* TamagotchaiTests.xctest */ = {isa = PBXFileReference; explicitFileType = wrapper.cfbundle; includeInIndex = 0; path = TamagotchaiTests.xctest; sourceTree = BUILT_PRODUCTS_DIR; };
/* End PBXFileReference section */

/* Begin PBXFrameworksBuildPhase section */
		E43E0F6898C902E4252EF881 /* Frameworks */ = {
			isa = PBXFrameworksBuildPhase;
			buildActionMask = 2147483647;
			files = (
				705BF951EDBA3B84995D11FD /* RiveRuntime in Frameworks */,
				36AE6F0084BDBABB7C84C713 /* Highlightr in Frameworks */,
				924A63F67CB201E2EA0E2034 /* KokoroSwift in Frameworks */,
				B1DFD1F470B86725D686F754 /* MLX in Frameworks */,
				B1995D6F4543DEFEF5576AB0 /* MLXUtilsLibrary in Frameworks */,
			);
			runOnlyForDeploymentPostprocessing = 0;
		};
/* End PBXFrameworksBuildPhase section */

/* Begin PBXGroup section */
		24837E14450448E0A0527736 /* Scheduler */ = {
			isa = PBXGroup;
			children = (
				F7E3ED3F618D51F16DF34947 /* ScheduleParser.swift */,
				D73C96EF3465C96FC3D56A82 /* ScheduleStore.swift */,
			);
			path = Scheduler;
			sourceTree = "<group>";
		};
		364CB48AD3B9C615CABAF942 /* Login */ = {
			isa = PBXGroup;
			children = (
				B8480E13D5EBD03B8C4DEF80 /* LoginView.swift */,
				180872F509A230A812485204 /* LoginWindowController.swift */,
			);
			path = Login;
			sourceTree = "<group>";
		};
		38BD826C2677D98F78DD421D /* Tests */ = {
			isa = PBXGroup;
			children = (
				9B3E2992B865D69FA9E27901 /* Helpers */,
				CFBEEDFF07154A57A84DA1F0 /* Models */,
				3C16185A653CC9A764F6A894 /* Registry */,
				9C82BD311DC8775DBC0C67C3 /* StreamParser */,
				8053E7546519C95905DA4C6C /* Tools */,
			);
			name = Tests;
			path = tamagotchai/Tests;
			sourceTree = "<group>";
		};
		39246C24581873960B74F76A /* Voice */ = {
			isa = PBXGroup;
			children = (
				E6EF719041DBAA5054B3CF14 /* AudioWaveformView.swift */,
				3AFDAAE592DC9D8AF0B29B87 /* KokoroManager.swift */,
				7A32F1C2C32586F62BFFBA52 /* SpeechService.swift */,
				7B8C7C8F12BBDF05D0B70365 /* VoiceService.swift */,
				AF637C730E241838C7548D72 /* VoiceSettingsController.swift */,
				514A7D03CAF825914B6DD7B1 /* VoiceSettingsView.swift */,
			);
			path = Voice;
			sourceTree = "<group>";
		};
		3C16185A653CC9A764F6A894 /* Registry */ = {
			isa = PBXGroup;
			children = (
				BC77E55006FD9A55C6508DBA /* ToolRegistryTests.swift */,
			);
			path = Registry;
			sourceTree = "<group>";
		};
		7F368DB0E846E61B34C5BE61 /* Permissions */ = {
			isa = PBXGroup;
			children = (
				DCBFED08A06017A955C121A8 /* PermissionsChecker.swift */,
				B72494B058B18E81914F9612 /* PermissionsView.swift */,
				67E3EDA27B48F99948A62D34 /* PermissionsWindowController.swift */,
			);
			path = Permissions;
			sourceTree = "<group>";
		};
		8053E7546519C95905DA4C6C /* Tools */ = {
			isa = PBXGroup;
			children = (
				3EB817C959C551CC56FD772F /* BashToolTests.swift */,
				C4D139C7D2BE379973866295 /* EditToolTests.swift */,
				79334AAFB8659DA675AEED17 /* FindToolTests.swift */,
				3FB29B0F1E450E5E8A53E226 /* GrepToolTests.swift */,
				ADA90322492F1A2679940340 /* LsToolTests.swift */,
				12B82049C6C05BCC221E3CB7 /* ReadToolTests.swift */,
				F8668277287B1812CF738184 /* WebFetchToolTests.swift */,
				A099A5B1D719BDC70D9EB8FA /* WriteToolTests.swift */,
			);
			path = Tools;
			sourceTree = "<group>";
		};
		8077CA5E556903A0D0571113 /* Sources */ = {
			isa = PBXGroup;
			children = (
				8FE7C40F97BE3426E3660AB3 /* ContentView.swift */,
				36B2FBCA59725E0DD164913B /* TamagotchaiApp.swift */,
				C0A38FAB5D2E77DF1F9CCB07 /* AI */,
				364CB48AD3B9C615CABAF942 /* Login */,
				E4175355A2B14F833EE08D6B /* Mascot */,
				821B683E8315EA17D7D4E5A4 /* Notifications */,
				7F368DB0E846E61B34C5BE61 /* Permissions */,
				E3D5EED0D16B15ECCB8E4EDF /* PromptPanel */,
				24837E14450448E0A0527736 /* Scheduler */,
				B4434A9F16E4A2AB433556ED /* UI */,
				39246C24581873960B74F76A /* Voice */,
			);
			name = Sources;
			path = tamagotchai/Sources;
			sourceTree = "<group>";
		};
		821B683E8315EA17D7D4E5A4 /* Notifications */ = {
			isa = PBXGroup;
			children = (
				E403F3F88707440903AFEC16 /* NotchNotificationPresenter.swift */,
			);
			path = Notifications;
			sourceTree = "<group>";
		};
		92DEE8BA3E6272FAE98B38C0 /* tamagotchai */ = {
			isa = PBXGroup;
			children = (
				A4DB345D78D7E1CC279B8F49 /* Assets.xcassets */,
			);
			path = tamagotchai;
			sourceTree = "<group>";
		};
		9B3E2992B865D69FA9E27901 /* Helpers */ = {
			isa = PBXGroup;
			children = (
				7878CFDA4C915D3023570D92 /* FileSystemToolHelpersTests.swift */,
			);
			path = Helpers;
			sourceTree = "<group>";
		};
		9C82BD311DC8775DBC0C67C3 /* StreamParser */ = {
			isa = PBXGroup;
			children = (
				39BF415CCE6B24532C86B53B /* StreamParserTests.swift */,
			);
			path = StreamParser;
			sourceTree = "<group>";
		};
		9E19C2D827E0612A1438B90A = {
			isa = PBXGroup;
			children = (
				E53591F237780859E7315015 /* Resources */,
				8077CA5E556903A0D0571113 /* Sources */,
				92DEE8BA3E6272FAE98B38C0 /* tamagotchai */,
				38BD826C2677D98F78DD421D /* Tests */,
				CA376747D3CF061F081AFB18 /* Products */,
			);
			sourceTree = "<group>";
		};
		B4434A9F16E4A2AB433556ED /* UI */ = {
			isa = PBXGroup;
			children = (
				1850BDC2200F82D29A6FD001 /* DropdownPanelController.swift */,
				85A1ADE518F5788DF19D46F2 /* GlassButton.swift */,
			);
			path = UI;
			sourceTree = "<group>";
		};
		C0A38FAB5D2E77DF1F9CCB07 /* AI */ = {
			isa = PBXGroup;
			children = (
				7F3B330A8C52FA34054BDE60 /* AgentLoop.swift */,
				025B3C45281DE97D0FCB7955 /* ClaudeCredentials.swift */,
				963D29896D050E424A1F4A9A /* ClaudeModels.swift */,
				54066C4888E025A62763B481 /* ClaudeOAuth.swift */,
				57F4BC561B4564DD9CA624CF /* ClaudeService.swift */,
				DDBE40585CD80FD3B2F4C702 /* StreamParser.swift */,
				D22CA65963034DD083BBDF10 /* Tools */,
			);
			path = AI;
			sourceTree = "<group>";
		};
		CA376747D3CF061F081AFB18 /* Products */ = {
			isa = PBXGroup;
			children = (
				76F26E815173BCF54B26DCB9 /* Tamagotchai.app */,
				FFD709153C32070C3FF4661A /* TamagotchaiTests.xctest */,
			);
			name = Products;
			sourceTree = "<group>";
		};
		CFBEEDFF07154A57A84DA1F0 /* Models */ = {
			isa = PBXGroup;
			children = (
				9971134D5A8CC271EC9E1952 /* ClaudeModelsTests.swift */,
				194336D686B4FAE0AEA94156 /* OAuthCredentialsTests.swift */,
			);
			path = Models;
			sourceTree = "<group>";
		};
		D22CA65963034DD083BBDF10 /* Tools */ = {
			isa = PBXGroup;
			children = (
				240A2BC5BE91EC59111BB7FC /* AgentTool.swift */,
				72A72ADD77BE83A08A891E51 /* BashTool.swift */,
				7D5939D90AA79794265711D7 /* CreateReminderTool.swift */,
				57353C6F64FC4E0E86EFD1B5 /* CreateRoutineTool.swift */,
				85A77BA6215B29CCDAF7A013 /* DeleteScheduleTool.swift */,
				A42F0D8A51D3C989243B5DAF /* DismissTool.swift */,
				B9F1811FA8B877563B30475E /* EditTool.swift */,
				E3B57A17D8297CE0C2848871 /* FindTool.swift */,
				CB467A37B99F8825954718A9 /* GrepTool.swift */,
				B03764AC97B0A74D6FAFAE57 /* ListSchedulesTool.swift */,
				DC6FEB4F6520174E8D9A991F /* LsTool.swift */,
				9BCE6A076A69299A2B92B673 /* ReadTool.swift */,
				4AAE3B60D199496B2AD15707 /* WebFetchTool.swift */,
				1C23F76A77C1AEDFCD0BC3D3 /* WriteTool.swift */,
			);
			path = Tools;
			sourceTree = "<group>";
		};
		E3D5EED0D16B15ECCB8E4EDF /* PromptPanel */ = {
			isa = PBXGroup;
			children = (
				D24EF6276BE226C9B7F8E56F /* FloatingPanel.swift */,
				1DBF6D948FB1FEC79444D571 /* MarkdownRenderer.swift */,
				A2296DDD794CFDF886EDE508 /* PanelHelperViews.swift */,
				6D449322E10E6BB23C918E50 /* PromptPanelController.swift */,
				95C1ED0AF6B8F14C84DABB06 /* ResponseTextView.swift */,
				D7FFDA50AC375F95476A13C6 /* SkeletonView.swift */,
				C11F7A234369898B60D88F2E /* ToolIndicatorView.swift */,
			);
			path = PromptPanel;
			sourceTree = "<group>";
		};
		E4175355A2B14F833EE08D6B /* Mascot */ = {
			isa = PBXGroup;
			children = (
				A3CD99D66F6E1E5354B61F26 /* MascotState.swift */,
				52B74160BBE6B75D3AA754C2 /* MascotView.swift */,
			);
			path = Mascot;
			sourceTree = "<group>";
		};
		E53591F237780859E7315015 /* Resources */ = {
			isa = PBXGroup;
			children = (
				46B666BC978765216D62FF84 /* avatar_pack.riv */,
				11578A4FDB7FF0EFD6F2D63B /* notification.mp3 */,
			);
			name = Resources;
			path = tamagotchai/Resources;
			sourceTree = "<group>";
		};
/* End PBXGroup section */

/* Begin PBXNativeTarget section */
		476E9C9B243FE8FED3349CF4 /* TamagotchaiTests */ = {
			isa = PBXNativeTarget;
			buildConfigurationList = E0F3628E014178460F9F2319 /* Build configuration list for PBXNativeTarget "TamagotchaiTests" */;
			buildPhases = (
				94F6CA4D813424D7DB960A88 /* Sources */,
			);
			buildRules = (
			);
			dependencies = (
				735D05236F4FD0E5E5402452 /* PBXTargetDependency */,
			);
			name = TamagotchaiTests;
			packageProductDependencies = (
			);
			productName = TamagotchaiTests;
			productReference = FFD709153C32070C3FF4661A /* TamagotchaiTests.xctest */;
			productType = "com.apple.product-type.bundle.unit-test";
		};
		DF6AA4A6F722301B72F0456B /* Tamagotchai */ = {
			isa = PBXNativeTarget;
			buildConfigurationList = 7324B8513123AD165338771F /* Build configuration list for PBXNativeTarget "Tamagotchai" */;
			buildPhases = (
				31B1CB5CB3D4464ED31CA9AE /* SwiftLint */,
				89C6A061E6CFD4AF84FED1F3 /* SwiftFormat Check */,
				623FEC90369B6278158AE4F9 /* Sources */,
				8832604038B38192CF7CFDE6 /* Resources */,
				E43E0F6898C902E4252EF881 /* Frameworks */,
			);
			buildRules = (
			);
			dependencies = (
			);
			name = Tamagotchai;
			packageProductDependencies = (
				79428049BDEB372B1D6B128C /* RiveRuntime */,
				6CC46E0EB5B907637FEDD4E2 /* Highlightr */,
				F609933D31FA2FEA98F98AA6 /* KokoroSwift */,
				D07D13FBDF32CCD0EFEC813F /* MLX */,
				8AF07308F2217335407FE1F0 /* MLXUtilsLibrary */,
			);
			productName = Tamagotchai;
			productReference = 76F26E815173BCF54B26DCB9 /* Tamagotchai.app */;
			productType = "com.apple.product-type.application";
		};
/* End PBXNativeTarget section */

/* Begin PBXProject section */
		E183895BFF8CFB6B431FF21D /* Project object */ = {
			isa = PBXProject;
			attributes = {
				BuildIndependentTargetsInParallel = YES;
				LastUpgradeCheck = 2610;
			};
			buildConfigurationList = 85641E0CF2CB11577D3DFEB9 /* Build configuration list for PBXProject "Tamagotchai" */;
			compatibilityVersion = "Xcode 14.0";
			developmentRegion = en;
			hasScannedForEncodings = 0;
			knownRegions = (
				Base,
				en,
			);
			mainGroup = 9E19C2D827E0612A1438B90A;
			minimizedProjectReferenceProxies = 1;
			packageReferences = (
				2521E2D26130EC3CF50B0713 /* XCRemoteSwiftPackageReference "Highlightr" */,
				C184267FA9F82298F0991C30 /* XCRemoteSwiftPackageReference "MLXUtilsLibrary" */,
				E4ADB4162D6D639549F102EB /* XCRemoteSwiftPackageReference "NotchNotification" */,
				7BA8563EBA26BBBAC9614799 /* XCRemoteSwiftPackageReference "rive-ios" */,
				C41B84D5E8CB88DD2E33DACE /* XCRemoteSwiftPackageReference "kokoro-ios" */,
				92112FD1CC7D16E8CD3DC911 /* XCRemoteSwiftPackageReference "mlx-swift" */,
			);
			preferredProjectObjectVersion = 77;
			projectDirPath = "";
			projectRoot = "";
			targets = (
				DF6AA4A6F722301B72F0456B /* Tamagotchai */,
				476E9C9B243FE8FED3349CF4 /* TamagotchaiTests */,
			);
		};
/* End PBXProject section */

/* Begin PBXResourcesBuildPhase section */
		8832604038B38192CF7CFDE6 /* Resources */ = {
			isa = PBXResourcesBuildPhase;
			buildActionMask = 2147483647;
			files = (
				92232CF2F234B831875BD6C1 /* Assets.xcassets in Resources */,
				58A6EC99AA0D4939ED8985C9 /* avatar_pack.riv in Resources */,
				DDF98E5261E14B234ABB8722 /* notification.mp3 in Resources */,
			);
			runOnlyForDeploymentPostprocessing = 0;
		};
/* End PBXResourcesBuildPhase section */

/* Begin PBXShellScriptBuildPhase section */
		31B1CB5CB3D4464ED31CA9AE /* SwiftLint */ = {
			isa = PBXShellScriptBuildPhase;
			alwaysOutOfDate = 1;
			buildActionMask = 2147483647;
			files = (
			);
			inputFileListPaths = (
			);
			inputPaths = (
			);
			name = SwiftLint;
			outputFileListPaths = (
			);
			outputPaths = (
			);
			runOnlyForDeploymentPostprocessing = 0;
			shellPath = /bin/sh;
			shellScript = "if command -v swiftlint >/dev/null 2>&1; then\n  swiftlint lint --config \"${SRCROOT}/.swiftlint.yml\" || true\nfi\n";
		};
		89C6A061E6CFD4AF84FED1F3 /* SwiftFormat Check */ = {
			isa = PBXShellScriptBuildPhase;
			alwaysOutOfDate = 1;
			buildActionMask = 2147483647;
			files = (
			);
			inputFileListPaths = (
			);
			inputPaths = (
			);
			name = "SwiftFormat Check";
			outputFileListPaths = (
			);
			outputPaths = (
			);
			runOnlyForDeploymentPostprocessing = 0;
			shellPath = /bin/sh;
			shellScript = "if command -v swiftformat >/dev/null 2>&1; then\n  swiftformat --lint --config \"${SRCROOT}/.swiftformat\" \"${SRCROOT}/tamagotchai/Sources\" || true\nfi\n";
		};
/* End PBXShellScriptBuildPhase section */

/* Begin PBXSourcesBuildPhase section */
		623FEC90369B6278158AE4F9 /* Sources */ = {
			isa = PBXSourcesBuildPhase;
			buildActionMask = 2147483647;
			files = (
				0D0119FAD42DE581E87D65C7 /* AgentLoop.swift in Sources */,
				5E1228AF1C9F5A6C7B512653 /* AgentTool.swift in Sources */,
				C346142DDA2530F7A15FDCBC /* AudioWaveformView.swift in Sources */,
				E566577EF74445A44CDEC685 /* BashTool.swift in Sources */,
				EDEFE417BF656F06FE8A6AE8 /* ClaudeCredentials.swift in Sources */,
				D05DC3925D0CE7AE3CD912DC /* ClaudeModels.swift in Sources */,
				BD02EB2A0950C8C2F57A56E9 /* ClaudeOAuth.swift in Sources */,
				AF8519C7A25F8C02BCB1A68E /* ClaudeService.swift in Sources */,
				9083FBEDFC3FECC68503375C /* ContentView.swift in Sources */,
				901334BE0CF6E826E9BB12FB /* CreateReminderTool.swift in Sources */,
				7A6992BC438DDC623751B16B /* CreateRoutineTool.swift in Sources */,
				A98305F6A26FB76A56F2E811 /* DeleteScheduleTool.swift in Sources */,
				DB6B707EC2B933CEB8DDD5B0 /* DismissTool.swift in Sources */,
				03CFEA300B65C7E61347DA09 /* DropdownPanelController.swift in Sources */,
				E0368A9A22612832A2ECD645 /* EditTool.swift in Sources */,
				398C599C51D54FDA7B15A8E8 /* FindTool.swift in Sources */,
				DDC23F57DB0A9623506D08E3 /* FloatingPanel.swift in Sources */,
				6E304973699DF7CAB9D7744A /* GlassButton.swift in Sources */,
				4291668781FF244B5A7EE081 /* GrepTool.swift in Sources */,
				2A9492B440B332C9BA04AF09 /* KokoroManager.swift in Sources */,
				D65EDBCEDA29BA38056224D7 /* ListSchedulesTool.swift in Sources */,
				8729975310E65C0400B1320C /* LoginView.swift in Sources */,
				BF625A9182A6B37D87392EF3 /* LoginWindowController.swift in Sources */,
				B46B0E4F8F6EACB819134DEA /* LsTool.swift in Sources */,
				E53464559DF16636B3AA3F97 /* MarkdownRenderer.swift in Sources */,
				C10EA6F9E96084609564E571 /* MascotState.swift in Sources */,
				AFB8A474EC6602B09505E1F1 /* MascotView.swift in Sources */,
				6C44A6DCF36B6EFEABBA96F3 /* NotchNotificationPresenter.swift in Sources */,
				A105647F2FA2573F43DBD388 /* PanelHelperViews.swift in Sources */,
				F9B668289D091B6C74895B33 /* PermissionsChecker.swift in Sources */,
				A0CFCF6317015068BA72D0D4 /* PermissionsView.swift in Sources */,
				C1555808F940CFCD9000C257 /* PermissionsWindowController.swift in Sources */,
				099956513258275C888D9C17 /* PromptPanelController.swift in Sources */,
				C047E42DD4B026F582DFFDF6 /* ReadTool.swift in Sources */,
				430108368AEE49E3F0F90741 /* ResponseTextView.swift in Sources */,
				494636F1B1027F365D1A3B43 /* ScheduleParser.swift in Sources */,
				9901C15CD95D5870199CCBE7 /* ScheduleStore.swift in Sources */,
				1BA865B932634AFFA07CDE4D /* SkeletonView.swift in Sources */,
				5F8B95214A534F1E7AB85E3C /* SpeechService.swift in Sources */,
				A884E9097990770149B7D13F /* StreamParser.swift in Sources */,
				82E2D035D7EFA0B8535A6E41 /* TamagotchaiApp.swift in Sources */,
				20010341711C692BD019245D /* ToolIndicatorView.swift in Sources */,
				8E97C2C79DF917846C49C27C /* VoiceService.swift in Sources */,
				CDA6A7CF8189B49B21D7A64F /* VoiceSettingsController.swift in Sources */,
				4A828D5A83EBAAAB377315FB /* VoiceSettingsView.swift in Sources */,
				5BFE8EA7252582A6DE513D3D /* WebFetchTool.swift in Sources */,
				6B4AE21C4C60C7A3879FFAC1 /* WriteTool.swift in Sources */,
			);
			runOnlyForDeploymentPostprocessing = 0;
		};
		94F6CA4D813424D7DB960A88 /* Sources */ = {
			isa = PBXSourcesBuildPhase;
			buildActionMask = 2147483647;
			files = (
				5E2B2B6DC1FE4CED64296EEE /* BashToolTests.swift in Sources */,
				0548450979CE251A26AC735C /* ClaudeModelsTests.swift in Sources */,
				0324CF773F07C9C0678BDD0F /* EditToolTests.swift in Sources */,
				CD7DD157F5B33996F7FA5D8E /* FileSystemToolHelpersTests.swift in Sources */,
				45F7F1A523FE5E69A58B038E /* FindToolTests.swift in Sources */,
				3663F97EF2E69F69683216DD /* GrepToolTests.swift in Sources */,
				E3A8828582665AE5DD36D50F /* LsToolTests.swift in Sources */,
				AF3290B40BB654621C1CCDBD /* OAuthCredentialsTests.swift in Sources */,
				465F5E926E025E3475C5FB31 /* ReadToolTests.swift in Sources */,
				C2623B3ECE718DE32321F874 /* StreamParserTests.swift in Sources */,
				B4DDABF96AB6246F02380857 /* ToolRegistryTests.swift in Sources */,
				2F06E2C38FAD2168AAD031E7 /* WebFetchToolTests.swift in Sources */,
				1CFD4BDECF64380DC75A95A1 /* WriteToolTests.swift in Sources */,
			);
			runOnlyForDeploymentPostprocessing = 0;
		};
/* End PBXSourcesBuildPhase section */

/* Begin PBXTargetDependency section */
		735D05236F4FD0E5E5402452 /* PBXTargetDependency */ = {
			isa = PBXTargetDependency;
			target = DF6AA4A6F722301B72F0456B /* Tamagotchai */;
			targetProxy = F138DFCA27769D7B68D518F8 /* PBXContainerItemProxy */;
		};
/* End PBXTargetDependency section */

/* Begin XCBuildConfiguration section */
		160B647D6381578E4BDFF303 /* Debug */ = {
			isa = XCBuildConfiguration;
			buildSettings = {
				ASSETCATALOG_COMPILER_APPICON_NAME = AppIcon;
				CODE_SIGN_ENTITLEMENTS = tamagotchai/Entitlements/Tamagotchai.entitlements;
				COMBINE_HIDPI_IMAGES = YES;
				GENERATE_INFOPLIST_FILE = YES;
				INFOPLIST_KEY_CFBundleDisplayName = Tamagotchai;
				INFOPLIST_KEY_LSApplicationCategoryType = "public.app-category.lifestyle";
				INFOPLIST_KEY_LSUIElement = YES;
				INFOPLIST_KEY_NSMicrophoneUsageDescription = "Tamagotchai needs microphone access for voice wake word detection and speech recognition.";
				INFOPLIST_KEY_NSSpeechRecognitionUsageDescription = "Tamagotchai uses speech recognition to transcribe your voice commands.";
				LD_RUNPATH_SEARCH_PATHS = (
					"$(inherited)",
					"@executable_path/../Frameworks",
				);
				PRODUCT_BUNDLE_IDENTIFIER = com.unstablemind.tamagotchai;
				SDKROOT = macosx;
			};
			name = Debug;
		};
		4A795CAB310BE1E1D9CFE734 /* Release */ = {
			isa = XCBuildConfiguration;
			buildSettings = {
				BUNDLE_LOADER = "$(TEST_HOST)";
				COMBINE_HIDPI_IMAGES = YES;
				GENERATE_INFOPLIST_FILE = YES;
				LD_RUNPATH_SEARCH_PATHS = (
					"$(inherited)",
					"@executable_path/../Frameworks",
					"@loader_path/../Frameworks",
				);
				PRODUCT_BUNDLE_IDENTIFIER = com.unstablemind.tamagotchai.tests;
				SDKROOT = macosx;
				TEST_HOST = "$(BUILT_PRODUCTS_DIR)/Tamagotchai.app/Contents/MacOS/Tamagotchai";
			};
			name = Release;
		};
		5C31E5FBDA98B16FDB10C8DF /* Debug */ = {
			isa = XCBuildConfiguration;
			buildSettings = {
				ALWAYS_SEARCH_USER_PATHS = NO;
				CLANG_ANALYZER_NONNULL = YES;
				CLANG_ANALYZER_NUMBER_OBJECT_CONVERSION = YES_AGGRESSIVE;
				CLANG_CXX_LANGUAGE_STANDARD = "gnu++14";
				CLANG_CXX_LIBRARY = "libc++";
				CLANG_ENABLE_MODULES = YES;
				CLANG_ENABLE_OBJC_ARC = YES;
				CLANG_ENABLE_OBJC_WEAK = YES;
				CLANG_WARN_BLOCK_CAPTURE_AUTORELEASING = YES;
				CLANG_WARN_BOOL_CONVERSION = YES;
				CLANG_WARN_COMMA = YES;
				CLANG_WARN_CONSTANT_CONVERSION = YES;
				CLANG_WARN_DEPRECATED_OBJC_IMPLEMENTATIONS = YES;
				CLANG_WARN_DIRECT_OBJC_ISA_USAGE = YES_ERROR;
				CLANG_WARN_DOCUMENTATION_COMMENTS = YES;
				CLANG_WARN_EMPTY_BODY = YES;
				CLANG_WARN_ENUM_CONVERSION = YES;
				CLANG_WARN_INFINITE_RECURSION = YES;
				CLANG_WARN_INT_CONVERSION = YES;
				CLANG_WARN_NON_LITERAL_NULL_CONVERSION = YES;
				CLANG_WARN_OBJC_IMPLICIT_RETAIN_SELF = YES;
				CLANG_WARN_OBJC_LITERAL_CONVERSION = YES;
				CLANG_WARN_OBJC_ROOT_CLASS = YES_ERROR;
				CLANG_WARN_QUOTED_INCLUDE_IN_FRAMEWORK_HEADER = YES;
				CLANG_WARN_RANGE_LOOP_ANALYSIS = YES;
				CLANG_WARN_STRICT_PROTOTYPES = YES;
				CLANG_WARN_SUSPICIOUS_MOVE = YES;
				CLANG_WARN_UNGUARDED_AVAILABILITY = YES_AGGRESSIVE;
				CLANG_WARN_UNREACHABLE_CODE = YES;
				CLANG_WARN__DUPLICATE_METHOD_MATCH = YES;
				COPY_PHASE_STRIP = NO;
				DEBUG_INFORMATION_FORMAT = dwarf;
				ENABLE_STRICT_OBJC_MSGSEND = YES;
				ENABLE_TESTABILITY = YES;
				GCC_C_LANGUAGE_STANDARD = gnu11;
				GCC_DYNAMIC_NO_PIC = NO;
				GCC_NO_COMMON_BLOCKS = YES;
				GCC_OPTIMIZATION_LEVEL = 0;
				GCC_PREPROCESSOR_DEFINITIONS = (
					"$(inherited)",
					"DEBUG=1",
				);
				GCC_WARN_64_TO_32_BIT_CONVERSION = YES;
				GCC_WARN_ABOUT_RETURN_TYPE = YES_ERROR;
				GCC_WARN_UNDECLARED_SELECTOR = YES;
				GCC_WARN_UNINITIALIZED_AUTOS = YES_AGGRESSIVE;
				GCC_WARN_UNUSED_FUNCTION = YES;
				GCC_WARN_UNUSED_VARIABLE = YES;
				MACOSX_DEPLOYMENT_TARGET = 15.0;
				MTL_ENABLE_DEBUG_INFO = INCLUDE_SOURCE;
				MTL_FAST_MATH = YES;
				ONLY_ACTIVE_ARCH = YES;
				PRODUCT_NAME = "$(TARGET_NAME)";
				SDKROOT = macosx;
				SWIFT_ACTIVE_COMPILATION_CONDITIONS = DEBUG;
				SWIFT_OPTIMIZATION_LEVEL = "-Onone";
				SWIFT_VERSION = 6.0;
			};
			name = Debug;
		};
		60D7CE554AE65FF55C03508D /* Release */ = {
			isa = XCBuildConfiguration;
			buildSettings = {
				ALWAYS_SEARCH_USER_PATHS = NO;
				CLANG_ANALYZER_NONNULL = YES;
				CLANG_ANALYZER_NUMBER_OBJECT_CONVERSION = YES_AGGRESSIVE;
				CLANG_CXX_LANGUAGE_STANDARD = "gnu++14";
				CLANG_CXX_LIBRARY = "libc++";
				CLANG_ENABLE_MODULES = YES;
				CLANG_ENABLE_OBJC_ARC = YES;
				CLANG_ENABLE_OBJC_WEAK = YES;
				CLANG_WARN_BLOCK_CAPTURE_AUTORELEASING = YES;
				CLANG_WARN_BOOL_CONVERSION = YES;
				CLANG_WARN_COMMA = YES;
				CLANG_WARN_CONSTANT_CONVERSION = YES;
				CLANG_WARN_DEPRECATED_OBJC_IMPLEMENTATIONS = YES;
				CLANG_WARN_DIRECT_OBJC_ISA_USAGE = YES_ERROR;
				CLANG_WARN_DOCUMENTATION_COMMENTS = YES;
				CLANG_WARN_EMPTY_BODY = YES;
				CLANG_WARN_ENUM_CONVERSION = YES;
				CLANG_WARN_INFINITE_RECURSION = YES;
				CLANG_WARN_INT_CONVERSION = YES;
				CLANG_WARN_NON_LITERAL_NULL_CONVERSION = YES;
				CLANG_WARN_OBJC_IMPLICIT_RETAIN_SELF = YES;
				CLANG_WARN_OBJC_LITERAL_CONVERSION = YES;
				CLANG_WARN_OBJC_ROOT_CLASS = YES_ERROR;
				CLANG_WARN_QUOTED_INCLUDE_IN_FRAMEWORK_HEADER = YES;
				CLANG_WARN_RANGE_LOOP_ANALYSIS = YES;
				CLANG_WARN_STRICT_PROTOTYPES = YES;
				CLANG_WARN_SUSPICIOUS_MOVE = YES;
				CLANG_WARN_UNGUARDED_AVAILABILITY = YES_AGGRESSIVE;
				CLANG_WARN_UNREACHABLE_CODE = YES;
				CLANG_WARN__DUPLICATE_METHOD_MATCH = YES;
				COPY_PHASE_STRIP = NO;
				DEBUG_INFORMATION_FORMAT = "dwarf-with-dsym";
				ENABLE_NS_ASSERTIONS = NO;
				ENABLE_STRICT_OBJC_MSGSEND = YES;
				GCC_C_LANGUAGE_STANDARD = gnu11;
				GCC_NO_COMMON_BLOCKS = YES;
				GCC_WARN_64_TO_32_BIT_CONVERSION = YES;
				GCC_WARN_ABOUT_RETURN_TYPE = YES_ERROR;
				GCC_WARN_UNDECLARED_SELECTOR = YES;
				GCC_WARN_UNINITIALIZED_AUTOS = YES_AGGRESSIVE;
				GCC_WARN_UNUSED_FUNCTION = YES;
				GCC_WARN_UNUSED_VARIABLE = YES;
				MACOSX_DEPLOYMENT_TARGET = 15.0;
				MTL_ENABLE_DEBUG_INFO = NO;
				MTL_FAST_MATH = YES;
				PRODUCT_NAME = "$(TARGET_NAME)";
				SDKROOT = macosx;
				SWIFT_COMPILATION_MODE = wholemodule;
				SWIFT_OPTIMIZATION_LEVEL = "-O";
				SWIFT_VERSION = 6.0;
			};
			name = Release;
		};
		83AD3BF4550CA5457F8B6E51 /* Release */ = {
			isa = XCBuildConfiguration;
			buildSettings = {
				ASSETCATALOG_COMPILER_APPICON_NAME = AppIcon;
				CODE_SIGN_ENTITLEMENTS = tamagotchai/Entitlements/Tamagotchai.entitlements;
				COMBINE_HIDPI_IMAGES = YES;
				GENERATE_INFOPLIST_FILE = YES;
				INFOPLIST_KEY_CFBundleDisplayName = Tamagotchai;
				INFOPLIST_KEY_LSApplicationCategoryType = "public.app-category.lifestyle";
				INFOPLIST_KEY_LSUIElement = YES;
				INFOPLIST_KEY_NSMicrophoneUsageDescription = "Tamagotchai needs microphone access for voice wake word detection and speech recognition.";
				INFOPLIST_KEY_NSSpeechRecognitionUsageDescription = "Tamagotchai uses speech recognition to transcribe your voice commands.";
				LD_RUNPATH_SEARCH_PATHS = (
					"$(inherited)",
					"@executable_path/../Frameworks",
				);
				PRODUCT_BUNDLE_IDENTIFIER = com.unstablemind.tamagotchai;
				SDKROOT = macosx;
			};
			name = Release;
		};
		D1B2852123F3D454482C3DAF /* Debug */ = {
			isa = XCBuildConfiguration;
			buildSettings = {
				BUNDLE_LOADER = "$(TEST_HOST)";
				COMBINE_HIDPI_IMAGES = YES;
				GENERATE_INFOPLIST_FILE = YES;
				LD_RUNPATH_SEARCH_PATHS = (
					"$(inherited)",
					"@executable_path/../Frameworks",
					"@loader_path/../Frameworks",
				);
				PRODUCT_BUNDLE_IDENTIFIER = com.unstablemind.tamagotchai.tests;
				SDKROOT = macosx;
				TEST_HOST = "$(BUILT_PRODUCTS_DIR)/Tamagotchai.app/Contents/MacOS/Tamagotchai";
			};
			name = Debug;
		};
/* End XCBuildConfiguration section */

/* Begin XCConfigurationList section */
		7324B8513123AD165338771F /* Build configuration list for PBXNativeTarget "Tamagotchai" */ = {
			isa = XCConfigurationList;
			buildConfigurations = (
				160B647D6381578E4BDFF303 /* Debug */,
				83AD3BF4550CA5457F8B6E51 /* Release */,
			);
			defaultConfigurationIsVisible = 0;
			defaultConfigurationName = Debug;
		};
		85641E0CF2CB11577D3DFEB9 /* Build configuration list for PBXProject "Tamagotchai" */ = {
			isa = XCConfigurationList;
			buildConfigurations = (
				5C31E5FBDA98B16FDB10C8DF /* Debug */,
				60D7CE554AE65FF55C03508D /* Release */,
			);
			defaultConfigurationIsVisible = 0;
			defaultConfigurationName = Debug;
		};
		E0F3628E014178460F9F2319 /* Build configuration list for PBXNativeTarget "TamagotchaiTests" */ = {
			isa = XCConfigurationList;
			buildConfigurations = (
				D1B2852123F3D454482C3DAF /* Debug */,
				4A795CAB310BE1E1D9CFE734 /* Release */,
			);
			defaultConfigurationIsVisible = 0;
			defaultConfigurationName = Debug;
		};
/* End XCConfigurationList section */

/* Begin XCRemoteSwiftPackageReference section */
		2521E2D26130EC3CF50B0713 /* XCRemoteSwiftPackageReference "Highlightr" */ = {
			isa = XCRemoteSwiftPackageReference;
			repositoryURL = "https://github.com/raspu/Highlightr";
			requirement = {
				kind = upToNextMajorVersion;
				minimumVersion = 2.2.1;
			};
		};
		7BA8563EBA26BBBAC9614799 /* XCRemoteSwiftPackageReference "rive-ios" */ = {
			isa = XCRemoteSwiftPackageReference;
			repositoryURL = "https://github.com/rive-app/rive-ios";
			requirement = {
				kind = upToNextMajorVersion;
				minimumVersion = 6.18.0;
			};
		};
		92112FD1CC7D16E8CD3DC911 /* XCRemoteSwiftPackageReference "mlx-swift" */ = {
			isa = XCRemoteSwiftPackageReference;
			repositoryURL = "https://github.com/ml-explore/mlx-swift";
			requirement = {
				kind = exactVersion;
				version = 0.30.2;
			};
		};
		C184267FA9F82298F0991C30 /* XCRemoteSwiftPackageReference "MLXUtilsLibrary" */ = {
			isa = XCRemoteSwiftPackageReference;
			repositoryURL = "https://github.com/mlalma/MLXUtilsLibrary.git";
			requirement = {
				kind = exactVersion;
				version = 0.0.6;
			};
		};
		C41B84D5E8CB88DD2E33DACE /* XCRemoteSwiftPackageReference "kokoro-ios" */ = {
			isa = XCRemoteSwiftPackageReference;
			repositoryURL = "https://github.com/mlalma/kokoro-ios.git";
			requirement = {
				kind = upToNextMajorVersion;
				minimumVersion = 1.0.11;
			};
		};
		E4ADB4162D6D639549F102EB /* XCRemoteSwiftPackageReference "NotchNotification" */ = {
			isa = XCRemoteSwiftPackageReference;
			repositoryURL = "https://github.com/Lakr233/NotchNotification";
			requirement = {
				kind = upToNextMajorVersion;
				minimumVersion = 1.2.1;
			};
		};
/* End XCRemoteSwiftPackageReference section */

/* Begin XCSwiftPackageProductDependency section */
		6CC46E0EB5B907637FEDD4E2 /* Highlightr */ = {
			isa = XCSwiftPackageProductDependency;
			package = 2521E2D26130EC3CF50B0713 /* XCRemoteSwiftPackageReference "Highlightr" */;
			productName = Highlightr;
		};
		79428049BDEB372B1D6B128C /* RiveRuntime */ = {
			isa = XCSwiftPackageProductDependency;
			package = 7BA8563EBA26BBBAC9614799 /* XCRemoteSwiftPackageReference "rive-ios" */;
			productName = RiveRuntime;
		};
		8AF07308F2217335407FE1F0 /* MLXUtilsLibrary */ = {
			isa = XCSwiftPackageProductDependency;
			package = C184267FA9F82298F0991C30 /* XCRemoteSwiftPackageReference "MLXUtilsLibrary" */;
			productName = MLXUtilsLibrary;
		};
		D07D13FBDF32CCD0EFEC813F /* MLX */ = {
			isa = XCSwiftPackageProductDependency;
			package = 92112FD1CC7D16E8CD3DC911 /* XCRemoteSwiftPackageReference "mlx-swift" */;
			productName = MLX;
		};
		F609933D31FA2FEA98F98AA6 /* KokoroSwift */ = {
			isa = XCSwiftPackageProductDependency;
			package = C41B84D5E8CB88DD2E33DACE /* XCRemoteSwiftPackageReference "kokoro-ios" */;
			productName = KokoroSwift;
		};
/* End XCSwiftPackageProductDependency section */
	};
	rootObject = E183895BFF8CFB6B431FF21D /* Project object */;
}
