// !$*UTF8*$!
{
	archiveVersion = 1;
	classes = {
	};
	objectVersion = 77;
	objects = {

/* Begin PBXBuildFile section */
		099956513258275C888D9C17 /* PromptPanelController.swift in Sources */ = {isa = PBXBuildFile; fileRef = 6D449322E10E6BB23C918E50 /* PromptPanelController.swift */; };
		82E2D035D7EFA0B8535A6E41 /* TamagotchaiApp.swift in Sources */ = {isa = PBXBuildFile; fileRef = 36B2FBCA59725E0DD164913B /* TamagotchaiApp.swift */; };
		9083FBEDFC3FECC68503375C /* ContentView.swift in Sources */ = {isa = PBXBuildFile; fileRef = 8FE7C40F97BE3426E3660AB3 /* ContentView.swift */; };
		92232CF2F234B831875BD6C1 /* Assets.xcassets in Resources */ = {isa = PBXBuildFile; fileRef = A4DB345D78D7E1CC279B8F49 /* Assets.xcassets */; };
		DDC23F57DB0A9623506D08E3 /* FloatingPanel.swift in Sources */ = {isa = PBXBuildFile; fileRef = D24EF6276BE226C9B7F8E56F /* FloatingPanel.swift */; };
/* End PBXBuildFile section */

/* Begin PBXFileReference section */
		36B2FBCA59725E0DD164913B /* TamagotchaiApp.swift */ = {isa = PBXFileReference; lastKnownFileType = sourcecode.swift; path = TamagotchaiApp.swift; sourceTree = "<group>"; };
		6D449322E10E6BB23C918E50 /* PromptPanelController.swift */ = {isa = PBXFileReference; lastKnownFileType = sourcecode.swift; path = PromptPanelController.swift; sourceTree = "<group>"; };
		76F26E815173BCF54B26DCB9 /* Tamagotchai.app */ = {isa = PBXFileReference; explicitFileType = wrapper.application; includeInIndex = 0; path = Tamagotchai.app; sourceTree = BUILT_PRODUCTS_DIR; };
		8FE7C40F97BE3426E3660AB3 /* ContentView.swift */ = {isa = PBXFileReference; lastKnownFileType = sourcecode.swift; path = ContentView.swift; sourceTree = "<group>"; };
		A4DB345D78D7E1CC279B8F49 /* Assets.xcassets */ = {isa = PBXFileReference; lastKnownFileType = folder.assetcatalog; path = Assets.xcassets; sourceTree = "<group>"; };
		D24EF6276BE226C9B7F8E56F /* FloatingPanel.swift */ = {isa = PBXFileReference; lastKnownFileType = sourcecode.swift; path = FloatingPanel.swift; sourceTree = "<group>"; };
/* End PBXFileReference section */

/* Begin PBXGroup section */
		8077CA5E556903A0D0571113 /* Sources */ = {
			isa = PBXGroup;
			children = (
				8FE7C40F97BE3426E3660AB3 /* ContentView.swift */,
				36B2FBCA59725E0DD164913B /* TamagotchaiApp.swift */,
				E3D5EED0D16B15ECCB8E4EDF /* PromptPanel */,
			);
			name = Sources;
			path = tamagotchai/Sources;
			sourceTree = "<group>";
		};
		92DEE8BA3E6272FAE98B38C0 /* tamagotchai */ = {
			isa = PBXGroup;
			children = (
				A4DB345D78D7E1CC279B8F49 /* Assets.xcassets */,
			);
			path = tamagotchai;
			sourceTree = "<group>";
		};
		9E19C2D827E0612A1438B90A = {
			isa = PBXGroup;
			children = (
				8077CA5E556903A0D0571113 /* Sources */,
				92DEE8BA3E6272FAE98B38C0 /* tamagotchai */,
				CA376747D3CF061F081AFB18 /* Products */,
			);
			sourceTree = "<group>";
		};
		CA376747D3CF061F081AFB18 /* Products */ = {
			isa = PBXGroup;
			children = (
				76F26E815173BCF54B26DCB9 /* Tamagotchai.app */,
			);
			name = Products;
			sourceTree = "<group>";
		};
		E3D5EED0D16B15ECCB8E4EDF /* PromptPanel */ = {
			isa = PBXGroup;
			children = (
				D24EF6276BE226C9B7F8E56F /* FloatingPanel.swift */,
				6D449322E10E6BB23C918E50 /* PromptPanelController.swift */,
			);
			path = PromptPanel;
			sourceTree = "<group>";
		};
/* End PBXGroup section */

/* Begin PBXNativeTarget section */
		DF6AA4A6F722301B72F0456B /* Tamagotchai */ = {
			isa = PBXNativeTarget;
			buildConfigurationList = 7324B8513123AD165338771F /* Build configuration list for PBXNativeTarget "Tamagotchai" */;
			buildPhases = (
				31B1CB5CB3D4464ED31CA9AE /* SwiftLint */,
				89C6A061E6CFD4AF84FED1F3 /* SwiftFormat Check */,
				623FEC90369B6278158AE4F9 /* Sources */,
				8832604038B38192CF7CFDE6 /* Resources */,
			);
			buildRules = (
			);
			dependencies = (
			);
			name = Tamagotchai;
			packageProductDependencies = (
			);
			productName = Tamagotchai;
			productReference = 76F26E815173BCF54B26DCB9 /* Tamagotchai.app */;
			productType = "com.apple.product-type.application";
		};
/* End PBXNativeTarget section */

/* Begin PBXProject section */
		E183895BFF8CFB6B431FF21D /* Project object */ = {
			isa = PBXProject;
			attributes = {
				BuildIndependentTargetsInParallel = YES;
				LastUpgradeCheck = 1610;
			};
			buildConfigurationList = 85641E0CF2CB11577D3DFEB9 /* Build configuration list for PBXProject "Tamagotchai" */;
			compatibilityVersion = "Xcode 14.0";
			developmentRegion = en;
			hasScannedForEncodings = 0;
			knownRegions = (
				Base,
				en,
			);
			mainGroup = 9E19C2D827E0612A1438B90A;
			minimizedProjectReferenceProxies = 1;
			preferredProjectObjectVersion = 77;
			projectDirPath = "";
			projectRoot = "";
			targets = (
				DF6AA4A6F722301B72F0456B /* Tamagotchai */,
			);
		};
/* End PBXProject section */

/* Begin PBXResourcesBuildPhase section */
		8832604038B38192CF7CFDE6 /* Resources */ = {
			isa = PBXResourcesBuildPhase;
			buildActionMask = 2147483647;
			files = (
				92232CF2F234B831875BD6C1 /* Assets.xcassets in Resources */,
			);
			runOnlyForDeploymentPostprocessing = 0;
		};
/* End PBXResourcesBuildPhase section */

/* Begin PBXShellScriptBuildPhase section */
		31B1CB5CB3D4464ED31CA9AE /* SwiftLint */ = {
			isa = PBXShellScriptBuildPhase;
			alwaysOutOfDate = 1;
			buildActionMask = 2147483647;
			files = (
			);
			inputFileListPaths = (
			);
			inputPaths = (
			);
			name = SwiftLint;
			outputFileListPaths = (
			);
			outputPaths = (
			);
			runOnlyForDeploymentPostprocessing = 0;
			shellPath = /bin/sh;
			shellScript = "if command -v swiftlint >/dev/null 2>&1; then\n  swiftlint lint --config \"${SRCROOT}/.swiftlint.yml\"\nfi\n";
		};
		89C6A061E6CFD4AF84FED1F3 /* SwiftFormat Check */ = {
			isa = PBXShellScriptBuildPhase;
			alwaysOutOfDate = 1;
			buildActionMask = 2147483647;
			files = (
			);
			inputFileListPaths = (
			);
			inputPaths = (
			);
			name = "SwiftFormat Check";
			outputFileListPaths = (
			);
			outputPaths = (
			);
			runOnlyForDeploymentPostprocessing = 0;
			shellPath = /bin/sh;
			shellScript = "if command -v swiftformat >/dev/null 2>&1; then\n  swiftformat --lint --config \"${SRCROOT}/.swiftformat\" \"${SRCROOT}/tamagotchai/Sources\"\nfi\n";
		};
/* End PBXShellScriptBuildPhase section */

/* Begin PBXSourcesBuildPhase section */
		623FEC90369B6278158AE4F9 /* Sources */ = {
			isa = PBXSourcesBuildPhase;
			buildActionMask = 2147483647;
			files = (
				9083FBEDFC3FECC68503375C /* ContentView.swift in Sources */,
				DDC23F57DB0A9623506D08E3 /* FloatingPanel.swift in Sources */,
				099956513258275C888D9C17 /* PromptPanelController.swift in Sources */,
				82E2D035D7EFA0B8535A6E41 /* TamagotchaiApp.swift in Sources */,
			);
			runOnlyForDeploymentPostprocessing = 0;
		};
/* End PBXSourcesBuildPhase section */

/* Begin XCBuildConfiguration section */
		160B647D6381578E4BDFF303 /* Debug */ = {
			isa = XCBuildConfiguration;
			buildSettings = {
				ASSETCATALOG_COMPILER_APPICON_NAME = AppIcon;
				CODE_SIGN_ENTITLEMENTS = tamagotchai/Entitlements/Tamagotchai.entitlements;
				COMBINE_HIDPI_IMAGES = YES;
				GENERATE_INFOPLIST_FILE = YES;
				INFOPLIST_KEY_CFBundleDisplayName = Tamagotchai;
				INFOPLIST_KEY_LSApplicationCategoryType = "public.app-category.lifestyle";
				INFOPLIST_KEY_LSUIElement = YES;
				LD_RUNPATH_SEARCH_PATHS = (
					"$(inherited)",
					"@executable_path/../Frameworks",
				);
				PRODUCT_BUNDLE_IDENTIFIER = com.unstablemind.tamagotchai;
				SDKROOT = macosx;
			};
			name = Debug;
		};
		5C31E5FBDA98B16FDB10C8DF /* Debug */ = {
			isa = XCBuildConfiguration;
			buildSettings = {
				ALWAYS_SEARCH_USER_PATHS = NO;
				CLANG_ANALYZER_NONNULL = YES;
				CLANG_ANALYZER_NUMBER_OBJECT_CONVERSION = YES_AGGRESSIVE;
				CLANG_CXX_LANGUAGE_STANDARD = "gnu++14";
				CLANG_CXX_LIBRARY = "libc++";
				CLANG_ENABLE_MODULES = YES;
				CLANG_ENABLE_OBJC_ARC = YES;
				CLANG_ENABLE_OBJC_WEAK = YES;
				CLANG_WARN_BLOCK_CAPTURE_AUTORELEASING = YES;
				CLANG_WARN_BOOL_CONVERSION = YES;
				CLANG_WARN_COMMA = YES;
				CLANG_WARN_CONSTANT_CONVERSION = YES;
				CLANG_WARN_DEPRECATED_OBJC_IMPLEMENTATIONS = YES;
				CLANG_WARN_DIRECT_OBJC_ISA_USAGE = YES_ERROR;
				CLANG_WARN_DOCUMENTATION_COMMENTS = YES;
				CLANG_WARN_EMPTY_BODY = YES;
				CLANG_WARN_ENUM_CONVERSION = YES;
				CLANG_WARN_INFINITE_RECURSION = YES;
				CLANG_WARN_INT_CONVERSION = YES;
				CLANG_WARN_NON_LITERAL_NULL_CONVERSION = YES;
				CLANG_WARN_OBJC_IMPLICIT_RETAIN_SELF = YES;
				CLANG_WARN_OBJC_LITERAL_CONVERSION = YES;
				CLANG_WARN_OBJC_ROOT_CLASS = YES_ERROR;
				CLANG_WARN_QUOTED_INCLUDE_IN_FRAMEWORK_HEADER = YES;
				CLANG_WARN_RANGE_LOOP_ANALYSIS = YES;
				CLANG_WARN_STRICT_PROTOTYPES = YES;
				CLANG_WARN_SUSPICIOUS_MOVE = YES;
				CLANG_WARN_UNGUARDED_AVAILABILITY = YES_AGGRESSIVE;
				CLANG_WARN_UNREACHABLE_CODE = YES;
				CLANG_WARN__DUPLICATE_METHOD_MATCH = YES;
				COPY_PHASE_STRIP = NO;
				DEBUG_INFORMATION_FORMAT = dwarf;
				ENABLE_STRICT_OBJC_MSGSEND = YES;
				ENABLE_TESTABILITY = YES;
				GCC_C_LANGUAGE_STANDARD = gnu11;
				GCC_DYNAMIC_NO_PIC = NO;
				GCC_NO_COMMON_BLOCKS = YES;
				GCC_OPTIMIZATION_LEVEL = 0;
				GCC_PREPROCESSOR_DEFINITIONS = (
					"$(inherited)",
					"DEBUG=1",
				);
				GCC_WARN_64_TO_32_BIT_CONVERSION = YES;
				GCC_WARN_ABOUT_RETURN_TYPE = YES_ERROR;
				GCC_WARN_UNDECLARED_SELECTOR = YES;
				GCC_WARN_UNINITIALIZED_AUTOS = YES_AGGRESSIVE;
				GCC_WARN_UNUSED_FUNCTION = YES;
				GCC_WARN_UNUSED_VARIABLE = YES;
				MACOSX_DEPLOYMENT_TARGET = 14.0;
				MTL_ENABLE_DEBUG_INFO = INCLUDE_SOURCE;
				MTL_FAST_MATH = YES;
				ONLY_ACTIVE_ARCH = YES;
				PRODUCT_NAME = "$(TARGET_NAME)";
				SDKROOT = macosx;
				SWIFT_ACTIVE_COMPILATION_CONDITIONS = DEBUG;
				SWIFT_OPTIMIZATION_LEVEL = "-Onone";
				SWIFT_VERSION = 6.0;
			};
			name = Debug;
		};
		60D7CE554AE65FF55C03508D /* Release */ = {
			isa = XCBuildConfiguration;
			buildSettings = {
				ALWAYS_SEARCH_USER_PATHS = NO;
				CLANG_ANALYZER_NONNULL = YES;
				CLANG_ANALYZER_NUMBER_OBJECT_CONVERSION = YES_AGGRESSIVE;
				CLANG_CXX_LANGUAGE_STANDARD = "gnu++14";
				CLANG_CXX_LIBRARY = "libc++";
				CLANG_ENABLE_MODULES = YES;
				CLANG_ENABLE_OBJC_ARC = YES;
				CLANG_ENABLE_OBJC_WEAK = YES;
				CLANG_WARN_BLOCK_CAPTURE_AUTORELEASING = YES;
				CLANG_WARN_BOOL_CONVERSION = YES;
				CLANG_WARN_COMMA = YES;
				CLANG_WARN_CONSTANT_CONVERSION = YES;
				CLANG_WARN_DEPRECATED_OBJC_IMPLEMENTATIONS = YES;
				CLANG_WARN_DIRECT_OBJC_ISA_USAGE = YES_ERROR;
				CLANG_WARN_DOCUMENTATION_COMMENTS = YES;
				CLANG_WARN_EMPTY_BODY = YES;
				CLANG_WARN_ENUM_CONVERSION = YES;
				CLANG_WARN_INFINITE_RECURSION = YES;
				CLANG_WARN_INT_CONVERSION = YES;
				CLANG_WARN_NON_LITERAL_NULL_CONVERSION = YES;
				CLANG_WARN_OBJC_IMPLICIT_RETAIN_SELF = YES;
				CLANG_WARN_OBJC_LITERAL_CONVERSION = YES;
				CLANG_WARN_OBJC_ROOT_CLASS = YES_ERROR;
				CLANG_WARN_QUOTED_INCLUDE_IN_FRAMEWORK_HEADER = YES;
				CLANG_WARN_RANGE_LOOP_ANALYSIS = YES;
				CLANG_WARN_STRICT_PROTOTYPES = YES;
				CLANG_WARN_SUSPICIOUS_MOVE = YES;
				CLANG_WARN_UNGUARDED_AVAILABILITY = YES_AGGRESSIVE;
				CLANG_WARN_UNREACHABLE_CODE = YES;
				CLANG_WARN__DUPLICATE_METHOD_MATCH = YES;
				COPY_PHASE_STRIP = NO;
				DEBUG_INFORMATION_FORMAT = "dwarf-with-dsym";
				ENABLE_NS_ASSERTIONS = NO;
				ENABLE_STRICT_OBJC_MSGSEND = YES;
				GCC_C_LANGUAGE_STANDARD = gnu11;
				GCC_NO_COMMON_BLOCKS = YES;
				GCC_WARN_64_TO_32_BIT_CONVERSION = YES;
				GCC_WARN_ABOUT_RETURN_TYPE = YES_ERROR;
				GCC_WARN_UNDECLARED_SELECTOR = YES;
				GCC_WARN_UNINITIALIZED_AUTOS = YES_AGGRESSIVE;
				GCC_WARN_UNUSED_FUNCTION = YES;
				GCC_WARN_UNUSED_VARIABLE = YES;
				MACOSX_DEPLOYMENT_TARGET = 14.0;
				MTL_ENABLE_DEBUG_INFO = NO;
				MTL_FAST_MATH = YES;
				PRODUCT_NAME = "$(TARGET_NAME)";
				SDKROOT = macosx;
				SWIFT_COMPILATION_MODE = wholemodule;
				SWIFT_OPTIMIZATION_LEVEL = "-O";
				SWIFT_VERSION = 6.0;
			};
			name = Release;
		};
		83AD3BF4550CA5457F8B6E51 /* Release */ = {
			isa = XCBuildConfiguration;
			buildSettings = {
				ASSETCATALOG_COMPILER_APPICON_NAME = AppIcon;
				CODE_SIGN_ENTITLEMENTS = tamagotchai/Entitlements/Tamagotchai.entitlements;
				COMBINE_HIDPI_IMAGES = YES;
				GENERATE_INFOPLIST_FILE = YES;
				INFOPLIST_KEY_CFBundleDisplayName = Tamagotchai;
				INFOPLIST_KEY_LSApplicationCategoryType = "public.app-category.lifestyle";
				INFOPLIST_KEY_LSUIElement = YES;
				LD_RUNPATH_SEARCH_PATHS = (
					"$(inherited)",
					"@executable_path/../Frameworks",
				);
				PRODUCT_BUNDLE_IDENTIFIER = com.unstablemind.tamagotchai;
				SDKROOT = macosx;
			};
			name = Release;
		};
/* End XCBuildConfiguration section */

/* Begin XCConfigurationList section */
		7324B8513123AD165338771F /* Build configuration list for PBXNativeTarget "Tamagotchai" */ = {
			isa = XCConfigurationList;
			buildConfigurations = (
				160B647D6381578E4BDFF303 /* Debug */,
				83AD3BF4550CA5457F8B6E51 /* Release */,
			);
			defaultConfigurationIsVisible = 0;
			defaultConfigurationName = Debug;
		};
		85641E0CF2CB11577D3DFEB9 /* Build configuration list for PBXProject "Tamagotchai" */ = {
			isa = XCConfigurationList;
			buildConfigurations = (
				5C31E5FBDA98B16FDB10C8DF /* Debug */,
				60D7CE554AE65FF55C03508D /* Release */,
			);
			defaultConfigurationIsVisible = 0;
			defaultConfigurationName = Debug;
		};
/* End XCConfigurationList section */
	};
	rootObject = E183895BFF8CFB6B431FF21D /* Project object */;
}
