// !$*UTF8*$!
{
	archiveVersion = 1;
	classes = {
	};
	objectVersion = 77;
	objects = {

/* Begin PBXBuildFile section */
		099956513258275C888D9C17 /* PromptPanelController.swift in Sources */ = {isa = PBXBuildFile; fileRef = 6D449322E10E6BB23C918E50 /* PromptPanelController.swift */; };
		0D0119FAD42DE581E87D65C7 /* AgentLoop.swift in Sources */ = {isa = PBXBuildFile; fileRef = 7F3B330A8C52FA34054BDE60 /* AgentLoop.swift */; };
		398C599C51D54FDA7B15A8E8 /* FindTool.swift in Sources */ = {isa = PBXBuildFile; fileRef = E3B57A17D8297CE0C2848871 /* FindTool.swift */; };
		4291668781FF244B5A7EE081 /* GrepTool.swift in Sources */ = {isa = PBXBuildFile; fileRef = CB467A37B99F8825954718A9 /* GrepTool.swift */; };
		58A6EC99AA0D4939ED8985C9 /* avatar_pack.riv in Resources */ = {isa = PBXBuildFile; fileRef = 46B666BC978765216D62FF84 /* avatar_pack.riv */; };
		5BFE8EA7252582A6DE513D3D /* WebFetchTool.swift in Sources */ = {isa = PBXBuildFile; fileRef = 4AAE3B60D199496B2AD15707 /* WebFetchTool.swift */; };
		5E1228AF1C9F5A6C7B512653 /* AgentTool.swift in Sources */ = {isa = PBXBuildFile; fileRef = 240A2BC5BE91EC59111BB7FC /* AgentTool.swift */; };
		6B4AE21C4C60C7A3879FFAC1 /* WriteTool.swift in Sources */ = {isa = PBXBuildFile; fileRef = 1C23F76A77C1AEDFCD0BC3D3 /* WriteTool.swift */; };
		705BF951EDBA3B84995D11FD /* RiveRuntime in Frameworks */ = {isa = PBXBuildFile; productRef = 79428049BDEB372B1D6B128C /* RiveRuntime */; };
		82E2D035D7EFA0B8535A6E41 /* TamagotchaiApp.swift in Sources */ = {isa = PBXBuildFile; fileRef = 36B2FBCA59725E0DD164913B /* TamagotchaiApp.swift */; };
		9083FBEDFC3FECC68503375C /* ContentView.swift in Sources */ = {isa = PBXBuildFile; fileRef = 8FE7C40F97BE3426E3660AB3 /* ContentView.swift */; };
		92232CF2F234B831875BD6C1 /* Assets.xcassets in Resources */ = {isa = PBXBuildFile; fileRef = A4DB345D78D7E1CC279B8F49 /* Assets.xcassets */; };
		AF8519C7A25F8C02BCB1A68E /* ClaudeService.swift in Sources */ = {isa = PBXBuildFile; fileRef = 57F4BC561B4564DD9CA624CF /* ClaudeService.swift */; };
		AFB8A474EC6602B09505E1F1 /* MascotView.swift in Sources */ = {isa = PBXBuildFile; fileRef = 52B74160BBE6B75D3AA754C2 /* MascotView.swift */; };
		B46B0E4F8F6EACB819134DEA /* LsTool.swift in Sources */ = {isa = PBXBuildFile; fileRef = DC6FEB4F6520174E8D9A991F /* LsTool.swift */; };
		BD02EB2A0950C8C2F57A56E9 /* ClaudeOAuth.swift in Sources */ = {isa = PBXBuildFile; fileRef = 54066C4888E025A62763B481 /* ClaudeOAuth.swift */; };
		C047E42DD4B026F582DFFDF6 /* ReadTool.swift in Sources */ = {isa = PBXBuildFile; fileRef = 9BCE6A076A69299A2B92B673 /* ReadTool.swift */; };
		C10EA6F9E96084609564E571 /* MascotState.swift in Sources */ = {isa = PBXBuildFile; fileRef = A3CD99D66F6E1E5354B61F26 /* MascotState.swift */; };
		DDC23F57DB0A9623506D08E3 /* FloatingPanel.swift in Sources */ = {isa = PBXBuildFile; fileRef = D24EF6276BE226C9B7F8E56F /* FloatingPanel.swift */; };
		E0368A9A22612832A2ECD645 /* EditTool.swift in Sources */ = {isa = PBXBuildFile; fileRef = B9F1811FA8B877563B30475E /* EditTool.swift */; };
		E53464559DF16636B3AA3F97 /* MarkdownRenderer.swift in Sources */ = {isa = PBXBuildFile; fileRef = 1DBF6D948FB1FEC79444D571 /* MarkdownRenderer.swift */; };
		E566577EF74445A44CDEC685 /* BashTool.swift in Sources */ = {isa = PBXBuildFile; fileRef = 72A72ADD77BE83A08A891E51 /* BashTool.swift */; };
		EDEFE417BF656F06FE8A6AE8 /* ClaudeCredentials.swift in Sources */ = {isa = PBXBuildFile; fileRef = 025B3C45281DE97D0FCB7955 /* ClaudeCredentials.swift */; };
		A1B2C3D4E5F60001BBBB0001 /* LoginView.swift in Sources */ = {isa = PBXBuildFile; fileRef = A1B2C3D4E5F60002BBBB0001 /* LoginView.swift */; };
		A1B2C3D4E5F60001BBBB0002 /* LoginWindowController.swift in Sources */ = {isa = PBXBuildFile; fileRef = A1B2C3D4E5F60002BBBB0002 /* LoginWindowController.swift */; };
		A1B2C3D4E5F60001AAAA0001 /* PermissionsChecker.swift in Sources */ = {isa = PBXBuildFile; fileRef = A1B2C3D4E5F60002AAAA0001 /* PermissionsChecker.swift */; };
		A1B2C3D4E5F60001AAAA0002 /* PermissionsView.swift in Sources */ = {isa = PBXBuildFile; fileRef = A1B2C3D4E5F60002AAAA0002 /* PermissionsView.swift */; };
		A1B2C3D4E5F60001AAAA0003 /* PermissionsWindowController.swift in Sources */ = {isa = PBXBuildFile; fileRef = A1B2C3D4E5F60002AAAA0003 /* PermissionsWindowController.swift */; };
/* End PBXBuildFile section */

/* Begin PBXFileReference section */
		025B3C45281DE97D0FCB7955 /* ClaudeCredentials.swift */ = {isa = PBXFileReference; lastKnownFileType = sourcecode.swift; path = ClaudeCredentials.swift; sourceTree = "<group>"; };
		1C23F76A77C1AEDFCD0BC3D3 /* WriteTool.swift */ = {isa = PBXFileReference; lastKnownFileType = sourcecode.swift; path = WriteTool.swift; sourceTree = "<group>"; };
		1DBF6D948FB1FEC79444D571 /* MarkdownRenderer.swift */ = {isa = PBXFileReference; lastKnownFileType = sourcecode.swift; path = MarkdownRenderer.swift; sourceTree = "<group>"; };
		240A2BC5BE91EC59111BB7FC /* AgentTool.swift */ = {isa = PBXFileReference; lastKnownFileType = sourcecode.swift; path = AgentTool.swift; sourceTree = "<group>"; };
		36B2FBCA59725E0DD164913B /* TamagotchaiApp.swift */ = {isa = PBXFileReference; lastKnownFileType = sourcecode.swift; path = TamagotchaiApp.swift; sourceTree = "<group>"; };
		46B666BC978765216D62FF84 /* avatar_pack.riv */ = {isa = PBXFileReference; path = avatar_pack.riv; sourceTree = "<group>"; };
		4AAE3B60D199496B2AD15707 /* WebFetchTool.swift */ = {isa = PBXFileReference; lastKnownFileType = sourcecode.swift; path = WebFetchTool.swift; sourceTree = "<group>"; };
		52B74160BBE6B75D3AA754C2 /* MascotView.swift */ = {isa = PBXFileReference; lastKnownFileType = sourcecode.swift; path = MascotView.swift; sourceTree = "<group>"; };
		54066C4888E025A62763B481 /* ClaudeOAuth.swift */ = {isa = PBXFileReference; lastKnownFileType = sourcecode.swift; path = ClaudeOAuth.swift; sourceTree = "<group>"; };
		57F4BC561B4564DD9CA624CF /* ClaudeService.swift */ = {isa = PBXFileReference; lastKnownFileType = sourcecode.swift; path = ClaudeService.swift; sourceTree = "<group>"; };
		6D449322E10E6BB23C918E50 /* PromptPanelController.swift */ = {isa = PBXFileReference; lastKnownFileType = sourcecode.swift; path = PromptPanelController.swift; sourceTree = "<group>"; };
		72A72ADD77BE83A08A891E51 /* BashTool.swift */ = {isa = PBXFileReference; lastKnownFileType = sourcecode.swift; path = BashTool.swift; sourceTree = "<group>"; };
		76F26E815173BCF54B26DCB9 /* Tamagotchai.app */ = {isa = PBXFileReference; explicitFileType = wrapper.application; includeInIndex = 0; path = Tamagotchai.app; sourceTree = BUILT_PRODUCTS_DIR; };
		7F3B330A8C52FA34054BDE60 /* AgentLoop.swift */ = {isa = PBXFileReference; lastKnownFileType = sourcecode.swift; path = AgentLoop.swift; sourceTree = "<group>"; };
		8FE7C40F97BE3426E3660AB3 /* ContentView.swift */ = {isa = PBXFileReference; lastKnownFileType = sourcecode.swift; path = ContentView.swift; sourceTree = "<group>"; };
		9BCE6A076A69299A2B92B673 /* ReadTool.swift */ = {isa = PBXFileReference; lastKnownFileType = sourcecode.swift; path = ReadTool.swift; sourceTree = "<group>"; };
		A3CD99D66F6E1E5354B61F26 /* MascotState.swift */ = {isa = PBXFileReference; lastKnownFileType = sourcecode.swift; path = MascotState.swift; sourceTree = "<group>"; };
		A4DB345D78D7E1CC279B8F49 /* Assets.xcassets */ = {isa = PBXFileReference; lastKnownFileType = folder.assetcatalog; path = Assets.xcassets; sourceTree = "<group>"; };
		B9F1811FA8B877563B30475E /* EditTool.swift */ = {isa = PBXFileReference; lastKnownFileType = sourcecode.swift; path = EditTool.swift; sourceTree = "<group>"; };
		CB467A37B99F8825954718A9 /* GrepTool.swift */ = {isa = PBXFileReference; lastKnownFileType = sourcecode.swift; path = GrepTool.swift; sourceTree = "<group>"; };
		D24EF6276BE226C9B7F8E56F /* FloatingPanel.swift */ = {isa = PBXFileReference; lastKnownFileType = sourcecode.swift; path = FloatingPanel.swift; sourceTree = "<group>"; };
		DC6FEB4F6520174E8D9A991F /* LsTool.swift */ = {isa = PBXFileReference; lastKnownFileType = sourcecode.swift; path = LsTool.swift; sourceTree = "<group>"; };
		E3B57A17D8297CE0C2848871 /* FindTool.swift */ = {isa = PBXFileReference; lastKnownFileType = sourcecode.swift; path = FindTool.swift; sourceTree = "<group>"; };
		A1B2C3D4E5F60002BBBB0001 /* LoginView.swift */ = {isa = PBXFileReference; lastKnownFileType = sourcecode.swift; path = LoginView.swift; sourceTree = "<group>"; };
		A1B2C3D4E5F60002BBBB0002 /* LoginWindowController.swift */ = {isa = PBXFileReference; lastKnownFileType = sourcecode.swift; path = LoginWindowController.swift; sourceTree = "<group>"; };
		A1B2C3D4E5F60002AAAA0001 /* PermissionsChecker.swift */ = {isa = PBXFileReference; lastKnownFileType = sourcecode.swift; path = PermissionsChecker.swift; sourceTree = "<group>"; };
		A1B2C3D4E5F60002AAAA0002 /* PermissionsView.swift */ = {isa = PBXFileReference; lastKnownFileType = sourcecode.swift; path = PermissionsView.swift; sourceTree = "<group>"; };
		A1B2C3D4E5F60002AAAA0003 /* PermissionsWindowController.swift */ = {isa = PBXFileReference; lastKnownFileType = sourcecode.swift; path = PermissionsWindowController.swift; sourceTree = "<group>"; };
/* End PBXFileReference section */

/* Begin PBXFrameworksBuildPhase section */
		E43E0F6898C902E4252EF881 /* Frameworks */ = {
			isa = PBXFrameworksBuildPhase;
			buildActionMask = 2147483647;
			files = (
				705BF951EDBA3B84995D11FD /* RiveRuntime in Frameworks */,
			);
			runOnlyForDeploymentPostprocessing = 0;
		};
/* End PBXFrameworksBuildPhase section */

/* Begin PBXGroup section */
		8077CA5E556903A0D0571113 /* Sources */ = {
			isa = PBXGroup;
			children = (
				8FE7C40F97BE3426E3660AB3 /* ContentView.swift */,
				36B2FBCA59725E0DD164913B /* TamagotchaiApp.swift */,
				C0A38FAB5D2E77DF1F9CCB07 /* AI */,
				A1B2C3D4E5F60003BBBB0001 /* Login */,
				E4175355A2B14F833EE08D6B /* Mascot */,
				A1B2C3D4E5F60003AAAA0001 /* Permissions */,
				E3D5EED0D16B15ECCB8E4EDF /* PromptPanel */,
			);
			name = Sources;
			path = tamagotchai/Sources;
			sourceTree = "<group>";
		};
		92DEE8BA3E6272FAE98B38C0 /* tamagotchai */ = {
			isa = PBXGroup;
			children = (
				A4DB345D78D7E1CC279B8F49 /* Assets.xcassets */,
			);
			path = tamagotchai;
			sourceTree = "<group>";
		};
		9E19C2D827E0612A1438B90A = {
			isa = PBXGroup;
			children = (
				E53591F237780859E7315015 /* Resources */,
				8077CA5E556903A0D0571113 /* Sources */,
				92DEE8BA3E6272FAE98B38C0 /* tamagotchai */,
				CA376747D3CF061F081AFB18 /* Products */,
			);
			sourceTree = "<group>";
		};
		C0A38FAB5D2E77DF1F9CCB07 /* AI */ = {
			isa = PBXGroup;
			children = (
				7F3B330A8C52FA34054BDE60 /* AgentLoop.swift */,
				025B3C45281DE97D0FCB7955 /* ClaudeCredentials.swift */,
				54066C4888E025A62763B481 /* ClaudeOAuth.swift */,
				57F4BC561B4564DD9CA624CF /* ClaudeService.swift */,
				D22CA65963034DD083BBDF10 /* Tools */,
			);
			path = AI;
			sourceTree = "<group>";
		};
		CA376747D3CF061F081AFB18 /* Products */ = {
			isa = PBXGroup;
			children = (
				76F26E815173BCF54B26DCB9 /* Tamagotchai.app */,
			);
			name = Products;
			sourceTree = "<group>";
		};
		D22CA65963034DD083BBDF10 /* Tools */ = {
			isa = PBXGroup;
			children = (
				240A2BC5BE91EC59111BB7FC /* AgentTool.swift */,
				72A72ADD77BE83A08A891E51 /* BashTool.swift */,
				B9F1811FA8B877563B30475E /* EditTool.swift */,
				E3B57A17D8297CE0C2848871 /* FindTool.swift */,
				CB467A37B99F8825954718A9 /* GrepTool.swift */,
				DC6FEB4F6520174E8D9A991F /* LsTool.swift */,
				9BCE6A076A69299A2B92B673 /* ReadTool.swift */,
				4AAE3B60D199496B2AD15707 /* WebFetchTool.swift */,
				1C23F76A77C1AEDFCD0BC3D3 /* WriteTool.swift */,
			);
			path = Tools;
			sourceTree = "<group>";
		};
		A1B2C3D4E5F60003BBBB0001 /* Login */ = {
			isa = PBXGroup;
			children = (
				A1B2C3D4E5F60002BBBB0001 /* LoginView.swift */,
				A1B2C3D4E5F60002BBBB0002 /* LoginWindowController.swift */,
			);
			path = Login;
			sourceTree = "<group>";
		};
		A1B2C3D4E5F60003AAAA0001 /* Permissions */ = {
			isa = PBXGroup;
			children = (
				A1B2C3D4E5F60002AAAA0001 /* PermissionsChecker.swift */,
				A1B2C3D4E5F60002AAAA0002 /* PermissionsView.swift */,
				A1B2C3D4E5F60002AAAA0003 /* PermissionsWindowController.swift */,
			);
			path = Permissions;
			sourceTree = "<group>";
		};
		E3D5EED0D16B15ECCB8E4EDF /* PromptPanel */ = {
			isa = PBXGroup;
			children = (
				D24EF6276BE226C9B7F8E56F /* FloatingPanel.swift */,
				1DBF6D948FB1FEC79444D571 /* MarkdownRenderer.swift */,
				6D449322E10E6BB23C918E50 /* PromptPanelController.swift */,
			);
			path = PromptPanel;
			sourceTree = "<group>";
		};
		E4175355A2B14F833EE08D6B /* Mascot */ = {
			isa = PBXGroup;
			children = (
				A3CD99D66F6E1E5354B61F26 /* MascotState.swift */,
				52B74160BBE6B75D3AA754C2 /* MascotView.swift */,
			);
			path = Mascot;
			sourceTree = "<group>";
		};
		E53591F237780859E7315015 /* Resources */ = {
			isa = PBXGroup;
			children = (
				46B666BC978765216D62FF84 /* avatar_pack.riv */,
			);
			name = Resources;
			path = tamagotchai/Resources;
			sourceTree = "<group>";
		};
/* End PBXGroup section */

/* Begin PBXNativeTarget section */
		DF6AA4A6F722301B72F0456B /* Tamagotchai */ = {
			isa = PBXNativeTarget;
			buildConfigurationList = 7324B8513123AD165338771F /* Build configuration list for PBXNativeTarget "Tamagotchai" */;
			buildPhases = (
				31B1CB5CB3D4464ED31CA9AE /* SwiftLint */,
				89C6A061E6CFD4AF84FED1F3 /* SwiftFormat Check */,
				623FEC90369B6278158AE4F9 /* Sources */,
				8832604038B38192CF7CFDE6 /* Resources */,
				E43E0F6898C902E4252EF881 /* Frameworks */,
			);
			buildRules = (
			);
			dependencies = (
			);
			name = Tamagotchai;
			packageProductDependencies = (
				79428049BDEB372B1D6B128C /* RiveRuntime */,
			);
			productName = Tamagotchai;
			productReference = 76F26E815173BCF54B26DCB9 /* Tamagotchai.app */;
			productType = "com.apple.product-type.application";
		};
/* End PBXNativeTarget section */

/* Begin PBXProject section */
		E183895BFF8CFB6B431FF21D /* Project object */ = {
			isa = PBXProject;
			attributes = {
				BuildIndependentTargetsInParallel = YES;
				LastUpgradeCheck = 2610;
			};
			buildConfigurationList = 85641E0CF2CB11577D3DFEB9 /* Build configuration list for PBXProject "Tamagotchai" */;
			compatibilityVersion = "Xcode 14.0";
			developmentRegion = en;
			hasScannedForEncodings = 0;
			knownRegions = (
				Base,
				en,
			);
			mainGroup = 9E19C2D827E0612A1438B90A;
			minimizedProjectReferenceProxies = 1;
			packageReferences = (
				7BA8563EBA26BBBAC9614799 /* XCRemoteSwiftPackageReference "rive-ios" */,
			);
			preferredProjectObjectVersion = 77;
			projectDirPath = "";
			projectRoot = "";
			targets = (
				DF6AA4A6F722301B72F0456B /* Tamagotchai */,
			);
		};
/* End PBXProject section */

/* Begin PBXResourcesBuildPhase section */
		8832604038B38192CF7CFDE6 /* Resources */ = {
			isa = PBXResourcesBuildPhase;
			buildActionMask = 2147483647;
			files = (
				92232CF2F234B831875BD6C1 /* Assets.xcassets in Resources */,
				58A6EC99AA0D4939ED8985C9 /* avatar_pack.riv in Resources */,
			);
			runOnlyForDeploymentPostprocessing = 0;
		};
/* End PBXResourcesBuildPhase section */

/* Begin PBXShellScriptBuildPhase section */
		31B1CB5CB3D4464ED31CA9AE /* SwiftLint */ = {
			isa = PBXShellScriptBuildPhase;
			alwaysOutOfDate = 1;
			buildActionMask = 2147483647;
			files = (
			);
			inputFileListPaths = (
			);
			inputPaths = (
			);
			name = SwiftLint;
			outputFileListPaths = (
			);
			outputPaths = (
			);
			runOnlyForDeploymentPostprocessing = 0;
			shellPath = /bin/sh;
			shellScript = "if command -v swiftlint >/dev/null 2>&1; then\n  swiftlint lint --config \"${SRCROOT}/.swiftlint.yml\"\nfi\n";
		};
		89C6A061E6CFD4AF84FED1F3 /* SwiftFormat Check */ = {
			isa = PBXShellScriptBuildPhase;
			alwaysOutOfDate = 1;
			buildActionMask = 2147483647;
			files = (
			);
			inputFileListPaths = (
			);
			inputPaths = (
			);
			name = "SwiftFormat Check";
			outputFileListPaths = (
			);
			outputPaths = (
			);
			runOnlyForDeploymentPostprocessing = 0;
			shellPath = /bin/sh;
			shellScript = "if command -v swiftformat >/dev/null 2>&1; then\n  swiftformat --lint --config \"${SRCROOT}/.swiftformat\" \"${SRCROOT}/tamagotchai/Sources\"\nfi\n";
		};
/* End PBXShellScriptBuildPhase section */

/* Begin PBXSourcesBuildPhase section */
		623FEC90369B6278158AE4F9 /* Sources */ = {
			isa = PBXSourcesBuildPhase;
			buildActionMask = 2147483647;
			files = (
				0D0119FAD42DE581E87D65C7 /* AgentLoop.swift in Sources */,
				5E1228AF1C9F5A6C7B512653 /* AgentTool.swift in Sources */,
				E566577EF74445A44CDEC685 /* BashTool.swift in Sources */,
				EDEFE417BF656F06FE8A6AE8 /* ClaudeCredentials.swift in Sources */,
				BD02EB2A0950C8C2F57A56E9 /* ClaudeOAuth.swift in Sources */,
				AF8519C7A25F8C02BCB1A68E /* ClaudeService.swift in Sources */,
				9083FBEDFC3FECC68503375C /* ContentView.swift in Sources */,
				E0368A9A22612832A2ECD645 /* EditTool.swift in Sources */,
				398C599C51D54FDA7B15A8E8 /* FindTool.swift in Sources */,
				DDC23F57DB0A9623506D08E3 /* FloatingPanel.swift in Sources */,
				4291668781FF244B5A7EE081 /* GrepTool.swift in Sources */,
				B46B0E4F8F6EACB819134DEA /* LsTool.swift in Sources */,
				E53464559DF16636B3AA3F97 /* MarkdownRenderer.swift in Sources */,
				C10EA6F9E96084609564E571 /* MascotState.swift in Sources */,
				AFB8A474EC6602B09505E1F1 /* MascotView.swift in Sources */,
				A1B2C3D4E5F60001BBBB0001 /* LoginView.swift in Sources */,
				A1B2C3D4E5F60001BBBB0002 /* LoginWindowController.swift in Sources */,
				A1B2C3D4E5F60001AAAA0001 /* PermissionsChecker.swift in Sources */,
				A1B2C3D4E5F60001AAAA0002 /* PermissionsView.swift in Sources */,
				A1B2C3D4E5F60001AAAA0003 /* PermissionsWindowController.swift in Sources */,
				099956513258275C888D9C17 /* PromptPanelController.swift in Sources */,
				C047E42DD4B026F582DFFDF6 /* ReadTool.swift in Sources */,
				82E2D035D7EFA0B8535A6E41 /* TamagotchaiApp.swift in Sources */,
				5BFE8EA7252582A6DE513D3D /* WebFetchTool.swift in Sources */,
				6B4AE21C4C60C7A3879FFAC1 /* WriteTool.swift in Sources */,
			);
			runOnlyForDeploymentPostprocessing = 0;
		};
/* End PBXSourcesBuildPhase section */

/* Begin XCBuildConfiguration section */
		160B647D6381578E4BDFF303 /* Debug */ = {
			isa = XCBuildConfiguration;
			buildSettings = {
				ASSETCATALOG_COMPILER_APPICON_NAME = AppIcon;
				CODE_SIGN_ENTITLEMENTS = tamagotchai/Entitlements/Tamagotchai.entitlements;
				COMBINE_HIDPI_IMAGES = YES;
				GENERATE_INFOPLIST_FILE = YES;
				INFOPLIST_KEY_CFBundleDisplayName = Tamagotchai;
				INFOPLIST_KEY_LSApplicationCategoryType = "public.app-category.lifestyle";
				INFOPLIST_KEY_LSUIElement = YES;
				LD_RUNPATH_SEARCH_PATHS = (
					"$(inherited)",
					"@executable_path/../Frameworks",
				);
				PRODUCT_BUNDLE_IDENTIFIER = com.unstablemind.tamagotchai;
				SDKROOT = macosx;
			};
			name = Debug;
		};
		5C31E5FBDA98B16FDB10C8DF /* Debug */ = {
			isa = XCBuildConfiguration;
			buildSettings = {
				ALWAYS_SEARCH_USER_PATHS = NO;
				CLANG_ANALYZER_NONNULL = YES;
				CLANG_ANALYZER_NUMBER_OBJECT_CONVERSION = YES_AGGRESSIVE;
				CLANG_CXX_LANGUAGE_STANDARD = "gnu++14";
				CLANG_CXX_LIBRARY = "libc++";
				CLANG_ENABLE_MODULES = YES;
				CLANG_ENABLE_OBJC_ARC = YES;
				CLANG_ENABLE_OBJC_WEAK = YES;
				CLANG_WARN_BLOCK_CAPTURE_AUTORELEASING = YES;
				CLANG_WARN_BOOL_CONVERSION = YES;
				CLANG_WARN_COMMA = YES;
				CLANG_WARN_CONSTANT_CONVERSION = YES;
				CLANG_WARN_DEPRECATED_OBJC_IMPLEMENTATIONS = YES;
				CLANG_WARN_DIRECT_OBJC_ISA_USAGE = YES_ERROR;
				CLANG_WARN_DOCUMENTATION_COMMENTS = YES;
				CLANG_WARN_EMPTY_BODY = YES;
				CLANG_WARN_ENUM_CONVERSION = YES;
				CLANG_WARN_INFINITE_RECURSION = YES;
				CLANG_WARN_INT_CONVERSION = YES;
				CLANG_WARN_NON_LITERAL_NULL_CONVERSION = YES;
				CLANG_WARN_OBJC_IMPLICIT_RETAIN_SELF = YES;
				CLANG_WARN_OBJC_LITERAL_CONVERSION = YES;
				CLANG_WARN_OBJC_ROOT_CLASS = YES_ERROR;
				CLANG_WARN_QUOTED_INCLUDE_IN_FRAMEWORK_HEADER = YES;
				CLANG_WARN_RANGE_LOOP_ANALYSIS = YES;
				CLANG_WARN_STRICT_PROTOTYPES = YES;
				CLANG_WARN_SUSPICIOUS_MOVE = YES;
				CLANG_WARN_UNGUARDED_AVAILABILITY = YES_AGGRESSIVE;
				CLANG_WARN_UNREACHABLE_CODE = YES;
				CLANG_WARN__DUPLICATE_METHOD_MATCH = YES;
				COPY_PHASE_STRIP = NO;
				DEBUG_INFORMATION_FORMAT = dwarf;
				ENABLE_STRICT_OBJC_MSGSEND = YES;
				ENABLE_TESTABILITY = YES;
				GCC_C_LANGUAGE_STANDARD = gnu11;
				GCC_DYNAMIC_NO_PIC = NO;
				GCC_NO_COMMON_BLOCKS = YES;
				GCC_OPTIMIZATION_LEVEL = 0;
				GCC_PREPROCESSOR_DEFINITIONS = (
					"$(inherited)",
					"DEBUG=1",
				);
				GCC_WARN_64_TO_32_BIT_CONVERSION = YES;
				GCC_WARN_ABOUT_RETURN_TYPE = YES_ERROR;
				GCC_WARN_UNDECLARED_SELECTOR = YES;
				GCC_WARN_UNINITIALIZED_AUTOS = YES_AGGRESSIVE;
				GCC_WARN_UNUSED_FUNCTION = YES;
				GCC_WARN_UNUSED_VARIABLE = YES;
				MACOSX_DEPLOYMENT_TARGET = 14.0;
				MTL_ENABLE_DEBUG_INFO = INCLUDE_SOURCE;
				MTL_FAST_MATH = YES;
				ONLY_ACTIVE_ARCH = YES;
				PRODUCT_NAME = "$(TARGET_NAME)";
				SDKROOT = macosx;
				SWIFT_ACTIVE_COMPILATION_CONDITIONS = DEBUG;
				SWIFT_OPTIMIZATION_LEVEL = "-Onone";
				SWIFT_VERSION = 6.0;
			};
			name = Debug;
		};
		60D7CE554AE65FF55C03508D /* Release */ = {
			isa = XCBuildConfiguration;
			buildSettings = {
				ALWAYS_SEARCH_USER_PATHS = NO;
				CLANG_ANALYZER_NONNULL = YES;
				CLANG_ANALYZER_NUMBER_OBJECT_CONVERSION = YES_AGGRESSIVE;
				CLANG_CXX_LANGUAGE_STANDARD = "gnu++14";
				CLANG_CXX_LIBRARY = "libc++";
				CLANG_ENABLE_MODULES = YES;
				CLANG_ENABLE_OBJC_ARC = YES;
				CLANG_ENABLE_OBJC_WEAK = YES;
				CLANG_WARN_BLOCK_CAPTURE_AUTORELEASING = YES;
				CLANG_WARN_BOOL_CONVERSION = YES;
				CLANG_WARN_COMMA = YES;
				CLANG_WARN_CONSTANT_CONVERSION = YES;
				CLANG_WARN_DEPRECATED_OBJC_IMPLEMENTATIONS = YES;
				CLANG_WARN_DIRECT_OBJC_ISA_USAGE = YES_ERROR;
				CLANG_WARN_DOCUMENTATION_COMMENTS = YES;
				CLANG_WARN_EMPTY_BODY = YES;
				CLANG_WARN_ENUM_CONVERSION = YES;
				CLANG_WARN_INFINITE_RECURSION = YES;
				CLANG_WARN_INT_CONVERSION = YES;
				CLANG_WARN_NON_LITERAL_NULL_CONVERSION = YES;
				CLANG_WARN_OBJC_IMPLICIT_RETAIN_SELF = YES;
				CLANG_WARN_OBJC_LITERAL_CONVERSION = YES;
				CLANG_WARN_OBJC_ROOT_CLASS = YES_ERROR;
				CLANG_WARN_QUOTED_INCLUDE_IN_FRAMEWORK_HEADER = YES;
				CLANG_WARN_RANGE_LOOP_ANALYSIS = YES;
				CLANG_WARN_STRICT_PROTOTYPES = YES;
				CLANG_WARN_SUSPICIOUS_MOVE = YES;
				CLANG_WARN_UNGUARDED_AVAILABILITY = YES_AGGRESSIVE;
				CLANG_WARN_UNREACHABLE_CODE = YES;
				CLANG_WARN__DUPLICATE_METHOD_MATCH = YES;
				COPY_PHASE_STRIP = NO;
				DEBUG_INFORMATION_FORMAT = "dwarf-with-dsym";
				ENABLE_NS_ASSERTIONS = NO;
				ENABLE_STRICT_OBJC_MSGSEND = YES;
				GCC_C_LANGUAGE_STANDARD = gnu11;
				GCC_NO_COMMON_BLOCKS = YES;
				GCC_WARN_64_TO_32_BIT_CONVERSION = YES;
				GCC_WARN_ABOUT_RETURN_TYPE = YES_ERROR;
				GCC_WARN_UNDECLARED_SELECTOR = YES;
				GCC_WARN_UNINITIALIZED_AUTOS = YES_AGGRESSIVE;
				GCC_WARN_UNUSED_FUNCTION = YES;
				GCC_WARN_UNUSED_VARIABLE = YES;
				MACOSX_DEPLOYMENT_TARGET = 14.0;
				MTL_ENABLE_DEBUG_INFO = NO;
				MTL_FAST_MATH = YES;
				PRODUCT_NAME = "$(TARGET_NAME)";
				SDKROOT = macosx;
				SWIFT_COMPILATION_MODE = wholemodule;
				SWIFT_OPTIMIZATION_LEVEL = "-O";
				SWIFT_VERSION = 6.0;
			};
			name = Release;
		};
		83AD3BF4550CA5457F8B6E51 /* Release */ = {
			isa = XCBuildConfiguration;
			buildSettings = {
				ASSETCATALOG_COMPILER_APPICON_NAME = AppIcon;
				CODE_SIGN_ENTITLEMENTS = tamagotchai/Entitlements/Tamagotchai.entitlements;
				COMBINE_HIDPI_IMAGES = YES;
				GENERATE_INFOPLIST_FILE = YES;
				INFOPLIST_KEY_CFBundleDisplayName = Tamagotchai;
				INFOPLIST_KEY_LSApplicationCategoryType = "public.app-category.lifestyle";
				INFOPLIST_KEY_LSUIElement = YES;
				LD_RUNPATH_SEARCH_PATHS = (
					"$(inherited)",
					"@executable_path/../Frameworks",
				);
				PRODUCT_BUNDLE_IDENTIFIER = com.unstablemind.tamagotchai;
				SDKROOT = macosx;
			};
			name = Release;
		};
/* End XCBuildConfiguration section */

/* Begin XCConfigurationList section */
		7324B8513123AD165338771F /* Build configuration list for PBXNativeTarget "Tamagotchai" */ = {
			isa = XCConfigurationList;
			buildConfigurations = (
				160B647D6381578E4BDFF303 /* Debug */,
				83AD3BF4550CA5457F8B6E51 /* Release */,
			);
			defaultConfigurationIsVisible = 0;
			defaultConfigurationName = Debug;
		};
		85641E0CF2CB11577D3DFEB9 /* Build configuration list for PBXProject "Tamagotchai" */ = {
			isa = XCConfigurationList;
			buildConfigurations = (
				5C31E5FBDA98B16FDB10C8DF /* Debug */,
				60D7CE554AE65FF55C03508D /* Release */,
			);
			defaultConfigurationIsVisible = 0;
			defaultConfigurationName = Debug;
		};
/* End XCConfigurationList section */

/* Begin XCRemoteSwiftPackageReference section */
		7BA8563EBA26BBBAC9614799 /* XCRemoteSwiftPackageReference "rive-ios" */ = {
			isa = XCRemoteSwiftPackageReference;
			repositoryURL = "https://github.com/rive-app/rive-ios";
			requirement = {
				kind = upToNextMajorVersion;
				minimumVersion = 6.18.0;
			};
		};
/* End XCRemoteSwiftPackageReference section */

/* Begin XCSwiftPackageProductDependency section */
		79428049BDEB372B1D6B128C /* RiveRuntime */ = {
			isa = XCSwiftPackageProductDependency;
			package = 7BA8563EBA26BBBAC9614799 /* XCRemoteSwiftPackageReference "rive-ios" */;
			productName = RiveRuntime;
		};
/* End XCSwiftPackageProductDependency section */
	};
	rootObject = E183895BFF8CFB6B431FF21D /* Project object */;
}
