// !$*UTF8*$!
{
	archiveVersion = 1;
	classes = {
	};
	objectVersion = 77;
	objects = {

/* Begin PBXBuildFile section */
		037D2872DF8413D0130D75ED /* ClaudeModels.swift in Sources */ = {isa = PBXBuildFile; fileRef = 10E2C20E875FAFD1B55D3E07 /* ClaudeModels.swift */; };
		03B8041C30774A4B8E7EEEA6 /* TaskStore.swift in Sources */ = {isa = PBXBuildFile; fileRef = 36A51D85DABFD2505A9AC9DF /* TaskStore.swift */; };
		0596DF982183DC3034EE98F9 /* ButtonSound.swift in Sources */ = {isa = PBXBuildFile; fileRef = 041A91E8AD52EF028B60ED7D /* ButtonSound.swift */; };
		08F74ECEFDD625E8342C987D /* FileSystemToolHelpersTests.swift in Sources */ = {isa = PBXBuildFile; fileRef = 0DC856C04D85F3940F18E936 /* FileSystemToolHelpersTests.swift */; };
		0A64B5B3D2CAC8BC9DB7253B /* KokoroSwift in Frameworks */ = {isa = PBXBuildFile; productRef = 1973EFBFCAF1952DD3D7CF0C /* KokoroSwift */; };
		0E3B1473E0BAAA0E58CEF15A /* AgentTool.swift in Sources */ = {isa = PBXBuildFile; fileRef = 9A61533DA35E3A06CF7227D7 /* AgentTool.swift */; };
		0FF5B0216A97543DD4D756D0 /* ClaudeCredentials.swift in Sources */ = {isa = PBXBuildFile; fileRef = ECED08CC04BDFFF073C9280D /* ClaudeCredentials.swift */; };
		102E5547DC89333323F6BF4A /* FloatingPanel.swift in Sources */ = {isa = PBXBuildFile; fileRef = 20AC2C03794F5DFA155192CA /* FloatingPanel.swift */; };
		12182B22A468CEB380D9DD06 /* ImageCache.swift in Sources */ = {isa = PBXBuildFile; fileRef = C3985C97D4A245429D23027B /* ImageCache.swift */; };
		14945D14D864182C069A7B63 /* AnimatedTabBar.swift in Sources */ = {isa = PBXBuildFile; fileRef = C59F4E13C2164F5F94AC703A /* AnimatedTabBar.swift */; };
		18D7C5E291D282CE2731F04A /* MenuBarMood.swift in Sources */ = {isa = PBXBuildFile; fileRef = 2C0D725971E11133C103DF8C /* MenuBarMood.swift */; };
		1AA3BFE62FACA18EB16BEB70 /* ReadTool.swift in Sources */ = {isa = PBXBuildFile; fileRef = 2471A6665C568192C555A3E4 /* ReadTool.swift */; };
		1ADEE673AC767A09D70AB321 /* TaskTool.swift in Sources */ = {isa = PBXBuildFile; fileRef = 4B4718B1305B6BFB22203FDA /* TaskTool.swift */; };
		1D0AFF3286A763308B18E95B /* LoginWindowController.swift in Sources */ = {isa = PBXBuildFile; fileRef = 58EAFF524A6B6D962EAF988B /* LoginWindowController.swift */; };
		1D9757245057ACEDF781A5AA /* BrowserManager.swift in Sources */ = {isa = PBXBuildFile; fileRef = 67BD536FC615731E390CDB48 /* BrowserManager.swift */; };
		1EA2762F62BB1CD889992B47 /* LsTool.swift in Sources */ = {isa = PBXBuildFile; fileRef = 166F8F300A32DD5768C4A49E /* LsTool.swift */; };
		1EC9D86E2C4AFE58F6FCB7A0 /* NotchNotificationPresenter.swift in Sources */ = {isa = PBXBuildFile; fileRef = 10585A9AA99FC241A19CCF03 /* NotchNotificationPresenter.swift */; };
		238E7B6CEC00325FCACBCFA3 /* OpenAIStreamParser.swift in Sources */ = {isa = PBXBuildFile; fileRef = 37DF34F8FB46A8639214668E /* OpenAIStreamParser.swift */; };
		245658557424759CE330EFBE /* CircleCloseButton.swift in Sources */ = {isa = PBXBuildFile; fileRef = 28062F6930D520B033E0FF06 /* CircleCloseButton.swift */; };
		24D31F05C14F3C2C078FB8C9 /* OAuthCredentialsTests.swift in Sources */ = {isa = PBXBuildFile; fileRef = 750076651D04902913F96C10 /* OAuthCredentialsTests.swift */; };
		2627604DCD3085897C5DCC37 /* EditTool.swift in Sources */ = {isa = PBXBuildFile; fileRef = D0833A626E7995F2DAFB45DC /* EditTool.swift */; };
		2DA63CB593692484249E32F2 /* ScheduleParser.swift in Sources */ = {isa = PBXBuildFile; fileRef = CCD675CC1366F086E4A5EF75 /* ScheduleParser.swift */; };
		2F5B9045910A7E93F2A23D0C /* ClaudeModelsTests.swift in Sources */ = {isa = PBXBuildFile; fileRef = 0B1B41FC881AACBB27FD6CCB /* ClaudeModelsTests.swift */; };
		3061F393A1C6E3CE3662C4EC /* KeepAwakeTool.swift in Sources */ = {isa = PBXBuildFile; fileRef = EB3AE14DA41F12BF07B89219 /* KeepAwakeTool.swift */; };
		318B863DA4DB04F31E0BEF37 /* VoiceSettingsController.swift in Sources */ = {isa = PBXBuildFile; fileRef = 9B2821E890A4951FA6DFEE5B /* VoiceSettingsController.swift */; };
		3206305CFF545E08414E9846 /* SessionStore.swift in Sources */ = {isa = PBXBuildFile; fileRef = 77FBE01E789E92890A5EF4DE /* SessionStore.swift */; };
		32B275529D0BA987D86AE22C /* CodexStreamParser.swift in Sources */ = {isa = PBXBuildFile; fileRef = CB3B5FC1180AF9EA2A7DB7D6 /* CodexStreamParser.swift */; };
		33BF02E64CFF8266369D252E /* Highlightr in Frameworks */ = {isa = PBXBuildFile; productRef = 82DB90922D92F997202FB4BB /* Highlightr */; };
		376EC69C9A58AE951CE376BB /* DownloadHelper.swift in Sources */ = {isa = PBXBuildFile; fileRef = 3D3FF10230D9EACDC52594C6 /* DownloadHelper.swift */; };
		38D8A645B42A35021CB3B734 /* notification.mp3 in Resources */ = {isa = PBXBuildFile; fileRef = 88736AB83601289B1648FAAC /* notification.mp3 */; };
		3A2E05AD442269941C95312E /* ScheduleStore.swift in Sources */ = {isa = PBXBuildFile; fileRef = B2C926C6A2F204EE46644A22 /* ScheduleStore.swift */; };
		3B7D9829F6B5657204F9FEE5 /* WebSearchTool.swift in Sources */ = {isa = PBXBuildFile; fileRef = 071DEE5DE1D3FB392B60B28F /* WebSearchTool.swift */; };
		3BCF04DE334EC8698CE043C9 /* SkillTool.swift in Sources */ = {isa = PBXBuildFile; fileRef = CD293E8D0C98E78D0956380C /* SkillTool.swift */; };
		3EE5A99B64E41E167F187A58 /* ReadToolTests.swift in Sources */ = {isa = PBXBuildFile; fileRef = 1E13BE43ECE54E91B9058B9D /* ReadToolTests.swift */; };
		3F24B67DA8E4DD4B72D42D85 /* FindTool.swift in Sources */ = {isa = PBXBuildFile; fileRef = 6DCC0E5C3FEAB83FA8FD6182 /* FindTool.swift */; };
		4283BBF7054F4E336DA44A84 /* BrowserTool.swift in Sources */ = {isa = PBXBuildFile; fileRef = CADDC766946BC09C78280A3D /* BrowserTool.swift */; };
		437E5950A9AA42134EB96F24 /* GrepTool.swift in Sources */ = {isa = PBXBuildFile; fileRef = 7C961CF3321997314154D66B /* GrepTool.swift */; };
		45FDFCA1692CC99061DE32E5 /* VoiceService.swift in Sources */ = {isa = PBXBuildFile; fileRef = 4E95728479043325C75C7159 /* VoiceService.swift */; };
		4627DAC5A225953F24357B18 /* MLXUtilsLibrary in Frameworks */ = {isa = PBXBuildFile; productRef = 18B18D766A71CB221B42452C /* MLXUtilsLibrary */; };
		49A81D10828845674603448F /* SkillListView.swift in Sources */ = {isa = PBXBuildFile; fileRef = 4DB0D7E42D2F3EBBCC2B9589 /* SkillListView.swift */; };
		504092E774E94DCD60B9F1CF /* ToolListView.swift in Sources */ = {isa = PBXBuildFile; fileRef = B60C34E3BF770A0097677E9E /* ToolListView.swift */; };
		52CF359BAE0B1EFC36F51EAD /* DismissTool.swift in Sources */ = {isa = PBXBuildFile; fileRef = 0E987C138A2890E13F94BDE2 /* DismissTool.swift */; };
		54E795594E31777DBCBFAD0D /* SystemAudioMuter.swift in Sources */ = {isa = PBXBuildFile; fileRef = 7F0EB70CA69385231558C97C /* SystemAudioMuter.swift */; };
		572DE80AC303322687D75ECA /* ClipboardStore.swift in Sources */ = {isa = PBXBuildFile; fileRef = 328CCED8C1F813B40044A55D /* ClipboardStore.swift */; };
		58975CC2758636BACAEA1B0A /* BashTool.swift in Sources */ = {isa = PBXBuildFile; fileRef = 7066CF582F135C265E52FADD /* BashTool.swift */; };
		5BE0848E7002D0F7C8C2CD1C /* FloatingPanel+Presentation.swift in Sources */ = {isa = PBXBuildFile; fileRef = D49A58F3146578793EB1B3CC /* FloatingPanel+Presentation.swift */; };
		5CAD8217511B51035DED58ED /* SessionListView.swift in Sources */ = {isa = PBXBuildFile; fileRef = 5D70039C96EBE77D2760A254 /* SessionListView.swift */; };
		5E6EB4937046A79883B3E78A /* ProviderStore.swift in Sources */ = {isa = PBXBuildFile; fileRef = F0703C309F4DE4DFF9D571A8 /* ProviderStore.swift */; };
		633449D95087F62ACF27A404 /* PermissionsChecker.swift in Sources */ = {isa = PBXBuildFile; fileRef = 57CA6FAF0DB5C7D2F9C43DCB /* PermissionsChecker.swift */; };
		684CC7B81C26FC5A5E7B7535 /* WriteTool.swift in Sources */ = {isa = PBXBuildFile; fileRef = B7D5D52F4AA20CD480728E6D /* WriteTool.swift */; };
		697457228D8703520502ED74 /* ClipboardMonitor.swift in Sources */ = {isa = PBXBuildFile; fileRef = 62099CFA99CA58E15B2FAAC5 /* ClipboardMonitor.swift */; };
		69B772715402BAEEB916770E /* WebFetchTool.swift in Sources */ = {isa = PBXBuildFile; fileRef = D689CCD841BF8ECD9764668B /* WebFetchTool.swift */; };
		6A0BEE444762A3A92B86D1EC /* ChromiumManager.swift in Sources */ = {isa = PBXBuildFile; fileRef = CF633306AA7267F7ACA50D27 /* ChromiumManager.swift */; };
		6B269E043DFC35F209FADCCF /* CDPConnection.swift in Sources */ = {isa = PBXBuildFile; fileRef = 5C67D0385244F9EF74AA818B /* CDPConnection.swift */; };
		6B2D6CFB1EE0EB89B3EBBC71 /* LoginView.swift in Sources */ = {isa = PBXBuildFile; fileRef = A4E8393B77342C50592D3525 /* LoginView.swift */; };
		6C4070686154A477279FE3CB /* BrowserToolTests.swift in Sources */ = {isa = PBXBuildFile; fileRef = C712A61E11D4EB9BFE8449FF /* BrowserToolTests.swift */; };
		6D93E350459B4EB4790500B2 /* PromptPanelController.swift in Sources */ = {isa = PBXBuildFile; fileRef = 2786A74714DDB85A74352819 /* PromptPanelController.swift */; };
		6D93FC6CD507D2DC76786CC6 /* LsToolTests.swift in Sources */ = {isa = PBXBuildFile; fileRef = 28701872C2F6F8313890A64D /* LsToolTests.swift */; };
		6DB31E4B57CF5BCC510EBCF1 /* OpenAIOAuth.swift in Sources */ = {isa = PBXBuildFile; fileRef = 382568807BA115CEB1ACD3C2 /* OpenAIOAuth.swift */; };
		6E21EDB01351A84860C3BE5F /* ChatSession.swift in Sources */ = {isa = PBXBuildFile; fileRef = 413F4F8468CDF79800C33815 /* ChatSession.swift */; };
		6F856E718A785EF0818F435C /* ToolRowView.swift in Sources */ = {isa = PBXBuildFile; fileRef = 4DD450B8C2A39420D416D0B9 /* ToolRowView.swift */; };
		763B856D0839770EA620A9C4 /* BrowserToolIntegrationTests.swift in Sources */ = {isa = PBXBuildFile; fileRef = B04130FA9274D1BE8C8E204C /* BrowserToolIntegrationTests.swift */; };
		76847066BA8E645FA6A3BC43 /* ClipboardEntry.swift in Sources */ = {isa = PBXBuildFile; fileRef = 1FB4F8030328B208F603321D /* ClipboardEntry.swift */; };
		78FC6FCB2B81AC7606EE6F2C /* TogglePanelTool.swift in Sources */ = {isa = PBXBuildFile; fileRef = C268FDAD3692A0D7067759E7 /* TogglePanelTool.swift */; };
		79109F066CB6001C43C4C548 /* AppError.swift in Sources */ = {isa = PBXBuildFile; fileRef = DD94AD31B37B4BD394DF8891 /* AppError.swift */; };
		7A64850465E110A6E3A076C3 /* AudioWaveformView.swift in Sources */ = {isa = PBXBuildFile; fileRef = D2FCB9C8BAC956EA3A8F0F92 /* AudioWaveformView.swift */; };
		7CA285BA3505472BE983560F /* TamaApp.swift in Sources */ = {isa = PBXBuildFile; fileRef = E8EB58F463546341A17A9D3A /* TamaApp.swift */; };
		8205CC009D1EE20318FFAD61 /* NotificationDetailPanel.swift in Sources */ = {isa = PBXBuildFile; fileRef = 49A16FE12DF8079043A80BE5 /* NotificationDetailPanel.swift */; };
		87AE096F0638084B44D5E1D4 /* KokoroManager.swift in Sources */ = {isa = PBXBuildFile; fileRef = 0521698D93C42116ED27F049 /* KokoroManager.swift */; };
		88CE8835AAD9350269F21A43 /* TaskDetailView.swift in Sources */ = {isa = PBXBuildFile; fileRef = 1EC463613B79056476B8F0AA /* TaskDetailView.swift */; };
		892794BDA4FE2486234EBE93 /* SkillDetailView.swift in Sources */ = {isa = PBXBuildFile; fileRef = 160126B5B0244AACE04D63CD /* SkillDetailView.swift */; };
		8AE5DBB72CDEB070D4E36A91 /* CodexRequestBuilder.swift in Sources */ = {isa = PBXBuildFile; fileRef = BAEDAFFA6DC7B0F7394D6B16 /* CodexRequestBuilder.swift */; };
		8B886DE43FD8008E7DD50CA9 /* Skill.swift in Sources */ = {isa = PBXBuildFile; fileRef = 38141622E160E4973D472C52 /* Skill.swift */; };
		8BE84167850813C41CC77149 /* SkillStore.swift in Sources */ = {isa = PBXBuildFile; fileRef = E11E593524464E1005E8FCFF /* SkillStore.swift */; };
		8D79B67CC9266D794E2CD24B /* RiveRuntime in Frameworks */ = {isa = PBXBuildFile; productRef = ACB162E77BE0D0DC6451A50A /* RiveRuntime */; };
		8FB801B8BF7A57B830F4CBAE /* WriteToolTests.swift in Sources */ = {isa = PBXBuildFile; fileRef = 3824AEDB14CAEE832164D1B7 /* WriteToolTests.swift */; };
		91214EB52CCE986715158D93 /* PanelHelperViews.swift in Sources */ = {isa = PBXBuildFile; fileRef = 3DBE2BFD08F5517C3A70F394 /* PanelHelperViews.swift */; };
		923D6B0B81B97A889831E6A0 /* ClipboardHistoryView.swift in Sources */ = {isa = PBXBuildFile; fileRef = C3C2F60ACFB35424A2DDA15D /* ClipboardHistoryView.swift */; };
		9360F048E73E6A1DB116056C /* WebFetchToolTests.swift in Sources */ = {isa = PBXBuildFile; fileRef = 6DA733488E885BC1FC34C2A9 /* WebFetchToolTests.swift */; };
		96CC8C751CC8136449F60AFD /* CreateReminderTool.swift in Sources */ = {isa = PBXBuildFile; fileRef = DCDFBCCF2C2B268E7092C6F0 /* CreateReminderTool.swift */; };
		9787F7E1C93997F9917ECB55 /* VoiceSettingsView.swift in Sources */ = {isa = PBXBuildFile; fileRef = 8389BAE4360565E6017ED575 /* VoiceSettingsView.swift */; };
		99E89CC18A4D56BBB0BED927 /* TaskItem.swift in Sources */ = {isa = PBXBuildFile; fileRef = 1602ED6E0F07AB0C50755CD7 /* TaskItem.swift */; };
		9BEDD6644E7F9FB13BC85538 /* SkeletonView.swift in Sources */ = {isa = PBXBuildFile; fileRef = 82F90C9B8D48638EF77ADD64 /* SkeletonView.swift */; };
		9CF5E4ED71B59BE6F98E374C /* GlassButton.swift in Sources */ = {isa = PBXBuildFile; fileRef = 63BA5F68803FD3579AB2913B /* GlassButton.swift */; };
		A384D1DC1CCF9794EC18DEDB /* ErrorTextBlock.swift in Sources */ = {isa = PBXBuildFile; fileRef = 49470A153936A21FF1F14276 /* ErrorTextBlock.swift */; };
		A59B47C830E1BD3F9DFA7263 /* AgentLoop.swift in Sources */ = {isa = PBXBuildFile; fileRef = 80C8A3B117ECF582CBFA4770 /* AgentLoop.swift */; };
		ABC3D49722D310D0E1C9B36D /* DropdownPanelController.swift in Sources */ = {isa = PBXBuildFile; fileRef = 150A00E6A620292F63778521 /* DropdownPanelController.swift */; };
		AD954E5E2FBF8456DBEBDE45 /* sound-step.mp3 in Resources */ = {isa = PBXBuildFile; fileRef = 0C406B0172D5BDE9267A1EB7 /* sound-step.mp3 */; };
		AF0FECDEC3D05EB7674B8032 /* ClipboardHistoryTool.swift in Sources */ = {isa = PBXBuildFile; fileRef = 8E6D9D9905A17C23B4330DB9 /* ClipboardHistoryTool.swift */; };
		B6FED770FDEFFC1489498292 /* CreateRoutineTool.swift in Sources */ = {isa = PBXBuildFile; fileRef = DDA24AF8A50BCE6686934553 /* CreateRoutineTool.swift */; };
		B8B0810C9A791D2D8CF5DC60 /* PanelTool.swift in Sources */ = {isa = PBXBuildFile; fileRef = BBA2077E43B2E33FE903E16D /* PanelTool.swift */; };
		BA98B157C39E3FF59BFE0173 /* ImagePreviewWindow.swift in Sources */ = {isa = PBXBuildFile; fileRef = 2BE213E6E1A9C20818A592FB /* ImagePreviewWindow.swift */; };
		BBBDB955BCDE9745801225BF /* MLX in Frameworks */ = {isa = PBXBuildFile; productRef = B84F973FD25B584C0BEB60D6 /* MLX */; };
		BF24F9B37871A2BD93C015E7 /* MarkdownRenderer.swift in Sources */ = {isa = PBXBuildFile; fileRef = CF8DC19E2E173C1395EE0E7A /* MarkdownRenderer.swift */; };
		BF87DE8D62789966D5FCC24A /* MenuBarIcon.swift in Sources */ = {isa = PBXBuildFile; fileRef = 61FBCC6E2B09D9CDA9FD9642 /* MenuBarIcon.swift */; };
		C1A1C838B92915D057BE8F9E /* OnboardingView.swift in Sources */ = {isa = PBXBuildFile; fileRef = 1C251B9913138986B04BF7F3 /* OnboardingView.swift */; };
		C2A07FA358181701C464B8BD /* GrepToolTests.swift in Sources */ = {isa = PBXBuildFile; fileRef = 740CAC1A3674E17EE5809517 /* GrepToolTests.swift */; };
		C2AB48EA302D47AFA3713457 /* ToolIndicatorView.swift in Sources */ = {isa = PBXBuildFile; fileRef = A847B7148483C08591F2377F /* ToolIndicatorView.swift */; };
		C3F64B784A6B550CD850E7AD /* FloatingPanel+Lists.swift in Sources */ = {isa = PBXBuildFile; fileRef = 34B9A1FAB0E1E47B7F00E82B /* FloatingPanel+Lists.swift */; };
		C6FB77969233DF4C0A28D01A /* ResponseTextView.swift in Sources */ = {isa = PBXBuildFile; fileRef = 42A919EE25049F8E1C243ABF /* ResponseTextView.swift */; };
		C979EFDEF5D5EF9AC6DE67FD /* TaskListView.swift in Sources */ = {isa = PBXBuildFile; fileRef = 55003A7865F98271C0D0499E /* TaskListView.swift */; };
		CD431FAF2C453F3065435140 /* OnboardingController.swift in Sources */ = {isa = PBXBuildFile; fileRef = 957F767535995555B98E8B66 /* OnboardingController.swift */; };
		CD783C6A6B12FE2E59F85805 /* StreamParser.swift in Sources */ = {isa = PBXBuildFile; fileRef = 57F1E2471842ABD8131A6FD5 /* StreamParser.swift */; };
		CF604695EEF51F20627E2C7A /* avatar_pack.riv in Resources */ = {isa = PBXBuildFile; fileRef = D64D9D055FDF699C502A4C4B /* avatar_pack.riv */; };
		D03C2306AC9F70BD06FA208B /* PanelToolRegistry.swift in Sources */ = {isa = PBXBuildFile; fileRef = 3C375B175FB165A4A8A21BD2 /* PanelToolRegistry.swift */; };
		D3A03667EAFD2FCE35E0D937 /* SpeechService.swift in Sources */ = {isa = PBXBuildFile; fileRef = 524A57012550F1FB19D9E604 /* SpeechService.swift */; };
		D47B81E0B34D67C77B7907E0 /* EditToolTests.swift in Sources */ = {isa = PBXBuildFile; fileRef = 59C041EB0310E04A8F99A22F /* EditToolTests.swift */; };
		D5B010A58187A0F3604AA7D7 /* ListSchedulesTool.swift in Sources */ = {isa = PBXBuildFile; fileRef = 519C2A3082C92E164C035070 /* ListSchedulesTool.swift */; };
		D66DB553FEEEBDFD0720D538 /* StreamParserTests.swift in Sources */ = {isa = PBXBuildFile; fileRef = C8BE65AA1CF2B2D95CCF9DB7 /* StreamParserTests.swift */; };
		D6786EB4F0050EB4260CE5D3 /* FloatingPanel+Response.swift in Sources */ = {isa = PBXBuildFile; fileRef = CF8A11B848939237B5F7075F /* FloatingPanel+Response.swift */; };
		D76D4156C9940F6F62414E68 /* DeleteScheduleTool.swift in Sources */ = {isa = PBXBuildFile; fileRef = 11F2BAEAF548FF5A71A17C67 /* DeleteScheduleTool.swift */; };
		D935E707387E445DC564EDA7 /* RoutineListView.swift in Sources */ = {isa = PBXBuildFile; fileRef = 53C4C4A63AFCCD1ED7C01C4E /* RoutineListView.swift */; };
		DE6054372760E743D6A65DBF /* NightShiftTool.swift in Sources */ = {isa = PBXBuildFile; fileRef = 9985FD9859E2D7D468EADAD7 /* NightShiftTool.swift */; };
		E362A3907A25302917D97524 /* PermissionsView.swift in Sources */ = {isa = PBXBuildFile; fileRef = 76A35BE0979A54CBD07A048E /* PermissionsView.swift */; };
		E6504B8EE61A4E7E12CE260A /* FindToolTests.swift in Sources */ = {isa = PBXBuildFile; fileRef = AEE5D367A0817144663B9845 /* FindToolTests.swift */; };
		E72564DF6F402A1A173DB83C /* ClaudeService.swift in Sources */ = {isa = PBXBuildFile; fileRef = 1FA6B9A58A410E1875FC47B8 /* ClaudeService.swift */; };
		E94DD951DE209C077B71C174 /* ToolRegistryTests.swift in Sources */ = {isa = PBXBuildFile; fileRef = AF6A077FD892305E9B83E5AF /* ToolRegistryTests.swift */; };
		ED099CFB60C3BC0A2C311325 /* PermissionsWindowController.swift in Sources */ = {isa = PBXBuildFile; fileRef = 16303EB6CB24511A24F14ED5 /* PermissionsWindowController.swift */; };
		F1A5B43255EFF60E0A27AF7D /* ModelRegistry.swift in Sources */ = {isa = PBXBuildFile; fileRef = 27346B8DC36B87921711FC2C /* ModelRegistry.swift */; };
		F2BFC3932201C5761288DF3E /* BashToolTests.swift in Sources */ = {isa = PBXBuildFile; fileRef = 1EEF45A79FB5C41775E47CC9 /* BashToolTests.swift */; };
		FAB5F04C57BAF3D56B5AC2D9 /* MascotState.swift in Sources */ = {isa = PBXBuildFile; fileRef = 5024A2FE1F0572622CBD589A /* MascotState.swift */; };
		FD410A6901415612CBBDA01C /* Assets.xcassets in Resources */ = {isa = PBXBuildFile; fileRef = 069075C7C24CCF529C627912 /* Assets.xcassets */; };
		FF09DA4583247F6121E8381B /* MascotView.swift in Sources */ = {isa = PBXBuildFile; fileRef = 1DAF4D3233A25FE4D56FA0CB /* MascotView.swift */; };
/* End PBXBuildFile section */

/* Begin PBXContainerItemProxy section */
		A14317FEBFBEB554DFBFB739 /* PBXContainerItemProxy */ = {
			isa = PBXContainerItemProxy;
			containerPortal = 6D92D2F3FE3F87ADF432B464 /* Project object */;
			proxyType = 1;
			remoteGlobalIDString = 4578F825FF54994126FFD9B7;
			remoteInfo = Tama;
		};
/* End PBXContainerItemProxy section */

/* Begin PBXFileReference section */
		041A91E8AD52EF028B60ED7D /* ButtonSound.swift */ = {isa = PBXFileReference; lastKnownFileType = sourcecode.swift; path = ButtonSound.swift; sourceTree = "<group>"; };
		0521698D93C42116ED27F049 /* KokoroManager.swift */ = {isa = PBXFileReference; lastKnownFileType = sourcecode.swift; path = KokoroManager.swift; sourceTree = "<group>"; };
		069075C7C24CCF529C627912 /* Assets.xcassets */ = {isa = PBXFileReference; lastKnownFileType = folder.assetcatalog; path = Assets.xcassets; sourceTree = "<group>"; };
		071DEE5DE1D3FB392B60B28F /* WebSearchTool.swift */ = {isa = PBXFileReference; lastKnownFileType = sourcecode.swift; path = WebSearchTool.swift; sourceTree = "<group>"; };
		0B1B41FC881AACBB27FD6CCB /* ClaudeModelsTests.swift */ = {isa = PBXFileReference; lastKnownFileType = sourcecode.swift; path = ClaudeModelsTests.swift; sourceTree = "<group>"; };
		0C406B0172D5BDE9267A1EB7 /* sound-step.mp3 */ = {isa = PBXFileReference; lastKnownFileType = audio.mp3; path = "sound-step.mp3"; sourceTree = "<group>"; };
		0DC856C04D85F3940F18E936 /* FileSystemToolHelpersTests.swift */ = {isa = PBXFileReference; lastKnownFileType = sourcecode.swift; path = FileSystemToolHelpersTests.swift; sourceTree = "<group>"; };
		0E987C138A2890E13F94BDE2 /* DismissTool.swift */ = {isa = PBXFileReference; lastKnownFileType = sourcecode.swift; path = DismissTool.swift; sourceTree = "<group>"; };
		10585A9AA99FC241A19CCF03 /* NotchNotificationPresenter.swift */ = {isa = PBXFileReference; lastKnownFileType = sourcecode.swift; path = NotchNotificationPresenter.swift; sourceTree = "<group>"; };
		10E2C20E875FAFD1B55D3E07 /* ClaudeModels.swift */ = {isa = PBXFileReference; lastKnownFileType = sourcecode.swift; path = ClaudeModels.swift; sourceTree = "<group>"; };
		11F2BAEAF548FF5A71A17C67 /* DeleteScheduleTool.swift */ = {isa = PBXFileReference; lastKnownFileType = sourcecode.swift; path = DeleteScheduleTool.swift; sourceTree = "<group>"; };
		150A00E6A620292F63778521 /* DropdownPanelController.swift */ = {isa = PBXFileReference; lastKnownFileType = sourcecode.swift; path = DropdownPanelController.swift; sourceTree = "<group>"; };
		160126B5B0244AACE04D63CD /* SkillDetailView.swift */ = {isa = PBXFileReference; lastKnownFileType = sourcecode.swift; path = SkillDetailView.swift; sourceTree = "<group>"; };
		1602ED6E0F07AB0C50755CD7 /* TaskItem.swift */ = {isa = PBXFileReference; lastKnownFileType = sourcecode.swift; path = TaskItem.swift; sourceTree = "<group>"; };
		16303EB6CB24511A24F14ED5 /* PermissionsWindowController.swift */ = {isa = PBXFileReference; lastKnownFileType = sourcecode.swift; path = PermissionsWindowController.swift; sourceTree = "<group>"; };
		166F8F300A32DD5768C4A49E /* LsTool.swift */ = {isa = PBXFileReference; lastKnownFileType = sourcecode.swift; path = LsTool.swift; sourceTree = "<group>"; };
		1C251B9913138986B04BF7F3 /* OnboardingView.swift */ = {isa = PBXFileReference; lastKnownFileType = sourcecode.swift; path = OnboardingView.swift; sourceTree = "<group>"; };
		1C6B69E4809853822611E890 /* Tama.app */ = {isa = PBXFileReference; explicitFileType = wrapper.application; includeInIndex = 0; path = Tama.app; sourceTree = BUILT_PRODUCTS_DIR; };
		1DAF4D3233A25FE4D56FA0CB /* MascotView.swift */ = {isa = PBXFileReference; lastKnownFileType = sourcecode.swift; path = MascotView.swift; sourceTree = "<group>"; };
		1E13BE43ECE54E91B9058B9D /* ReadToolTests.swift */ = {isa = PBXFileReference; lastKnownFileType = sourcecode.swift; path = ReadToolTests.swift; sourceTree = "<group>"; };
		1EC463613B79056476B8F0AA /* TaskDetailView.swift */ = {isa = PBXFileReference; lastKnownFileType = sourcecode.swift; path = TaskDetailView.swift; sourceTree = "<group>"; };
		1EEF45A79FB5C41775E47CC9 /* BashToolTests.swift */ = {isa = PBXFileReference; lastKnownFileType = sourcecode.swift; path = BashToolTests.swift; sourceTree = "<group>"; };
		1FA6B9A58A410E1875FC47B8 /* ClaudeService.swift */ = {isa = PBXFileReference; lastKnownFileType = sourcecode.swift; path = ClaudeService.swift; sourceTree = "<group>"; };
		1FB4F8030328B208F603321D /* ClipboardEntry.swift */ = {isa = PBXFileReference; lastKnownFileType = sourcecode.swift; path = ClipboardEntry.swift; sourceTree = "<group>"; };
		20AC2C03794F5DFA155192CA /* FloatingPanel.swift */ = {isa = PBXFileReference; lastKnownFileType = sourcecode.swift; path = FloatingPanel.swift; sourceTree = "<group>"; };
		233A77DC01A8AAD3125A9300 /* TamaTests.xctest */ = {isa = PBXFileReference; explicitFileType = wrapper.cfbundle; includeInIndex = 0; path = TamaTests.xctest; sourceTree = BUILT_PRODUCTS_DIR; };
		2471A6665C568192C555A3E4 /* ReadTool.swift */ = {isa = PBXFileReference; lastKnownFileType = sourcecode.swift; path = ReadTool.swift; sourceTree = "<group>"; };
		27346B8DC36B87921711FC2C /* ModelRegistry.swift */ = {isa = PBXFileReference; lastKnownFileType = sourcecode.swift; path = ModelRegistry.swift; sourceTree = "<group>"; };
		2786A74714DDB85A74352819 /* PromptPanelController.swift */ = {isa = PBXFileReference; lastKnownFileType = sourcecode.swift; path = PromptPanelController.swift; sourceTree = "<group>"; };
		28062F6930D520B033E0FF06 /* CircleCloseButton.swift */ = {isa = PBXFileReference; lastKnownFileType = sourcecode.swift; path = CircleCloseButton.swift; sourceTree = "<group>"; };
		28701872C2F6F8313890A64D /* LsToolTests.swift */ = {isa = PBXFileReference; lastKnownFileType = sourcecode.swift; path = LsToolTests.swift; sourceTree = "<group>"; };
		2BE213E6E1A9C20818A592FB /* ImagePreviewWindow.swift */ = {isa = PBXFileReference; lastKnownFileType = sourcecode.swift; path = ImagePreviewWindow.swift; sourceTree = "<group>"; };
		2C0D725971E11133C103DF8C /* MenuBarMood.swift */ = {isa = PBXFileReference; lastKnownFileType = sourcecode.swift; path = MenuBarMood.swift; sourceTree = "<group>"; };
		328CCED8C1F813B40044A55D /* ClipboardStore.swift */ = {isa = PBXFileReference; lastKnownFileType = sourcecode.swift; path = ClipboardStore.swift; sourceTree = "<group>"; };
		34B9A1FAB0E1E47B7F00E82B /* FloatingPanel+Lists.swift */ = {isa = PBXFileReference; lastKnownFileType = sourcecode.swift; path = "FloatingPanel+Lists.swift"; sourceTree = "<group>"; };
		36A51D85DABFD2505A9AC9DF /* TaskStore.swift */ = {isa = PBXFileReference; lastKnownFileType = sourcecode.swift; path = TaskStore.swift; sourceTree = "<group>"; };
		37DF34F8FB46A8639214668E /* OpenAIStreamParser.swift */ = {isa = PBXFileReference; lastKnownFileType = sourcecode.swift; path = OpenAIStreamParser.swift; sourceTree = "<group>"; };
		38141622E160E4973D472C52 /* Skill.swift */ = {isa = PBXFileReference; lastKnownFileType = sourcecode.swift; path = Skill.swift; sourceTree = "<group>"; };
		3824AEDB14CAEE832164D1B7 /* WriteToolTests.swift */ = {isa = PBXFileReference; lastKnownFileType = sourcecode.swift; path = WriteToolTests.swift; sourceTree = "<group>"; };
		382568807BA115CEB1ACD3C2 /* OpenAIOAuth.swift */ = {isa = PBXFileReference; lastKnownFileType = sourcecode.swift; path = OpenAIOAuth.swift; sourceTree = "<group>"; };
		3C375B175FB165A4A8A21BD2 /* PanelToolRegistry.swift */ = {isa = PBXFileReference; lastKnownFileType = sourcecode.swift; path = PanelToolRegistry.swift; sourceTree = "<group>"; };
		3D3FF10230D9EACDC52594C6 /* DownloadHelper.swift */ = {isa = PBXFileReference; lastKnownFileType = sourcecode.swift; path = DownloadHelper.swift; sourceTree = "<group>"; };
		3DBE2BFD08F5517C3A70F394 /* PanelHelperViews.swift */ = {isa = PBXFileReference; lastKnownFileType = sourcecode.swift; path = PanelHelperViews.swift; sourceTree = "<group>"; };
		413F4F8468CDF79800C33815 /* ChatSession.swift */ = {isa = PBXFileReference; lastKnownFileType = sourcecode.swift; path = ChatSession.swift; sourceTree = "<group>"; };
		42A919EE25049F8E1C243ABF /* ResponseTextView.swift */ = {isa = PBXFileReference; lastKnownFileType = sourcecode.swift; path = ResponseTextView.swift; sourceTree = "<group>"; };
		49470A153936A21FF1F14276 /* ErrorTextBlock.swift */ = {isa = PBXFileReference; lastKnownFileType = sourcecode.swift; path = ErrorTextBlock.swift; sourceTree = "<group>"; };
		49A16FE12DF8079043A80BE5 /* NotificationDetailPanel.swift */ = {isa = PBXFileReference; lastKnownFileType = sourcecode.swift; path = NotificationDetailPanel.swift; sourceTree = "<group>"; };
		4B4718B1305B6BFB22203FDA /* TaskTool.swift */ = {isa = PBXFileReference; lastKnownFileType = sourcecode.swift; path = TaskTool.swift; sourceTree = "<group>"; };
		4DB0D7E42D2F3EBBCC2B9589 /* SkillListView.swift */ = {isa = PBXFileReference; lastKnownFileType = sourcecode.swift; path = SkillListView.swift; sourceTree = "<group>"; };
		4DD450B8C2A39420D416D0B9 /* ToolRowView.swift */ = {isa = PBXFileReference; lastKnownFileType = sourcecode.swift; path = ToolRowView.swift; sourceTree = "<group>"; };
		4E95728479043325C75C7159 /* VoiceService.swift */ = {isa = PBXFileReference; lastKnownFileType = sourcecode.swift; path = VoiceService.swift; sourceTree = "<group>"; };
		5024A2FE1F0572622CBD589A /* MascotState.swift */ = {isa = PBXFileReference; lastKnownFileType = sourcecode.swift; path = MascotState.swift; sourceTree = "<group>"; };
		519C2A3082C92E164C035070 /* ListSchedulesTool.swift */ = {isa = PBXFileReference; lastKnownFileType = sourcecode.swift; path = ListSchedulesTool.swift; sourceTree = "<group>"; };
		524A57012550F1FB19D9E604 /* SpeechService.swift */ = {isa = PBXFileReference; lastKnownFileType = sourcecode.swift; path = SpeechService.swift; sourceTree = "<group>"; };
		53C4C4A63AFCCD1ED7C01C4E /* RoutineListView.swift */ = {isa = PBXFileReference; lastKnownFileType = sourcecode.swift; path = RoutineListView.swift; sourceTree = "<group>"; };
		55003A7865F98271C0D0499E /* TaskListView.swift */ = {isa = PBXFileReference; lastKnownFileType = sourcecode.swift; path = TaskListView.swift; sourceTree = "<group>"; };
		57CA6FAF0DB5C7D2F9C43DCB /* PermissionsChecker.swift */ = {isa = PBXFileReference; lastKnownFileType = sourcecode.swift; path = PermissionsChecker.swift; sourceTree = "<group>"; };
		57F1E2471842ABD8131A6FD5 /* StreamParser.swift */ = {isa = PBXFileReference; lastKnownFileType = sourcecode.swift; path = StreamParser.swift; sourceTree = "<group>"; };
		58EAFF524A6B6D962EAF988B /* LoginWindowController.swift */ = {isa = PBXFileReference; lastKnownFileType = sourcecode.swift; path = LoginWindowController.swift; sourceTree = "<group>"; };
		59C041EB0310E04A8F99A22F /* EditToolTests.swift */ = {isa = PBXFileReference; lastKnownFileType = sourcecode.swift; path = EditToolTests.swift; sourceTree = "<group>"; };
		5C67D0385244F9EF74AA818B /* CDPConnection.swift */ = {isa = PBXFileReference; lastKnownFileType = sourcecode.swift; path = CDPConnection.swift; sourceTree = "<group>"; };
		5D70039C96EBE77D2760A254 /* SessionListView.swift */ = {isa = PBXFileReference; lastKnownFileType = sourcecode.swift; path = SessionListView.swift; sourceTree = "<group>"; };
		61FBCC6E2B09D9CDA9FD9642 /* MenuBarIcon.swift */ = {isa = PBXFileReference; lastKnownFileType = sourcecode.swift; path = MenuBarIcon.swift; sourceTree = "<group>"; };
		62099CFA99CA58E15B2FAAC5 /* ClipboardMonitor.swift */ = {isa = PBXFileReference; lastKnownFileType = sourcecode.swift; path = ClipboardMonitor.swift; sourceTree = "<group>"; };
		63BA5F68803FD3579AB2913B /* GlassButton.swift */ = {isa = PBXFileReference; lastKnownFileType = sourcecode.swift; path = GlassButton.swift; sourceTree = "<group>"; };
		67BD536FC615731E390CDB48 /* BrowserManager.swift */ = {isa = PBXFileReference; lastKnownFileType = sourcecode.swift; path = BrowserManager.swift; sourceTree = "<group>"; };
		6DA733488E885BC1FC34C2A9 /* WebFetchToolTests.swift */ = {isa = PBXFileReference; lastKnownFileType = sourcecode.swift; path = WebFetchToolTests.swift; sourceTree = "<group>"; };
		6DCC0E5C3FEAB83FA8FD6182 /* FindTool.swift */ = {isa = PBXFileReference; lastKnownFileType = sourcecode.swift; path = FindTool.swift; sourceTree = "<group>"; };
		7066CF582F135C265E52FADD /* BashTool.swift */ = {isa = PBXFileReference; lastKnownFileType = sourcecode.swift; path = BashTool.swift; sourceTree = "<group>"; };
		740CAC1A3674E17EE5809517 /* GrepToolTests.swift */ = {isa = PBXFileReference; lastKnownFileType = sourcecode.swift; path = GrepToolTests.swift; sourceTree = "<group>"; };
		750076651D04902913F96C10 /* OAuthCredentialsTests.swift */ = {isa = PBXFileReference; lastKnownFileType = sourcecode.swift; path = OAuthCredentialsTests.swift; sourceTree = "<group>"; };
		76A35BE0979A54CBD07A048E /* PermissionsView.swift */ = {isa = PBXFileReference; lastKnownFileType = sourcecode.swift; path = PermissionsView.swift; sourceTree = "<group>"; };
		77FBE01E789E92890A5EF4DE /* SessionStore.swift */ = {isa = PBXFileReference; lastKnownFileType = sourcecode.swift; path = SessionStore.swift; sourceTree = "<group>"; };
		7C961CF3321997314154D66B /* GrepTool.swift */ = {isa = PBXFileReference; lastKnownFileType = sourcecode.swift; path = GrepTool.swift; sourceTree = "<group>"; };
		7F0EB70CA69385231558C97C /* SystemAudioMuter.swift */ = {isa = PBXFileReference; lastKnownFileType = sourcecode.swift; path = SystemAudioMuter.swift; sourceTree = "<group>"; };
		80C8A3B117ECF582CBFA4770 /* AgentLoop.swift */ = {isa = PBXFileReference; lastKnownFileType = sourcecode.swift; path = AgentLoop.swift; sourceTree = "<group>"; };
		82F90C9B8D48638EF77ADD64 /* SkeletonView.swift */ = {isa = PBXFileReference; lastKnownFileType = sourcecode.swift; path = SkeletonView.swift; sourceTree = "<group>"; };
		8389BAE4360565E6017ED575 /* VoiceSettingsView.swift */ = {isa = PBXFileReference; lastKnownFileType = sourcecode.swift; path = VoiceSettingsView.swift; sourceTree = "<group>"; };
		88736AB83601289B1648FAAC /* notification.mp3 */ = {isa = PBXFileReference; lastKnownFileType = audio.mp3; path = notification.mp3; sourceTree = "<group>"; };
		8E6D9D9905A17C23B4330DB9 /* ClipboardHistoryTool.swift */ = {isa = PBXFileReference; lastKnownFileType = sourcecode.swift; path = ClipboardHistoryTool.swift; sourceTree = "<group>"; };
		957F767535995555B98E8B66 /* OnboardingController.swift */ = {isa = PBXFileReference; lastKnownFileType = sourcecode.swift; path = OnboardingController.swift; sourceTree = "<group>"; };
		9985FD9859E2D7D468EADAD7 /* NightShiftTool.swift */ = {isa = PBXFileReference; lastKnownFileType = sourcecode.swift; path = NightShiftTool.swift; sourceTree = "<group>"; };
		9A61533DA35E3A06CF7227D7 /* AgentTool.swift */ = {isa = PBXFileReference; lastKnownFileType = sourcecode.swift; path = AgentTool.swift; sourceTree = "<group>"; };
		9B2821E890A4951FA6DFEE5B /* VoiceSettingsController.swift */ = {isa = PBXFileReference; lastKnownFileType = sourcecode.swift; path = VoiceSettingsController.swift; sourceTree = "<group>"; };
		A4E8393B77342C50592D3525 /* LoginView.swift */ = {isa = PBXFileReference; lastKnownFileType = sourcecode.swift; path = LoginView.swift; sourceTree = "<group>"; };
		A847B7148483C08591F2377F /* ToolIndicatorView.swift */ = {isa = PBXFileReference; lastKnownFileType = sourcecode.swift; path = ToolIndicatorView.swift; sourceTree = "<group>"; };
		AEE5D367A0817144663B9845 /* FindToolTests.swift */ = {isa = PBXFileReference; lastKnownFileType = sourcecode.swift; path = FindToolTests.swift; sourceTree = "<group>"; };
		AF6A077FD892305E9B83E5AF /* ToolRegistryTests.swift */ = {isa = PBXFileReference; lastKnownFileType = sourcecode.swift; path = ToolRegistryTests.swift; sourceTree = "<group>"; };
		B04130FA9274D1BE8C8E204C /* BrowserToolIntegrationTests.swift */ = {isa = PBXFileReference; lastKnownFileType = sourcecode.swift; path = BrowserToolIntegrationTests.swift; sourceTree = "<group>"; };
		B2C926C6A2F204EE46644A22 /* ScheduleStore.swift */ = {isa = PBXFileReference; lastKnownFileType = sourcecode.swift; path = ScheduleStore.swift; sourceTree = "<group>"; };
		B60C34E3BF770A0097677E9E /* ToolListView.swift */ = {isa = PBXFileReference; lastKnownFileType = sourcecode.swift; path = ToolListView.swift; sourceTree = "<group>"; };
		B7D5D52F4AA20CD480728E6D /* WriteTool.swift */ = {isa = PBXFileReference; lastKnownFileType = sourcecode.swift; path = WriteTool.swift; sourceTree = "<group>"; };
		BAEDAFFA6DC7B0F7394D6B16 /* CodexRequestBuilder.swift */ = {isa = PBXFileReference; lastKnownFileType = sourcecode.swift; path = CodexRequestBuilder.swift; sourceTree = "<group>"; };
		BBA2077E43B2E33FE903E16D /* PanelTool.swift */ = {isa = PBXFileReference; lastKnownFileType = sourcecode.swift; path = PanelTool.swift; sourceTree = "<group>"; };
		C268FDAD3692A0D7067759E7 /* TogglePanelTool.swift */ = {isa = PBXFileReference; lastKnownFileType = sourcecode.swift; path = TogglePanelTool.swift; sourceTree = "<group>"; };
		C3985C97D4A245429D23027B /* ImageCache.swift */ = {isa = PBXFileReference; lastKnownFileType = sourcecode.swift; path = ImageCache.swift; sourceTree = "<group>"; };
		C3C2F60ACFB35424A2DDA15D /* ClipboardHistoryView.swift */ = {isa = PBXFileReference; lastKnownFileType = sourcecode.swift; path = ClipboardHistoryView.swift; sourceTree = "<group>"; };
		C59F4E13C2164F5F94AC703A /* AnimatedTabBar.swift */ = {isa = PBXFileReference; lastKnownFileType = sourcecode.swift; path = AnimatedTabBar.swift; sourceTree = "<group>"; };
		C712A61E11D4EB9BFE8449FF /* BrowserToolTests.swift */ = {isa = PBXFileReference; lastKnownFileType = sourcecode.swift; path = BrowserToolTests.swift; sourceTree = "<group>"; };
		C8BE65AA1CF2B2D95CCF9DB7 /* StreamParserTests.swift */ = {isa = PBXFileReference; lastKnownFileType = sourcecode.swift; path = StreamParserTests.swift; sourceTree = "<group>"; };
		CADDC766946BC09C78280A3D /* BrowserTool.swift */ = {isa = PBXFileReference; lastKnownFileType = sourcecode.swift; path = BrowserTool.swift; sourceTree = "<group>"; };
		CB3B5FC1180AF9EA2A7DB7D6 /* CodexStreamParser.swift */ = {isa = PBXFileReference; lastKnownFileType = sourcecode.swift; path = CodexStreamParser.swift; sourceTree = "<group>"; };
		CCD675CC1366F086E4A5EF75 /* ScheduleParser.swift */ = {isa = PBXFileReference; lastKnownFileType = sourcecode.swift; path = ScheduleParser.swift; sourceTree = "<group>"; };
		CD293E8D0C98E78D0956380C /* SkillTool.swift */ = {isa = PBXFileReference; lastKnownFileType = sourcecode.swift; path = SkillTool.swift; sourceTree = "<group>"; };
		CF633306AA7267F7ACA50D27 /* ChromiumManager.swift */ = {isa = PBXFileReference; lastKnownFileType = sourcecode.swift; path = ChromiumManager.swift; sourceTree = "<group>"; };
		CF8A11B848939237B5F7075F /* FloatingPanel+Response.swift */ = {isa = PBXFileReference; lastKnownFileType = sourcecode.swift; path = "FloatingPanel+Response.swift"; sourceTree = "<group>"; };
		CF8DC19E2E173C1395EE0E7A /* MarkdownRenderer.swift */ = {isa = PBXFileReference; lastKnownFileType = sourcecode.swift; path = MarkdownRenderer.swift; sourceTree = "<group>"; };
		D0833A626E7995F2DAFB45DC /* EditTool.swift */ = {isa = PBXFileReference; lastKnownFileType = sourcecode.swift; path = EditTool.swift; sourceTree = "<group>"; };
		D2FCB9C8BAC956EA3A8F0F92 /* AudioWaveformView.swift */ = {isa = PBXFileReference; lastKnownFileType = sourcecode.swift; path = AudioWaveformView.swift; sourceTree = "<group>"; };
		D49A58F3146578793EB1B3CC /* FloatingPanel+Presentation.swift */ = {isa = PBXFileReference; lastKnownFileType = sourcecode.swift; path = "FloatingPanel+Presentation.swift"; sourceTree = "<group>"; };
		D64D9D055FDF699C502A4C4B /* avatar_pack.riv */ = {isa = PBXFileReference; path = avatar_pack.riv; sourceTree = "<group>"; };
		D689CCD841BF8ECD9764668B /* WebFetchTool.swift */ = {isa = PBXFileReference; lastKnownFileType = sourcecode.swift; path = WebFetchTool.swift; sourceTree = "<group>"; };
		DCDFBCCF2C2B268E7092C6F0 /* CreateReminderTool.swift */ = {isa = PBXFileReference; lastKnownFileType = sourcecode.swift; path = CreateReminderTool.swift; sourceTree = "<group>"; };
		DD94AD31B37B4BD394DF8891 /* AppError.swift */ = {isa = PBXFileReference; lastKnownFileType = sourcecode.swift; path = AppError.swift; sourceTree = "<group>"; };
		DDA24AF8A50BCE6686934553 /* CreateRoutineTool.swift */ = {isa = PBXFileReference; lastKnownFileType = sourcecode.swift; path = CreateRoutineTool.swift; sourceTree = "<group>"; };
		E11E593524464E1005E8FCFF /* SkillStore.swift */ = {isa = PBXFileReference; lastKnownFileType = sourcecode.swift; path = SkillStore.swift; sourceTree = "<group>"; };
		E8EB58F463546341A17A9D3A /* TamaApp.swift */ = {isa = PBXFileReference; lastKnownFileType = sourcecode.swift; path = TamaApp.swift; sourceTree = "<group>"; };
		EB3AE14DA41F12BF07B89219 /* KeepAwakeTool.swift */ = {isa = PBXFileReference; lastKnownFileType = sourcecode.swift; path = KeepAwakeTool.swift; sourceTree = "<group>"; };
		ECED08CC04BDFFF073C9280D /* ClaudeCredentials.swift */ = {isa = PBXFileReference; lastKnownFileType = sourcecode.swift; path = ClaudeCredentials.swift; sourceTree = "<group>"; };
		F0703C309F4DE4DFF9D571A8 /* ProviderStore.swift */ = {isa = PBXFileReference; lastKnownFileType = sourcecode.swift; path = ProviderStore.swift; sourceTree = "<group>"; };
/* End PBXFileReference section */

/* Begin PBXFrameworksBuildPhase section */
		8FF0ECC870A207E4EC452C9B /* Frameworks */ = {
			isa = PBXFrameworksBuildPhase;
			buildActionMask = 2147483647;
			files = (
				8D79B67CC9266D794E2CD24B /* RiveRuntime in Frameworks */,
				33BF02E64CFF8266369D252E /* Highlightr in Frameworks */,
				0A64B5B3D2CAC8BC9DB7253B /* KokoroSwift in Frameworks */,
				BBBDB955BCDE9745801225BF /* MLX in Frameworks */,
				4627DAC5A225953F24357B18 /* MLXUtilsLibrary in Frameworks */,
			);
			runOnlyForDeploymentPostprocessing = 0;
		};
/* End PBXFrameworksBuildPhase section */

/* Begin PBXGroup section */
		02118BEF0E7B7E81C801BDE8 /* Resources */ = {
			isa = PBXGroup;
			children = (
				D64D9D055FDF699C502A4C4B /* avatar_pack.riv */,
				88736AB83601289B1648FAAC /* notification.mp3 */,
				0C406B0172D5BDE9267A1EB7 /* sound-step.mp3 */,
			);
			name = Resources;
			path = tama/Resources;
			sourceTree = "<group>";
		};
		09B69ABF71DC55DF565A76B4 /* Onboarding */ = {
			isa = PBXGroup;
			children = (
				957F767535995555B98E8B66 /* OnboardingController.swift */,
				1C251B9913138986B04BF7F3 /* OnboardingView.swift */,
			);
			path = Onboarding;
			sourceTree = "<group>";
		};
		18D24DB1282F3D1250C6053C /* NightShift */ = {
			isa = PBXGroup;
			children = (
				9985FD9859E2D7D468EADAD7 /* NightShiftTool.swift */,
			);
			path = NightShift;
			sourceTree = "<group>";
		};
		20A8CC5FCAC00F6664559BBA /* Registry */ = {
			isa = PBXGroup;
			children = (
				AF6A077FD892305E9B83E5AF /* ToolRegistryTests.swift */,
			);
			path = Registry;
			sourceTree = "<group>";
		};
		289AAB1A096D1C25B9FB9CBC /* Tasks */ = {
			isa = PBXGroup;
			children = (
				1EC463613B79056476B8F0AA /* TaskDetailView.swift */,
				1602ED6E0F07AB0C50755CD7 /* TaskItem.swift */,
				55003A7865F98271C0D0499E /* TaskListView.swift */,
				36A51D85DABFD2505A9AC9DF /* TaskStore.swift */,
			);
			path = Tasks;
			sourceTree = "<group>";
		};
		35068FB8DA81D257B2FAC45C /* UI */ = {
			isa = PBXGroup;
			children = (
				C59F4E13C2164F5F94AC703A /* AnimatedTabBar.swift */,
				041A91E8AD52EF028B60ED7D /* ButtonSound.swift */,
				28062F6930D520B033E0FF06 /* CircleCloseButton.swift */,
				150A00E6A620292F63778521 /* DropdownPanelController.swift */,
				63BA5F68803FD3579AB2913B /* GlassButton.swift */,
				61FBCC6E2B09D9CDA9FD9642 /* MenuBarIcon.swift */,
				2C0D725971E11133C103DF8C /* MenuBarMood.swift */,
			);
			path = UI;
			sourceTree = "<group>";
		};
		371B487A7197FE39AC24D818 /* tama */ = {
			isa = PBXGroup;
			children = (
				069075C7C24CCF529C627912 /* Assets.xcassets */,
			);
			path = tama;
			sourceTree = "<group>";
		};
		3A662E61502E3EB59621BE5D /* KeepAwake */ = {
			isa = PBXGroup;
			children = (
				EB3AE14DA41F12BF07B89219 /* KeepAwakeTool.swift */,
			);
			path = KeepAwake;
			sourceTree = "<group>";
		};
		3D572768D5440FD283C896C4 /* StreamParser */ = {
			isa = PBXGroup;
			children = (
				C8BE65AA1CF2B2D95CCF9DB7 /* StreamParserTests.swift */,
			);
			path = StreamParser;
			sourceTree = "<group>";
		};
		42A1798BC4C7FD7B26B646D1 /* Scheduler */ = {
			isa = PBXGroup;
			children = (
				CCD675CC1366F086E4A5EF75 /* ScheduleParser.swift */,
				B2C926C6A2F204EE46644A22 /* ScheduleStore.swift */,
			);
			path = Scheduler;
			sourceTree = "<group>";
		};
		49C0A6552DBE5489828B7A21 /* Products */ = {
			isa = PBXGroup;
			children = (
				1C6B69E4809853822611E890 /* Tama.app */,
				233A77DC01A8AAD3125A9300 /* TamaTests.xctest */,
			);
			name = Products;
			sourceTree = "<group>";
		};
		61B9F3413F97491C75636A85 = {
			isa = PBXGroup;
			children = (
				02118BEF0E7B7E81C801BDE8 /* Resources */,
				CCE702145FE53D3E818671CF /* Sources */,
				371B487A7197FE39AC24D818 /* tama */,
				F6732B68553DD6FCF74B6FDF /* Tests */,
				49C0A6552DBE5489828B7A21 /* Products */,
			);
			sourceTree = "<group>";
		};
		74260A45CEC708DCD3FE95A8 /* Permissions */ = {
			isa = PBXGroup;
			children = (
				57CA6FAF0DB5C7D2F9C43DCB /* PermissionsChecker.swift */,
				76A35BE0979A54CBD07A048E /* PermissionsView.swift */,
				16303EB6CB24511A24F14ED5 /* PermissionsWindowController.swift */,
			);
			path = Permissions;
			sourceTree = "<group>";
		};
		90FEEA307632FBA9F949AABF /* Browser */ = {
			isa = PBXGroup;
			children = (
				67BD536FC615731E390CDB48 /* BrowserManager.swift */,
				CADDC766946BC09C78280A3D /* BrowserTool.swift */,
				5C67D0385244F9EF74AA818B /* CDPConnection.swift */,
				CF633306AA7267F7ACA50D27 /* ChromiumManager.swift */,
			);
			path = Browser;
			sourceTree = "<group>";
		};
		9CB1A88E272BB771A6598E18 /* Skills */ = {
			isa = PBXGroup;
			children = (
				38141622E160E4973D472C52 /* Skill.swift */,
				160126B5B0244AACE04D63CD /* SkillDetailView.swift */,
				4DB0D7E42D2F3EBBCC2B9589 /* SkillListView.swift */,
				E11E593524464E1005E8FCFF /* SkillStore.swift */,
			);
			path = Skills;
			sourceTree = "<group>";
		};
		9CE441043378C494DB36FF25 /* AI */ = {
			isa = PBXGroup;
			children = (
				80C8A3B117ECF582CBFA4770 /* AgentLoop.swift */,
				ECED08CC04BDFFF073C9280D /* ClaudeCredentials.swift */,
				10E2C20E875FAFD1B55D3E07 /* ClaudeModels.swift */,
				1FA6B9A58A410E1875FC47B8 /* ClaudeService.swift */,
				BAEDAFFA6DC7B0F7394D6B16 /* CodexRequestBuilder.swift */,
				CB3B5FC1180AF9EA2A7DB7D6 /* CodexStreamParser.swift */,
				27346B8DC36B87921711FC2C /* ModelRegistry.swift */,
				382568807BA115CEB1ACD3C2 /* OpenAIOAuth.swift */,
				37DF34F8FB46A8639214668E /* OpenAIStreamParser.swift */,
				F0703C309F4DE4DFF9D571A8 /* ProviderStore.swift */,
				57F1E2471842ABD8131A6FD5 /* StreamParser.swift */,
				A3157E5BD63F0B7415CD94F4 /* Tools */,
			);
			path = AI;
			sourceTree = "<group>";
		};
		A3157E5BD63F0B7415CD94F4 /* Tools */ = {
			isa = PBXGroup;
			children = (
				9A61533DA35E3A06CF7227D7 /* AgentTool.swift */,
				7066CF582F135C265E52FADD /* BashTool.swift */,
				DCDFBCCF2C2B268E7092C6F0 /* CreateReminderTool.swift */,
				DDA24AF8A50BCE6686934553 /* CreateRoutineTool.swift */,
				11F2BAEAF548FF5A71A17C67 /* DeleteScheduleTool.swift */,
				0E987C138A2890E13F94BDE2 /* DismissTool.swift */,
				D0833A626E7995F2DAFB45DC /* EditTool.swift */,
				6DCC0E5C3FEAB83FA8FD6182 /* FindTool.swift */,
				7C961CF3321997314154D66B /* GrepTool.swift */,
				519C2A3082C92E164C035070 /* ListSchedulesTool.swift */,
				166F8F300A32DD5768C4A49E /* LsTool.swift */,
				2471A6665C568192C555A3E4 /* ReadTool.swift */,
				CD293E8D0C98E78D0956380C /* SkillTool.swift */,
				4B4718B1305B6BFB22203FDA /* TaskTool.swift */,
				D689CCD841BF8ECD9764668B /* WebFetchTool.swift */,
				071DEE5DE1D3FB392B60B28F /* WebSearchTool.swift */,
				B7D5D52F4AA20CD480728E6D /* WriteTool.swift */,
				90FEEA307632FBA9F949AABF /* Browser */,
			);
			path = Tools;
			sourceTree = "<group>";
		};
		ADB5C3CEBAB4685E524DB554 /* Tools */ = {
			isa = PBXGroup;
			children = (
				1EEF45A79FB5C41775E47CC9 /* BashToolTests.swift */,
				B04130FA9274D1BE8C8E204C /* BrowserToolIntegrationTests.swift */,
				C712A61E11D4EB9BFE8449FF /* BrowserToolTests.swift */,
				59C041EB0310E04A8F99A22F /* EditToolTests.swift */,
				AEE5D367A0817144663B9845 /* FindToolTests.swift */,
				740CAC1A3674E17EE5809517 /* GrepToolTests.swift */,
				28701872C2F6F8313890A64D /* LsToolTests.swift */,
				1E13BE43ECE54E91B9058B9D /* ReadToolTests.swift */,
				6DA733488E885BC1FC34C2A9 /* WebFetchToolTests.swift */,
				3824AEDB14CAEE832164D1B7 /* WriteToolTests.swift */,
			);
			path = Tools;
			sourceTree = "<group>";
		};
		ADFDED040431EBCD55D8A613 /* Mascot */ = {
			isa = PBXGroup;
			children = (
				5024A2FE1F0572622CBD589A /* MascotState.swift */,
				1DAF4D3233A25FE4D56FA0CB /* MascotView.swift */,
			);
			path = Mascot;
			sourceTree = "<group>";
		};
		B5E0D46CBD4D0CCF8E8644F3 /* ClipboardHistory */ = {
			isa = PBXGroup;
			children = (
				1FB4F8030328B208F603321D /* ClipboardEntry.swift */,
				8E6D9D9905A17C23B4330DB9 /* ClipboardHistoryTool.swift */,
				C3C2F60ACFB35424A2DDA15D /* ClipboardHistoryView.swift */,
				62099CFA99CA58E15B2FAAC5 /* ClipboardMonitor.swift */,
				328CCED8C1F813B40044A55D /* ClipboardStore.swift */,
			);
			path = ClipboardHistory;
			sourceTree = "<group>";
		};
		B8185A4346FFBFC4B6FC263B /* Sessions */ = {
			isa = PBXGroup;
			children = (
				413F4F8468CDF79800C33815 /* ChatSession.swift */,
				77FBE01E789E92890A5EF4DE /* SessionStore.swift */,
			);
			path = Sessions;
			sourceTree = "<group>";
		};
		B908B186F48C4A3ED97DEA18 /* Login */ = {
			isa = PBXGroup;
			children = (
				A4E8393B77342C50592D3525 /* LoginView.swift */,
				58EAFF524A6B6D962EAF988B /* LoginWindowController.swift */,
			);
			path = Login;
			sourceTree = "<group>";
		};
		BA5B3CC5500087AB52BC9574 /* Tools */ = {
			isa = PBXGroup;
			children = (
				BBA2077E43B2E33FE903E16D /* PanelTool.swift */,
				3C375B175FB165A4A8A21BD2 /* PanelToolRegistry.swift */,
				C268FDAD3692A0D7067759E7 /* TogglePanelTool.swift */,
				B60C34E3BF770A0097677E9E /* ToolListView.swift */,
				4DD450B8C2A39420D416D0B9 /* ToolRowView.swift */,
				B5E0D46CBD4D0CCF8E8644F3 /* ClipboardHistory */,
				3A662E61502E3EB59621BE5D /* KeepAwake */,
				18D24DB1282F3D1250C6053C /* NightShift */,
			);
			path = Tools;
			sourceTree = "<group>";
		};
		C20657945A5805D2D57418E9 /* Helpers */ = {
			isa = PBXGroup;
			children = (
				0DC856C04D85F3940F18E936 /* FileSystemToolHelpersTests.swift */,
			);
			path = Helpers;
			sourceTree = "<group>";
		};
		CCE702145FE53D3E818671CF /* Sources */ = {
			isa = PBXGroup;
			children = (
				E8EB58F463546341A17A9D3A /* TamaApp.swift */,
				9CE441043378C494DB36FF25 /* AI */,
				B908B186F48C4A3ED97DEA18 /* Login */,
				ADFDED040431EBCD55D8A613 /* Mascot */,
				EC78A32017FE4FDFF5DD75D3 /* Notifications */,
				09B69ABF71DC55DF565A76B4 /* Onboarding */,
				74260A45CEC708DCD3FE95A8 /* Permissions */,
				F7269E0A4A199C925AF5A06B /* PromptPanel */,
				42A1798BC4C7FD7B26B646D1 /* Scheduler */,
				B8185A4346FFBFC4B6FC263B /* Sessions */,
				9CB1A88E272BB771A6598E18 /* Skills */,
				289AAB1A096D1C25B9FB9CBC /* Tasks */,
				BA5B3CC5500087AB52BC9574 /* Tools */,
				35068FB8DA81D257B2FAC45C /* UI */,
				E5EC9E5FCD7F315FFE632AEB /* Utilities */,
				DD20D650DC9404B5BF48EC16 /* Voice */,
			);
			name = Sources;
			path = tama/Sources;
			sourceTree = "<group>";
		};
		DD20D650DC9404B5BF48EC16 /* Voice */ = {
			isa = PBXGroup;
			children = (
				D2FCB9C8BAC956EA3A8F0F92 /* AudioWaveformView.swift */,
				0521698D93C42116ED27F049 /* KokoroManager.swift */,
				524A57012550F1FB19D9E604 /* SpeechService.swift */,
				7F0EB70CA69385231558C97C /* SystemAudioMuter.swift */,
				4E95728479043325C75C7159 /* VoiceService.swift */,
				9B2821E890A4951FA6DFEE5B /* VoiceSettingsController.swift */,
				8389BAE4360565E6017ED575 /* VoiceSettingsView.swift */,
			);
			path = Voice;
			sourceTree = "<group>";
		};
		E5EC9E5FCD7F315FFE632AEB /* Utilities */ = {
			isa = PBXGroup;
			children = (
				3D3FF10230D9EACDC52594C6 /* DownloadHelper.swift */,
			);
			path = Utilities;
			sourceTree = "<group>";
		};
		EC78A32017FE4FDFF5DD75D3 /* Notifications */ = {
			isa = PBXGroup;
			children = (
				10585A9AA99FC241A19CCF03 /* NotchNotificationPresenter.swift */,
				49A16FE12DF8079043A80BE5 /* NotificationDetailPanel.swift */,
			);
			path = Notifications;
			sourceTree = "<group>";
		};
		EEBCC75514F8FBFF22EDE7C3 /* Models */ = {
			isa = PBXGroup;
			children = (
				0B1B41FC881AACBB27FD6CCB /* ClaudeModelsTests.swift */,
				750076651D04902913F96C10 /* OAuthCredentialsTests.swift */,
			);
			path = Models;
			sourceTree = "<group>";
		};
		F6732B68553DD6FCF74B6FDF /* Tests */ = {
			isa = PBXGroup;
			children = (
				C20657945A5805D2D57418E9 /* Helpers */,
				EEBCC75514F8FBFF22EDE7C3 /* Models */,
				20A8CC5FCAC00F6664559BBA /* Registry */,
				3D572768D5440FD283C896C4 /* StreamParser */,
				ADB5C3CEBAB4685E524DB554 /* Tools */,
			);
			name = Tests;
			path = Tama/Tests;
			sourceTree = "<group>";
		};
		F7269E0A4A199C925AF5A06B /* PromptPanel */ = {
			isa = PBXGroup;
			children = (
				DD94AD31B37B4BD394DF8891 /* AppError.swift */,
				49470A153936A21FF1F14276 /* ErrorTextBlock.swift */,
				20AC2C03794F5DFA155192CA /* FloatingPanel.swift */,
				34B9A1FAB0E1E47B7F00E82B /* FloatingPanel+Lists.swift */,
				D49A58F3146578793EB1B3CC /* FloatingPanel+Presentation.swift */,
				CF8A11B848939237B5F7075F /* FloatingPanel+Response.swift */,
				C3985C97D4A245429D23027B /* ImageCache.swift */,
				2BE213E6E1A9C20818A592FB /* ImagePreviewWindow.swift */,
				CF8DC19E2E173C1395EE0E7A /* MarkdownRenderer.swift */,
				3DBE2BFD08F5517C3A70F394 /* PanelHelperViews.swift */,
				2786A74714DDB85A74352819 /* PromptPanelController.swift */,
				42A919EE25049F8E1C243ABF /* ResponseTextView.swift */,
				53C4C4A63AFCCD1ED7C01C4E /* RoutineListView.swift */,
				5D70039C96EBE77D2760A254 /* SessionListView.swift */,
				82F90C9B8D48638EF77ADD64 /* SkeletonView.swift */,
				A847B7148483C08591F2377F /* ToolIndicatorView.swift */,
			);
			path = PromptPanel;
			sourceTree = "<group>";
		};
/* End PBXGroup section */

/* Begin PBXNativeTarget section */
		31475FCAA2A4AF5269CE74D9 /* TamaTests */ = {
			isa = PBXNativeTarget;
			buildConfigurationList = 1DEAB0315A8B647605A97F75 /* Build configuration list for PBXNativeTarget "TamaTests" */;
			buildPhases = (
				EAD5D0358199FA931208AA1F /* Sources */,
			);
			buildRules = (
			);
			dependencies = (
				121D0CB545BD232266A315DA /* PBXTargetDependency */,
			);
			name = TamaTests;
			packageProductDependencies = (
			);
			productName = TamaTests;
			productReference = 233A77DC01A8AAD3125A9300 /* TamaTests.xctest */;
			productType = "com.apple.product-type.bundle.unit-test";
		};
		4578F825FF54994126FFD9B7 /* Tama */ = {
			isa = PBXNativeTarget;
			buildConfigurationList = 4EEC158A281D25F4144E5D4E /* Build configuration list for PBXNativeTarget "Tama" */;
			buildPhases = (
				F6AA6B1856B84E9AEC3D97C1 /* SwiftLint */,
				CA03DA40C675201FC4AABF13 /* SwiftFormat Check */,
				E2540D2A68D66F3644E4167B /* Sources */,
				1EBA5DA9565931C053D2082E /* Resources */,
				8FF0ECC870A207E4EC452C9B /* Frameworks */,
			);
			buildRules = (
			);
			dependencies = (
			);
			name = Tama;
			packageProductDependencies = (
				ACB162E77BE0D0DC6451A50A /* RiveRuntime */,
				82DB90922D92F997202FB4BB /* Highlightr */,
				1973EFBFCAF1952DD3D7CF0C /* KokoroSwift */,
				B84F973FD25B584C0BEB60D6 /* MLX */,
				18B18D766A71CB221B42452C /* MLXUtilsLibrary */,
			);
			productName = Tama;
			productReference = 1C6B69E4809853822611E890 /* Tama.app */;
			productType = "com.apple.product-type.application";
		};
/* End PBXNativeTarget section */

/* Begin PBXProject section */
		6D92D2F3FE3F87ADF432B464 /* Project object */ = {
			isa = PBXProject;
			attributes = {
				BuildIndependentTargetsInParallel = YES;
				LastUpgradeCheck = 2610;
			};
			buildConfigurationList = 85C9E19578C9129547F977EB /* Build configuration list for PBXProject "Tama" */;
			compatibilityVersion = "Xcode 14.0";
			developmentRegion = en;
			hasScannedForEncodings = 0;
			knownRegions = (
				Base,
				en,
			);
			mainGroup = 61B9F3413F97491C75636A85;
			minimizedProjectReferenceProxies = 1;
			packageReferences = (
				F92BCDD7D04A0579ECC7BD9F /* XCRemoteSwiftPackageReference "Highlightr" */,
				4A22C03508BD95D0FCF31BAC /* XCRemoteSwiftPackageReference "MLXUtilsLibrary" */,
				06FBB456068367A80EE9365D /* XCRemoteSwiftPackageReference "rive-ios" */,
				0E0E88F5CF5BCD6A328E8CF6 /* XCRemoteSwiftPackageReference "kokoro-ios" */,
				45730BF9399FB0FCB999D628 /* XCRemoteSwiftPackageReference "mlx-swift" */,
			);
			preferredProjectObjectVersion = 77;
			projectDirPath = "";
			projectRoot = "";
			targets = (
				4578F825FF54994126FFD9B7 /* Tama */,
				31475FCAA2A4AF5269CE74D9 /* TamaTests */,
			);
		};
/* End PBXProject section */

/* Begin PBXResourcesBuildPhase section */
		1EBA5DA9565931C053D2082E /* Resources */ = {
			isa = PBXResourcesBuildPhase;
			buildActionMask = 2147483647;
			files = (
				FD410A6901415612CBBDA01C /* Assets.xcassets in Resources */,
				CF604695EEF51F20627E2C7A /* avatar_pack.riv in Resources */,
				38D8A645B42A35021CB3B734 /* notification.mp3 in Resources */,
				AD954E5E2FBF8456DBEBDE45 /* sound-step.mp3 in Resources */,
			);
			runOnlyForDeploymentPostprocessing = 0;
		};
/* End PBXResourcesBuildPhase section */

/* Begin PBXShellScriptBuildPhase section */
		CA03DA40C675201FC4AABF13 /* SwiftFormat Check */ = {
			isa = PBXShellScriptBuildPhase;
			alwaysOutOfDate = 1;
			buildActionMask = 2147483647;
			files = (
			);
			inputFileListPaths = (
			);
			inputPaths = (
			);
			name = "SwiftFormat Check";
			outputFileListPaths = (
			);
			outputPaths = (
			);
			runOnlyForDeploymentPostprocessing = 0;
			shellPath = /bin/sh;
			shellScript = "if command -v swiftformat >/dev/null 2>&1; then\n  swiftformat --lint --config \"${SRCROOT}/.swiftformat\" \"${SRCROOT}/tama/Sources\" || true\nfi\n";
		};
		F6AA6B1856B84E9AEC3D97C1 /* SwiftLint */ = {
			isa = PBXShellScriptBuildPhase;
			alwaysOutOfDate = 1;
			buildActionMask = 2147483647;
			files = (
			);
			inputFileListPaths = (
			);
			inputPaths = (
			);
			name = SwiftLint;
			outputFileListPaths = (
			);
			outputPaths = (
			);
			runOnlyForDeploymentPostprocessing = 0;
			shellPath = /bin/sh;
			shellScript = "if command -v swiftlint >/dev/null 2>&1; then\n  swiftlint lint --config \"${SRCROOT}/.swiftlint.yml\" || true\nfi\n";
		};
/* End PBXShellScriptBuildPhase section */

/* Begin PBXSourcesBuildPhase section */
		E2540D2A68D66F3644E4167B /* Sources */ = {
			isa = PBXSourcesBuildPhase;
			buildActionMask = 2147483647;
			files = (
				A59B47C830E1BD3F9DFA7263 /* AgentLoop.swift in Sources */,
				0E3B1473E0BAAA0E58CEF15A /* AgentTool.swift in Sources */,
				14945D14D864182C069A7B63 /* AnimatedTabBar.swift in Sources */,
				79109F066CB6001C43C4C548 /* AppError.swift in Sources */,
				7A64850465E110A6E3A076C3 /* AudioWaveformView.swift in Sources */,
				58975CC2758636BACAEA1B0A /* BashTool.swift in Sources */,
				1D9757245057ACEDF781A5AA /* BrowserManager.swift in Sources */,
				4283BBF7054F4E336DA44A84 /* BrowserTool.swift in Sources */,
				0596DF982183DC3034EE98F9 /* ButtonSound.swift in Sources */,
				6B269E043DFC35F209FADCCF /* CDPConnection.swift in Sources */,
				6E21EDB01351A84860C3BE5F /* ChatSession.swift in Sources */,
				6A0BEE444762A3A92B86D1EC /* ChromiumManager.swift in Sources */,
				245658557424759CE330EFBE /* CircleCloseButton.swift in Sources */,
				0FF5B0216A97543DD4D756D0 /* ClaudeCredentials.swift in Sources */,
				037D2872DF8413D0130D75ED /* ClaudeModels.swift in Sources */,
				E72564DF6F402A1A173DB83C /* ClaudeService.swift in Sources */,
				76847066BA8E645FA6A3BC43 /* ClipboardEntry.swift in Sources */,
				AF0FECDEC3D05EB7674B8032 /* ClipboardHistoryTool.swift in Sources */,
				923D6B0B81B97A889831E6A0 /* ClipboardHistoryView.swift in Sources */,
				697457228D8703520502ED74 /* ClipboardMonitor.swift in Sources */,
				572DE80AC303322687D75ECA /* ClipboardStore.swift in Sources */,
				8AE5DBB72CDEB070D4E36A91 /* CodexRequestBuilder.swift in Sources */,
				32B275529D0BA987D86AE22C /* CodexStreamParser.swift in Sources */,
				96CC8C751CC8136449F60AFD /* CreateReminderTool.swift in Sources */,
				B6FED770FDEFFC1489498292 /* CreateRoutineTool.swift in Sources */,
				D76D4156C9940F6F62414E68 /* DeleteScheduleTool.swift in Sources */,
				52CF359BAE0B1EFC36F51EAD /* DismissTool.swift in Sources */,
				376EC69C9A58AE951CE376BB /* DownloadHelper.swift in Sources */,
				ABC3D49722D310D0E1C9B36D /* DropdownPanelController.swift in Sources */,
				2627604DCD3085897C5DCC37 /* EditTool.swift in Sources */,
				A384D1DC1CCF9794EC18DEDB /* ErrorTextBlock.swift in Sources */,
				3F24B67DA8E4DD4B72D42D85 /* FindTool.swift in Sources */,
				C3F64B784A6B550CD850E7AD /* FloatingPanel+Lists.swift in Sources */,
				5BE0848E7002D0F7C8C2CD1C /* FloatingPanel+Presentation.swift in Sources */,
				D6786EB4F0050EB4260CE5D3 /* FloatingPanel+Response.swift in Sources */,
				102E5547DC89333323F6BF4A /* FloatingPanel.swift in Sources */,
				9CF5E4ED71B59BE6F98E374C /* GlassButton.swift in Sources */,
				437E5950A9AA42134EB96F24 /* GrepTool.swift in Sources */,
				12182B22A468CEB380D9DD06 /* ImageCache.swift in Sources */,
				BA98B157C39E3FF59BFE0173 /* ImagePreviewWindow.swift in Sources */,
				3061F393A1C6E3CE3662C4EC /* KeepAwakeTool.swift in Sources */,
				87AE096F0638084B44D5E1D4 /* KokoroManager.swift in Sources */,
				D5B010A58187A0F3604AA7D7 /* ListSchedulesTool.swift in Sources */,
				6B2D6CFB1EE0EB89B3EBBC71 /* LoginView.swift in Sources */,
				1D0AFF3286A763308B18E95B /* LoginWindowController.swift in Sources */,
				1EA2762F62BB1CD889992B47 /* LsTool.swift in Sources */,
				BF24F9B37871A2BD93C015E7 /* MarkdownRenderer.swift in Sources */,
				FAB5F04C57BAF3D56B5AC2D9 /* MascotState.swift in Sources */,
				FF09DA4583247F6121E8381B /* MascotView.swift in Sources */,
				BF87DE8D62789966D5FCC24A /* MenuBarIcon.swift in Sources */,
				18D7C5E291D282CE2731F04A /* MenuBarMood.swift in Sources */,
				F1A5B43255EFF60E0A27AF7D /* ModelRegistry.swift in Sources */,
				DE6054372760E743D6A65DBF /* NightShiftTool.swift in Sources */,
				1EC9D86E2C4AFE58F6FCB7A0 /* NotchNotificationPresenter.swift in Sources */,
				8205CC009D1EE20318FFAD61 /* NotificationDetailPanel.swift in Sources */,
				CD431FAF2C453F3065435140 /* OnboardingController.swift in Sources */,
				C1A1C838B92915D057BE8F9E /* OnboardingView.swift in Sources */,
				6DB31E4B57CF5BCC510EBCF1 /* OpenAIOAuth.swift in Sources */,
				238E7B6CEC00325FCACBCFA3 /* OpenAIStreamParser.swift in Sources */,
				91214EB52CCE986715158D93 /* PanelHelperViews.swift in Sources */,
				B8B0810C9A791D2D8CF5DC60 /* PanelTool.swift in Sources */,
				D03C2306AC9F70BD06FA208B /* PanelToolRegistry.swift in Sources */,
				633449D95087F62ACF27A404 /* PermissionsChecker.swift in Sources */,
				E362A3907A25302917D97524 /* PermissionsView.swift in Sources */,
				ED099CFB60C3BC0A2C311325 /* PermissionsWindowController.swift in Sources */,
				6D93E350459B4EB4790500B2 /* PromptPanelController.swift in Sources */,
				5E6EB4937046A79883B3E78A /* ProviderStore.swift in Sources */,
				1AA3BFE62FACA18EB16BEB70 /* ReadTool.swift in Sources */,
				C6FB77969233DF4C0A28D01A /* ResponseTextView.swift in Sources */,
				D935E707387E445DC564EDA7 /* RoutineListView.swift in Sources */,
				2DA63CB593692484249E32F2 /* ScheduleParser.swift in Sources */,
				3A2E05AD442269941C95312E /* ScheduleStore.swift in Sources */,
				5CAD8217511B51035DED58ED /* SessionListView.swift in Sources */,
				3206305CFF545E08414E9846 /* SessionStore.swift in Sources */,
				9BEDD6644E7F9FB13BC85538 /* SkeletonView.swift in Sources */,
				8B886DE43FD8008E7DD50CA9 /* Skill.swift in Sources */,
				892794BDA4FE2486234EBE93 /* SkillDetailView.swift in Sources */,
				49A81D10828845674603448F /* SkillListView.swift in Sources */,
				8BE84167850813C41CC77149 /* SkillStore.swift in Sources */,
				3BCF04DE334EC8698CE043C9 /* SkillTool.swift in Sources */,
				D3A03667EAFD2FCE35E0D937 /* SpeechService.swift in Sources */,
				CD783C6A6B12FE2E59F85805 /* StreamParser.swift in Sources */,
				54E795594E31777DBCBFAD0D /* SystemAudioMuter.swift in Sources */,
				7CA285BA3505472BE983560F /* TamaApp.swift in Sources */,
				88CE8835AAD9350269F21A43 /* TaskDetailView.swift in Sources */,
				99E89CC18A4D56BBB0BED927 /* TaskItem.swift in Sources */,
				C979EFDEF5D5EF9AC6DE67FD /* TaskListView.swift in Sources */,
				03B8041C30774A4B8E7EEEA6 /* TaskStore.swift in Sources */,
				1ADEE673AC767A09D70AB321 /* TaskTool.swift in Sources */,
				78FC6FCB2B81AC7606EE6F2C /* TogglePanelTool.swift in Sources */,
				C2AB48EA302D47AFA3713457 /* ToolIndicatorView.swift in Sources */,
				504092E774E94DCD60B9F1CF /* ToolListView.swift in Sources */,
				6F856E718A785EF0818F435C /* ToolRowView.swift in Sources */,
				45FDFCA1692CC99061DE32E5 /* VoiceService.swift in Sources */,
				318B863DA4DB04F31E0BEF37 /* VoiceSettingsController.swift in Sources */,
				9787F7E1C93997F9917ECB55 /* VoiceSettingsView.swift in Sources */,
				69B772715402BAEEB916770E /* WebFetchTool.swift in Sources */,
				3B7D9829F6B5657204F9FEE5 /* WebSearchTool.swift in Sources */,
				684CC7B81C26FC5A5E7B7535 /* WriteTool.swift in Sources */,
			);
			runOnlyForDeploymentPostprocessing = 0;
		};
		EAD5D0358199FA931208AA1F /* Sources */ = {
			isa = PBXSourcesBuildPhase;
			buildActionMask = 2147483647;
			files = (
				F2BFC3932201C5761288DF3E /* BashToolTests.swift in Sources */,
				763B856D0839770EA620A9C4 /* BrowserToolIntegrationTests.swift in Sources */,
				6C4070686154A477279FE3CB /* BrowserToolTests.swift in Sources */,
				2F5B9045910A7E93F2A23D0C /* ClaudeModelsTests.swift in Sources */,
				D47B81E0B34D67C77B7907E0 /* EditToolTests.swift in Sources */,
				08F74ECEFDD625E8342C987D /* FileSystemToolHelpersTests.swift in Sources */,
				E6504B8EE61A4E7E12CE260A /* FindToolTests.swift in Sources */,
				C2A07FA358181701C464B8BD /* GrepToolTests.swift in Sources */,
				6D93FC6CD507D2DC76786CC6 /* LsToolTests.swift in Sources */,
				24D31F05C14F3C2C078FB8C9 /* OAuthCredentialsTests.swift in Sources */,
				3EE5A99B64E41E167F187A58 /* ReadToolTests.swift in Sources */,
				D66DB553FEEEBDFD0720D538 /* StreamParserTests.swift in Sources */,
				E94DD951DE209C077B71C174 /* ToolRegistryTests.swift in Sources */,
				9360F048E73E6A1DB116056C /* WebFetchToolTests.swift in Sources */,
				8FB801B8BF7A57B830F4CBAE /* WriteToolTests.swift in Sources */,
			);
			runOnlyForDeploymentPostprocessing = 0;
		};
/* End PBXSourcesBuildPhase section */

/* Begin PBXTargetDependency section */
		121D0CB545BD232266A315DA /* PBXTargetDependency */ = {
			isa = PBXTargetDependency;
			target = 4578F825FF54994126FFD9B7 /* Tama */;
			targetProxy = A14317FEBFBEB554DFBFB739 /* PBXContainerItemProxy */;
		};
/* End PBXTargetDependency section */

/* Begin XCBuildConfiguration section */
		0AB65EBB003837578E48BC3A /* Debug */ = {
			isa = XCBuildConfiguration;
			buildSettings = {
				BUNDLE_LOADER = "$(TEST_HOST)";
				COMBINE_HIDPI_IMAGES = YES;
				GENERATE_INFOPLIST_FILE = YES;
				LD_RUNPATH_SEARCH_PATHS = (
					"$(inherited)",
					"@executable_path/../Frameworks",
					"@loader_path/../Frameworks",
				);
				PRODUCT_BUNDLE_IDENTIFIER = com.unstablemind.tama.tests;
				SDKROOT = macosx;
				TEST_HOST = "$(BUILT_PRODUCTS_DIR)/Tama.app/Contents/MacOS/Tama";
			};
			name = Debug;
		};
		0AC73A1BD99D52FEA9C8C0D3 /* Debug */ = {
			isa = XCBuildConfiguration;
			buildSettings = {
				ALWAYS_SEARCH_USER_PATHS = NO;
				CLANG_ANALYZER_NONNULL = YES;
				CLANG_ANALYZER_NUMBER_OBJECT_CONVERSION = YES_AGGRESSIVE;
				CLANG_CXX_LANGUAGE_STANDARD = "gnu++14";
				CLANG_CXX_LIBRARY = "libc++";
				CLANG_ENABLE_MODULES = YES;
				CLANG_ENABLE_OBJC_ARC = YES;
				CLANG_ENABLE_OBJC_WEAK = YES;
				CLANG_WARN_BLOCK_CAPTURE_AUTORELEASING = YES;
				CLANG_WARN_BOOL_CONVERSION = YES;
				CLANG_WARN_COMMA = YES;
				CLANG_WARN_CONSTANT_CONVERSION = YES;
				CLANG_WARN_DEPRECATED_OBJC_IMPLEMENTATIONS = YES;
				CLANG_WARN_DIRECT_OBJC_ISA_USAGE = YES_ERROR;
				CLANG_WARN_DOCUMENTATION_COMMENTS = YES;
				CLANG_WARN_EMPTY_BODY = YES;
				CLANG_WARN_ENUM_CONVERSION = YES;
				CLANG_WARN_INFINITE_RECURSION = YES;
				CLANG_WARN_INT_CONVERSION = YES;
				CLANG_WARN_NON_LITERAL_NULL_CONVERSION = YES;
				CLANG_WARN_OBJC_IMPLICIT_RETAIN_SELF = YES;
				CLANG_WARN_OBJC_LITERAL_CONVERSION = YES;
				CLANG_WARN_OBJC_ROOT_CLASS = YES_ERROR;
				CLANG_WARN_QUOTED_INCLUDE_IN_FRAMEWORK_HEADER = YES;
				CLANG_WARN_RANGE_LOOP_ANALYSIS = YES;
				CLANG_WARN_STRICT_PROTOTYPES = YES;
				CLANG_WARN_SUSPICIOUS_MOVE = YES;
				CLANG_WARN_UNGUARDED_AVAILABILITY = YES_AGGRESSIVE;
				CLANG_WARN_UNREACHABLE_CODE = YES;
				CLANG_WARN__DUPLICATE_METHOD_MATCH = YES;
				COPY_PHASE_STRIP = NO;
				DEBUG_INFORMATION_FORMAT = dwarf;
				ENABLE_STRICT_OBJC_MSGSEND = YES;
				ENABLE_TESTABILITY = YES;
				GCC_C_LANGUAGE_STANDARD = gnu11;
				GCC_DYNAMIC_NO_PIC = NO;
				GCC_NO_COMMON_BLOCKS = YES;
				GCC_OPTIMIZATION_LEVEL = 0;
				GCC_PREPROCESSOR_DEFINITIONS = (
					"$(inherited)",
					"DEBUG=1",
				);
				GCC_WARN_64_TO_32_BIT_CONVERSION = YES;
				GCC_WARN_ABOUT_RETURN_TYPE = YES_ERROR;
				GCC_WARN_UNDECLARED_SELECTOR = YES;
				GCC_WARN_UNINITIALIZED_AUTOS = YES_AGGRESSIVE;
				GCC_WARN_UNUSED_FUNCTION = YES;
				GCC_WARN_UNUSED_VARIABLE = YES;
				MACOSX_DEPLOYMENT_TARGET = 15.0;
				MTL_ENABLE_DEBUG_INFO = INCLUDE_SOURCE;
				MTL_FAST_MATH = YES;
				ONLY_ACTIVE_ARCH = YES;
				PRODUCT_NAME = "$(TARGET_NAME)";
				SDKROOT = macosx;
				SWIFT_ACTIVE_COMPILATION_CONDITIONS = DEBUG;
				SWIFT_OPTIMIZATION_LEVEL = "-Onone";
				SWIFT_VERSION = 6.0;
			};
			name = Debug;
		};
		0C96342E5BBE15454CE5C72D /* Release */ = {
			isa = XCBuildConfiguration;
			buildSettings = {
				ALWAYS_SEARCH_USER_PATHS = NO;
				CLANG_ANALYZER_NONNULL = YES;
				CLANG_ANALYZER_NUMBER_OBJECT_CONVERSION = YES_AGGRESSIVE;
				CLANG_CXX_LANGUAGE_STANDARD = "gnu++14";
				CLANG_CXX_LIBRARY = "libc++";
				CLANG_ENABLE_MODULES = YES;
				CLANG_ENABLE_OBJC_ARC = YES;
				CLANG_ENABLE_OBJC_WEAK = YES;
				CLANG_WARN_BLOCK_CAPTURE_AUTORELEASING = YES;
				CLANG_WARN_BOOL_CONVERSION = YES;
				CLANG_WARN_COMMA = YES;
				CLANG_WARN_CONSTANT_CONVERSION = YES;
				CLANG_WARN_DEPRECATED_OBJC_IMPLEMENTATIONS = YES;
				CLANG_WARN_DIRECT_OBJC_ISA_USAGE = YES_ERROR;
				CLANG_WARN_DOCUMENTATION_COMMENTS = YES;
				CLANG_WARN_EMPTY_BODY = YES;
				CLANG_WARN_ENUM_CONVERSION = YES;
				CLANG_WARN_INFINITE_RECURSION = YES;
				CLANG_WARN_INT_CONVERSION = YES;
				CLANG_WARN_NON_LITERAL_NULL_CONVERSION = YES;
				CLANG_WARN_OBJC_IMPLICIT_RETAIN_SELF = YES;
				CLANG_WARN_OBJC_LITERAL_CONVERSION = YES;
				CLANG_WARN_OBJC_ROOT_CLASS = YES_ERROR;
				CLANG_WARN_QUOTED_INCLUDE_IN_FRAMEWORK_HEADER = YES;
				CLANG_WARN_RANGE_LOOP_ANALYSIS = YES;
				CLANG_WARN_STRICT_PROTOTYPES = YES;
				CLANG_WARN_SUSPICIOUS_MOVE = YES;
				CLANG_WARN_UNGUARDED_AVAILABILITY = YES_AGGRESSIVE;
				CLANG_WARN_UNREACHABLE_CODE = YES;
				CLANG_WARN__DUPLICATE_METHOD_MATCH = YES;
				COPY_PHASE_STRIP = NO;
				DEBUG_INFORMATION_FORMAT = "dwarf-with-dsym";
				ENABLE_NS_ASSERTIONS = NO;
				ENABLE_STRICT_OBJC_MSGSEND = YES;
				GCC_C_LANGUAGE_STANDARD = gnu11;
				GCC_NO_COMMON_BLOCKS = YES;
				GCC_WARN_64_TO_32_BIT_CONVERSION = YES;
				GCC_WARN_ABOUT_RETURN_TYPE = YES_ERROR;
				GCC_WARN_UNDECLARED_SELECTOR = YES;
				GCC_WARN_UNINITIALIZED_AUTOS = YES_AGGRESSIVE;
				GCC_WARN_UNUSED_FUNCTION = YES;
				GCC_WARN_UNUSED_VARIABLE = YES;
				MACOSX_DEPLOYMENT_TARGET = 15.0;
				MTL_ENABLE_DEBUG_INFO = NO;
				MTL_FAST_MATH = YES;
				PRODUCT_NAME = "$(TARGET_NAME)";
				SDKROOT = macosx;
				SWIFT_COMPILATION_MODE = wholemodule;
				SWIFT_OPTIMIZATION_LEVEL = "-O";
				SWIFT_VERSION = 6.0;
			};
			name = Release;
		};
		1FE62344C5C8EC82B5B07E33 /* Release */ = {
			isa = XCBuildConfiguration;
			buildSettings = {
				BUNDLE_LOADER = "$(TEST_HOST)";
				COMBINE_HIDPI_IMAGES = YES;
				GENERATE_INFOPLIST_FILE = YES;
				LD_RUNPATH_SEARCH_PATHS = (
					"$(inherited)",
					"@executable_path/../Frameworks",
					"@loader_path/../Frameworks",
				);
				PRODUCT_BUNDLE_IDENTIFIER = com.unstablemind.tama.tests;
				SDKROOT = macosx;
				TEST_HOST = "$(BUILT_PRODUCTS_DIR)/Tama.app/Contents/MacOS/Tama";
			};
			name = Release;
		};
		8110F6D089BB9C192EB9731B /* Debug */ = {
			isa = XCBuildConfiguration;
			buildSettings = {
				ASSETCATALOG_COMPILER_APPICON_NAME = AppIcon;
				CODE_SIGN_ENTITLEMENTS = tama/Entitlements/Tama.entitlements;
				COMBINE_HIDPI_IMAGES = YES;
				GENERATE_INFOPLIST_FILE = YES;
				INFOPLIST_KEY_CFBundleDisplayName = Tama;
				INFOPLIST_KEY_LSApplicationCategoryType = "public.app-category.lifestyle";
				INFOPLIST_KEY_LSUIElement = YES;
				INFOPLIST_KEY_NSMicrophoneUsageDescription = "Tama needs microphone access for voice wake word detection and speech recognition.";
				INFOPLIST_KEY_NSSpeechRecognitionUsageDescription = "Tama uses speech recognition to transcribe your voice commands.";
				LD_RUNPATH_SEARCH_PATHS = (
					"$(inherited)",
					"@executable_path/../Frameworks",
				);
				PRODUCT_BUNDLE_IDENTIFIER = com.unstablemind.tama;
				SDKROOT = macosx;
			};
			name = Debug;
		};
		ACCB43E8EF5BC25422BD3DB8 /* Release */ = {
			isa = XCBuildConfiguration;
			buildSettings = {
				ASSETCATALOG_COMPILER_APPICON_NAME = AppIcon;
				CODE_SIGN_ENTITLEMENTS = tama/Entitlements/Tama.entitlements;
				COMBINE_HIDPI_IMAGES = YES;
				GENERATE_INFOPLIST_FILE = YES;
				INFOPLIST_KEY_CFBundleDisplayName = Tama;
				INFOPLIST_KEY_LSApplicationCategoryType = "public.app-category.lifestyle";
				INFOPLIST_KEY_LSUIElement = YES;
				INFOPLIST_KEY_NSMicrophoneUsageDescription = "Tama needs microphone access for voice wake word detection and speech recognition.";
				INFOPLIST_KEY_NSSpeechRecognitionUsageDescription = "Tama uses speech recognition to transcribe your voice commands.";
				LD_RUNPATH_SEARCH_PATHS = (
					"$(inherited)",
					"@executable_path/../Frameworks",
				);
				PRODUCT_BUNDLE_IDENTIFIER = com.unstablemind.tama;
				SDKROOT = macosx;
			};
			name = Release;
		};
/* End XCBuildConfiguration section */

/* Begin XCConfigurationList section */
		1DEAB0315A8B647605A97F75 /* Build configuration list for PBXNativeTarget "TamaTests" */ = {
			isa = XCConfigurationList;
			buildConfigurations = (
				0AB65EBB003837578E48BC3A /* Debug */,
				1FE62344C5C8EC82B5B07E33 /* Release */,
			);
			defaultConfigurationIsVisible = 0;
			defaultConfigurationName = Debug;
		};
		4EEC158A281D25F4144E5D4E /* Build configuration list for PBXNativeTarget "Tama" */ = {
			isa = XCConfigurationList;
			buildConfigurations = (
				8110F6D089BB9C192EB9731B /* Debug */,
				ACCB43E8EF5BC25422BD3DB8 /* Release */,
			);
			defaultConfigurationIsVisible = 0;
			defaultConfigurationName = Debug;
		};
		85C9E19578C9129547F977EB /* Build configuration list for PBXProject "Tama" */ = {
			isa = XCConfigurationList;
			buildConfigurations = (
				0AC73A1BD99D52FEA9C8C0D3 /* Debug */,
				0C96342E5BBE15454CE5C72D /* Release */,
			);
			defaultConfigurationIsVisible = 0;
			defaultConfigurationName = Debug;
		};
/* End XCConfigurationList section */

/* Begin XCRemoteSwiftPackageReference section */
		06FBB456068367A80EE9365D /* XCRemoteSwiftPackageReference "rive-ios" */ = {
			isa = XCRemoteSwiftPackageReference;
			repositoryURL = "https://github.com/rive-app/rive-ios";
			requirement = {
				kind = upToNextMajorVersion;
				minimumVersion = 6.18.0;
			};
		};
		0E0E88F5CF5BCD6A328E8CF6 /* XCRemoteSwiftPackageReference "kokoro-ios" */ = {
			isa = XCRemoteSwiftPackageReference;
			repositoryURL = "https://github.com/mlalma/kokoro-ios.git";
			requirement = {
				kind = upToNextMajorVersion;
				minimumVersion = 1.0.11;
			};
		};
		45730BF9399FB0FCB999D628 /* XCRemoteSwiftPackageReference "mlx-swift" */ = {
			isa = XCRemoteSwiftPackageReference;
			repositoryURL = "https://github.com/ml-explore/mlx-swift";
			requirement = {
				kind = exactVersion;
				version = 0.30.2;
			};
		};
		4A22C03508BD95D0FCF31BAC /* XCRemoteSwiftPackageReference "MLXUtilsLibrary" */ = {
			isa = XCRemoteSwiftPackageReference;
			repositoryURL = "https://github.com/mlalma/MLXUtilsLibrary.git";
			requirement = {
				kind = exactVersion;
				version = 0.0.6;
			};
		};
		F92BCDD7D04A0579ECC7BD9F /* XCRemoteSwiftPackageReference "Highlightr" */ = {
			isa = XCRemoteSwiftPackageReference;
			repositoryURL = "https://github.com/raspu/Highlightr";
			requirement = {
				kind = upToNextMajorVersion;
				minimumVersion = 2.2.1;
			};
		};
/* End XCRemoteSwiftPackageReference section */

/* Begin XCSwiftPackageProductDependency section */
		18B18D766A71CB221B42452C /* MLXUtilsLibrary */ = {
			isa = XCSwiftPackageProductDependency;
			package = 4A22C03508BD95D0FCF31BAC /* XCRemoteSwiftPackageReference "MLXUtilsLibrary" */;
			productName = MLXUtilsLibrary;
		};
		1973EFBFCAF1952DD3D7CF0C /* KokoroSwift */ = {
			isa = XCSwiftPackageProductDependency;
			package = 0E0E88F5CF5BCD6A328E8CF6 /* XCRemoteSwiftPackageReference "kokoro-ios" */;
			productName = KokoroSwift;
		};
		82DB90922D92F997202FB4BB /* Highlightr */ = {
			isa = XCSwiftPackageProductDependency;
			package = F92BCDD7D04A0579ECC7BD9F /* XCRemoteSwiftPackageReference "Highlightr" */;
			productName = Highlightr;
		};
		ACB162E77BE0D0DC6451A50A /* RiveRuntime */ = {
			isa = XCSwiftPackageProductDependency;
			package = 06FBB456068367A80EE9365D /* XCRemoteSwiftPackageReference "rive-ios" */;
			productName = RiveRuntime;
		};
		B84F973FD25B584C0BEB60D6 /* MLX */ = {
			isa = XCSwiftPackageProductDependency;
			package = 45730BF9399FB0FCB999D628 /* XCRemoteSwiftPackageReference "mlx-swift" */;
			productName = MLX;
		};
/* End XCSwiftPackageProductDependency section */
	};
	rootObject = 6D92D2F3FE3F87ADF432B464 /* Project object */;
}
